GEM
  remote: https://rubygems.org/
  specs:
    CFPropertyList (3.0.8)
    abbrev (0.1.2)
    addressable (2.9.0)
      public_suffix (>= 2.0.2, < 8.0)
    artifactory (3.0.17)
    atomos (0.1.3)
    aws-eventstream (1.4.0)
    aws-partitions (1.1293.0)
    aws-sdk-core (3.257.0)
      aws-eventstream (~> 1, >= 1.3.0)
      aws-partitions (~> 1, >= 1.992.0)
      aws-sigv4 (~> 1.9)
      base64
      bigdecimal
      jmespath (~> 1, >= 1.6.1)
      logger
      rexml (~> 3.4, >= 3.4.2)
    aws-sdk-kms (1.132.0)
      aws-sdk-core (~> 3, >= 3.256.0)
      aws-sigv4 (~> 1.5)
    aws-sdk-s3 (1.233.2)
      aws-sdk-core (~> 3, >= 3.256.0)
      aws-sdk-kms (~> 1)
      aws-sigv4 (~> 1.5)
    aws-sigv4 (1.12.1)
      aws-eventstream (~> 1, >= 1.0.2)
    babosa (1.0.4)
    base64 (0.3.0)
    benchmark (0.5.0)
    bigdecimal (4.1.3)
    cgi (0.5.2)
    claide (1.1.0)
    colored (1.2)
    colored2 (3.1.2)
    commander (4.6.0)
      highline (~> 2.0.0)
    csv (3.3.6)
    declarative (0.0.20)
    digest-crc (0.7.0)
      rake (>= 12.0.0, < 14.0.0)
    domain_name (0.6.20260921)
    dotenv (2.8.1)
    emoji_regex (3.2.3)
    erb (6.0.7)
    excon (1.7.2)
      logger
    faraday (2.14.4)
      faraday-net_http (>= 2.0, < 3.5)
      json
      logger
    faraday-cookie_jar (0.0.8)
      faraday (>= 0.8.0)
      http-cookie (>= 1.0.0)
    faraday-follow_redirects (0.5.0)
      faraday (>= 1, < 3)
    faraday-multipart (1.2.0)
      multipart-post (~> 2.0)
    faraday-net_http (3.4.4)
      net-http (~> 0.5)
    faraday-retry (2.4.0)
      faraday (~> 2.0)
    fastimage (2.4.1)
    fastlane (2.240.1)
      CFPropertyList (>= 2.3, < 5.0.0)
      abbrev (~> 0.1)
      addressable (>= 2.9.0, < 3.0.0)
      artifactory (~> 3.0)
      aws-sdk-s3 (~> 1.197)
      babosa (>= 1.0.3, < 2.0.0)
      base64 (~> 0.2)
      benchmark (>= 0.1.0)
      bundler (>= 2.4.0, < 5.0.0)
      cgi (~> 0.4)
      colored (~> 1.2)
      commander (~> 4.6)
      csv (~> 3.3)
      dotenv (>= 2.1.1, < 3.0.0)
      emoji_regex (>= 0.1, < 4.0)
      excon (>= 0.71.0, < 2.0.0)
      faraday (~> 2.7)
      faraday-cookie_jar (~> 0.0.8)
      faraday-follow_redirects (~> 0.3)
      faraday-multipart (~> 1.0)
      faraday-retry (~> 2.0)
      fastimage (>= 2.1.0, < 3.0.0)
      fastlane-sirp (>= 1.1.0)
      gh_inspector (>= 1.1.2, < 2.0.0)
      google-apis-androidpublisher_v3 (~> 0.99)
      google-apis-playcustomapp_v1 (~> 0.1)
      google-cloud-env (>= 1.6.0, < 2.4.0)
      google-cloud-storage (~> 1.31)
      highline (~> 2.0)
      irb (>= 1.8)
      json (< 3.0.0)
      jwt (>= 2.10.3, < 4)
      logger (>= 1.6, < 2.0)
      mini_magick (>= 4.9.4, < 5.0.0)
      multi_json (~> 1.12)
      multipart-post (>= 2.0.0, < 3.0.0)
      mutex_m (~> 0.3)
      naturally (~> 2.2)
      nkf (~> 0.2)
      optparse (>= 0.1.1, < 1.0.0)
      ostruct (>= 0.1.0)
      plist (>= 3.1.0, < 4.0.0)
      rubyzip (>= 3.4.0, < 4.0.0)
      security (~> 0.3)
      simctl (~> 1.6.3)
      terminal-notifier (>= 2.0.0, < 3.0.0)
      terminal-table (~> 4)
      tty-screen (>= 0.6.3, < 1.0.0)
      tty-spinner (>= 0.8.0, < 1.0.0)
      word_wrap (~> 1.0.0)
      xcodeproj (>= 1.13.0, < 2.0.0)
      xcpretty (~> 0.4.1)
      xcpretty-travis-formatter (>= 0.0.3, < 2.0.0)
    fastlane-sirp (1.1.0)
    gh_inspector (1.1.3)
    google-apis-androidpublisher_v3 (0.109.0)
      google-apis-core (>= 0.15.0, < 2.a)
    google-apis-core (1.3.0)
      addressable (~> 2.9)
      faraday (~> 2.13)
      faraday-follow_redirects (~> 0.3)
      googleauth (~> 1.14)
      mini_mime (~> 1.1)
      multi_json (~> 1.11)
      representable (~> 3.0)
      retriable (>= 3.1, < 5.0)
    google-apis-iamcredentials_v1 (0.28.0)
      google-apis-core (>= 0.15.0, < 2.a)
    google-apis-playcustomapp_v1 (0.18.0)
      google-apis-core (>= 0.15.0, < 2.a)
    google-apis-storage_v1 (0.68.0)
      google-apis-core (>= 0.15.0, < 2.a)
    google-cloud-core (1.9.0)
      google-cloud-env (>= 1.0, < 3.a)
      google-cloud-errors (~> 1.0)
    google-cloud-env (2.3.1)
      base64 (~> 0.2)
      faraday (>= 1.0, < 3.a)
    google-cloud-errors (1.7.0)
    google-cloud-storage (1.62.1)
      addressable (~> 2.8)
      digest-crc (~> 0.4)
      google-apis-core (>= 0.18, < 2)
      google-apis-iamcredentials_v1 (~> 0.18)
      google-apis-storage_v1 (>= 0.42)
      google-cloud-core (~> 1.6)
      googleauth (~> 1.9)
      mini_mime (~> 1.0)
    google-logging-utils (0.2.0)
    googleauth (1.17.4)
      faraday (>= 1.0, < 3.a)
      google-cloud-env (~> 2.2)
      google-logging-utils (~> 0.1)
      jwt (>= 1.4, < 4.0)
      os (>= 0.9, < 2.0)
      pstore (~> 0.1)
      signet (>= 0.16, < 2.a)
    highline (2.0.3)
    http-cookie (1.1.6)
      domain_name (~> 0.5)
    io-console (0.9.4)
    irb (1.18.0)
      pp (>= 0.6.0)
      prism (>= 1.3.0)
      rdoc (>= 4.0.0)
      reline (>= 0.4.2)
    jmespath (1.6.2)
    json (2.21.2)
    jwt (3.3.0)
      base64
    logger (1.7.0)
    mini_magick (4.13.2)
    mini_mime (1.1.5)
    multi_json (1.21.2)
    multipart-post (2.4.1)
    mutex_m (0.3.0)
    nanaimo (0.4.0)
    naturally (2.3.0)
    net-http (0.10.0)
      net-protocol (>= 0.3.0)
      uri (>= 0.11.1)
    net-protocol (0.4.0)
      timeout
    nkf (0.3.0)
    optparse (0.8.1)
    os (1.1.4)
    ostruct (0.6.3)
    plist (3.7.2)
    pp (0.6.4)
      prettyprint
    prettyprint (0.2.1)
    prism (1.9.0)
    pstore (0.2.1)
    public_suffix (7.0.5)
    rake (13.4.2)
    rbs (4.2.0)
      logger
      prism (>= 1.6.0)
      tsort
    rdoc (8.1.0)
      erb
      prism (>= 1.6.0)
      rbs (>= 4.0.0)
      tsort
    reline (0.7.0)
      io-console (~> 0.5)
    representable (3.3.1)
      declarative (< 0.1.0)
      trailblazer-option (>= 0.1.1, < 0.2.0)
      uber (< 0.2.0)
    retriable (4.2.0)
    rexml (3.4.4)
    rouge (3.28.0)
    rubyzip (3.7.0)
    security (0.3.0)
    signet (0.22.0)
      addressable (~> 2.8)
      faraday (>= 0.17.5, < 3.a)
      jwt (>= 1.5, < 4.0)
    simctl (1.6.10)
      CFPropertyList
      naturally
    terminal-notifier (2.0.0)
    terminal-table (4.0.0)
      unicode-display_width (>= 1.1.1, < 4)
    timeout (0.6.1)
    trailblazer-option (0.1.2)
    tsort (0.2.0)
    tty-cursor (0.7.1)
    tty-screen (0.8.2)
    tty-spinner (0.9.3)
      tty-cursor (~> 0.7)
    uber (0.1.0)
    unicode-display_width (3.3.0)
      unicode-emoji (~> 4.3)
    unicode-emoji (4.3.0)
    uri (1.1.2)
    word_wrap (1.0.0)
    xcodeproj (1.28.1)
      CFPropertyList (>= 2.3.3, < 4.0)
      atomos (~> 0.1.3)
      base64
      claide (>= 1.0.2, < 2.0)
      colored2 (~> 3.1)
      nanaimo (~> 0.4.0)
      nkf
      rexml (>= 3.3.6, < 4.0)
    xcpretty (0.4.1)
      rouge (~> 3.28.0)
    xcpretty-travis-formatter (1.0.1)
      xcpretty (~> 0.2, >= 0.0.7)

PLATFORMS
  arm64-darwin-25
  ruby

DEPENDENCIES
  fastlane

CHECKSUMS
  CFPropertyList (3.0.8) sha256=2c99d0d980536d3d7ab252f7bd59ac8be50fbdd1ff487c98c949bb66bb114261
  abbrev (0.1.2) sha256=ad1b4eaaaed4cb722d5684d63949e4bde1d34f2a95e20db93aecfe7cbac74242
  addressable (2.9.0) sha256=7fdf6ac3660f7f4e867a0838be3f6cf722ace541dd97767fa42bc6cfa980c7af
  artifactory (3.0.17) sha256=3023d5c964c31674090d655a516f38ca75665c15084140c08b7f2841131af263
  atomos (0.1.3) sha256=7d43b22f2454a36bace5532d30785b06de3711399cb1c6bf932573eda536789f
  aws-eventstream (1.4.0) sha256=116bf85c436200d1060811e6f5d2d40c88f65448f2125bc77ffce5121e6e183b
  aws-partitions (1.1293.0) sha256=d53c028087a7c75b435afb35b310a315a64268e6fb5ecd5d44d8e4f210ce725c
  aws-sdk-core (3.257.0) sha256=a92ad19c7ff668cec6688ee3200ee562da80647a3bbeed9fda02e8b0ca6492c6
  aws-sdk-kms (1.132.0) sha256=094b0097bb3be9d5c1ac87e971ca7f5aebb746801dfb5f0f576480bf98dca69c
  aws-sdk-s3 (1.233.2) sha256=b138737a0de8b02f163ae47a9fc184ac98fc9b90926237c7d7af716a14ea1221
  aws-sigv4 (1.12.1) sha256=6973ff95cb0fd0dc58ba26e90e9510a2219525d07620c8babeb70ef831826c00
  babosa (1.0.4) sha256=18dea450f595462ed7cb80595abd76b2e535db8c91b350f6c4b3d73986c5bc99
  base64 (0.3.0) sha256=27337aeabad6ffae05c265c450490628ef3ebd4b67be58257393227588f5a97b
  benchmark (0.5.0) sha256=465df122341aedcb81a2a24b4d3bd19b6c67c1530713fd533f3ff034e419236c
  bigdecimal (4.1.3) sha256=61ebe1e5e559bdc3cc6f2c0ee7f427321fc838f59611c294356eb04d6e21cf66
  bundler (4.0.22) sha256=d8d5ec84c8555e0af71db63ed7aee4d1a8fb839ec46d84212d61979242a5d75a
  cgi (0.5.2) sha256=61ca30298171190fd4fa0d8018e57ada456eae9b7a2b78526debf7f0a0e6f8bb
  claide (1.1.0) sha256=6d3c5c089dde904d96aa30e73306d0d4bd444b1accb9b3125ce14a3c0183f82e
  colored (1.2) sha256=9d82b47ac589ce7f6cab64b1f194a2009e9fd00c326a5357321f44afab2c1d2c
  colored2 (3.1.2) sha256=b13c2bd7eeae2cf7356a62501d398e72fde78780bd26aec6a979578293c28b4a
  commander (4.6.0) sha256=7d1ddc3fccae60cc906b4131b916107e2ef0108858f485fdda30610c0f2913d9
  csv (3.3.6) sha256=aba61e7e507a66f03d45cb1f3c4b6359861c3504038b422962875dce099e4456
  declarative (0.0.20) sha256=8021dd6cb17ab2b61233c56903d3f5a259c5cf43c80ff332d447d395b17d9ff9
  digest-crc (0.7.0) sha256=64adc23a26a241044cbe6732477ca1b3c281d79e2240bcff275a37a5a0d78c07
  domain_name (0.6.20260921) sha256=b335949f69fae603fed0ae88c4e09a51e9d8e3ceef4c73a6cfde44eb5c8dee6d
  dotenv (2.8.1) sha256=c5944793349ae03c432e1780a2ca929d60b88c7d14d52d630db0508c3a8a17d8
  emoji_regex (3.2.3) sha256=ecd8be856b7691406c6bf3bb3a5e55d6ed683ffab98b4aa531bb90e1ddcc564b
  erb (6.0.7) sha256=c5ca6dc25b0ef974a44dc8f59fe847577122483b1968a38dec305c60bf91ee92
  excon (1.7.2) sha256=2557b17420f134f00de79cc52abd325d5767291e23af7ddd03ee07952189a569
  faraday (2.14.4) sha256=9bb4408c44621b0dbaaaa39e5dbfc4dbe58cc6751b6eb94d16ae9e1f2f2fab6e
  faraday-cookie_jar (0.0.8) sha256=0140605823f8cc63c7028fccee486aaed8e54835c360cffc1f7c8c07c4299dbb
  faraday-follow_redirects (0.5.0) sha256=5cde93c894b30943a5d2b93c2fe9284216a6b756f7af406a1e55f211d97d10ad
  faraday-multipart (1.2.0) sha256=7d89a949693714176f612323ca13746a2ded204031a6ba528adee788694ef757
  faraday-net_http (3.4.4) sha256=0e78af151747ed1b00f33e25973b4bc220d7f16c00c39676817c8b12331eb588
  faraday-retry (2.4.0) sha256=7b79c48fb7e56526faf247b12d94a680071ff40c9fda7cf1ec1549439ad11ebe
  fastimage (2.4.1) sha256=c64bebd46b6fd8943ab70c1e6e85ff728f970f2e48f92ecd249b6bc3a540ad20
  fastlane (2.240.1) sha256=cf792bc99ec6af6574ea416cda6530f519c8b4b3a46b1a3b52488ebf1696aa5c
  fastlane-sirp (1.1.0) sha256=10bc94f9682efd8e1badfb31452a76dd8981f1f3a33717c765fde6d75b54d847
  gh_inspector (1.1.3) sha256=04cca7171b87164e053aa43147971d3b7f500fcb58177698886b48a9fc4a1939
  google-apis-androidpublisher_v3 (0.109.0) sha256=b4fdbb8af4a0d235e86bd173bd51eccd10effdc5de067ab10c1c0d22048a2a56
  google-apis-core (1.3.0) sha256=94543a5a1d0a0de98c165ac6ae68d2c1f131ad3734123994136b74c6484664f0
  google-apis-iamcredentials_v1 (0.28.0) sha256=0a92ffe6cc39c569554af2a77a25dfc61519ed8bbb64ab04cffdd352dc5ef106
  google-apis-playcustomapp_v1 (0.18.0) sha256=44b277b9dee4a59ac5e9d98be1485edc5e382d2f9d73c79ae8908a455786a254
  google-apis-storage_v1 (0.68.0) sha256=43387d0466b4fc569fca05fdef5098ecf135ce173626b5c5f45bfe5e8db959fc
  google-cloud-core (1.9.0) sha256=ab55409f51488e8deefb6edcc1ce4771dfb5da2fe7b3bc075709a030c2b682a4
  google-cloud-env (2.3.1) sha256=0faac01eb27be78c2591d64433663b1a114f8f7af55a4f819755426cac9178e7
  google-cloud-errors (1.7.0) sha256=6e682f42d89aae08689f36f28495de629d756da076bafff0003bac7f8042ebb3
  google-cloud-storage (1.62.1) sha256=10dbf2ebda3af1b4b841335364cb889827c6cb17bf6c9f8bc5313b6bef7a4d3c
  google-logging-utils (0.2.0) sha256=675462b4ea5affa825a3442694ca2d75d0069455a1d0956127207498fca3df7b
  googleauth (1.17.4) sha256=acc2cac2a6011048f149c922cbc6c9675719e165aa5000c7fa3876c480fe9ae3
  highline (2.0.3) sha256=2ddd5c127d4692721486f91737307236fe005352d12a4202e26c48614f719479
  http-cookie (1.1.6) sha256=ba4b82be64de61dc281243dac70e3c382c45142f20268ed9276a3670c93feaa9
  io-console (0.9.4) sha256=a403304f32928ee85e56d457b4612ca43f2703b561a3258844992bd24085fbb1
  irb (1.18.0) sha256=de9454a0703a54704b9811a5ef31a60c86949fbf4013fcf244fabc7c775248e3
  jmespath (1.6.2) sha256=238d774a58723d6c090494c8879b5e9918c19485f7e840f2c1c7532cf84ebcb1
  json (2.21.2) sha256=1f1d3b7cf2b3ba1a69beca0bb6db13d5438b80bff3cd54cdaaa620b9b07c1c6a
  jwt (3.3.0) sha256=44cc34fbc341c148233cf66641522b4bce0dfb1ce55e8073f05c56f44f4ee546
  logger (1.7.0) sha256=196edec7cc44b66cfb40f9755ce11b392f21f7967696af15d274dde7edff0203
  mini_magick (4.13.2) sha256=71d6258e0e8a3d04a9a0a09784d5d857b403a198a51dd4f882510435eb95ddd9
  mini_mime (1.1.5) sha256=8681b7e2e4215f2a159f9400b5816d85e9d8c6c6b491e96a12797e798f8bccef
  multi_json (1.21.2) sha256=245531eaf54bdba57aba515ff08b4503505c5e09911daa89c5a561e2f85bea8e
  multipart-post (2.4.1) sha256=9872d03a8e552020ca096adadbf5e3cb1cd1cdd6acd3c161136b8a5737cdb4a8
  mutex_m (0.3.0) sha256=cfcb04ac16b69c4813777022fdceda24e9f798e48092a2b817eb4c0a782b0751
  nanaimo (0.4.0) sha256=faf069551bab17f15169c1f74a1c73c220657e71b6e900919897a10d991d0723
  naturally (2.3.0) sha256=459923cf76c2e6613048301742363200c3c7e4904c324097d54a67401e179e01
  net-http (0.10.0) sha256=1a2ff6e37a05724973c43f2bf7bf105f59c36a4cd0a7e9b1c021a0a566987c27
  net-protocol (0.4.0) sha256=f9f90c8c6f64794a45160bf422177a336db12809de3beeeaa26b88fcd2e8c853
  nkf (0.3.0) sha256=357a8dbeba38b727b75930f665146546076a394a1c243faf634ff176e3588895
  optparse (0.8.1) sha256=42bea10d53907ccff4f080a69991441d611fbf8733b60ed1ce9ee365ce03bd1a
  os (1.1.4) sha256=57816d6a334e7bd6aed048f4b0308226c5fb027433b67d90a9ab435f35108d3f
  ostruct (0.6.3) sha256=95a2ed4a4bd1d190784e666b47b2d3f078e4a9efda2fccf18f84ddc6538ed912
  plist (3.7.2) sha256=d37a4527cc1116064393df4b40e1dbbc94c65fa9ca2eec52edf9a13616718a42
  pp (0.6.4) sha256=dfcb0fce700c41456265922884f9fe195d7fbb0674a3578e6c0f69588e82b570
  prettyprint (0.2.1) sha256=d555d57ea6d7cf001d4774b693546a6bd88bec1e778ddffb5c60b68ceec4b7d4
  prism (1.9.0) sha256=7b530c6a9f92c24300014919c9dcbc055bf4cdf51ec30aed099b06cd6674ef85
  pstore (0.2.1) sha256=03904d0f2c66579e96d1e6704cdabc0c88df7ea8ed8782d9f3569f6f6c702c1a
  public_suffix (7.0.5) sha256=1a8bb08f1bbea19228d3bed6e5ed908d1cb4f7c2726d18bd9cadf60bc676f623
  rake (13.4.2) sha256=cb825b2bd5f1f8e91ca37bddb4b9aaf345551b4731da62949be002fa89283701
  rbs (4.2.0) sha256=51f7b886dcc05bc09e10b901daa6a81829f6adc03101d6ca9ea4aac6103e0674
  rdoc (8.1.0) sha256=befc37880a5cfd36dcb176c748b5fd5ee39dd3536a75e81824e4972ce230f60a
  reline (0.7.0) sha256=5b012d8e55dbf9d450f12bde2cf7d15ff546ae80b3f8f3b30e570d431815583d
  representable (3.3.1) sha256=8a5fc8eef99f598147eee0390f606386268b429a840419fcfd3f7a8ccc40f566
  retriable (4.2.0) sha256=90c3b257472a1c02f2a3dfa64dd35a420f7a624cef1a5981e20fdac5730f8cdc
  rexml (3.4.4) sha256=19e0a2c3425dfbf2d4fc1189747bdb2f849b6c5e74180401b15734bc97b5d142
  rouge (3.28.0) sha256=0d6de482c7624000d92697772ab14e48dca35629f8ddf3f4b21c99183fd70e20
  rubyzip (3.7.0) sha256=65c19294da75297a939006f3516deacc33185fbd721ff1954f7a231db6d3e121
  security (0.3.0) sha256=bc9d06718258a96c8552ce4044bfe69144491b10d3403d74c4753a03a720ecf0
  signet (0.22.0) sha256=b76d495ccb07ad35dbc89f3e920665a9d8ed717141955034005d7843dcfe4780
  simctl (1.6.10) sha256=b99077f4d13ad81eace9f86bf5ba4df1b0b893a4d1b368bd3ed59b5b27f9236b
  terminal-notifier (2.0.0) sha256=7a0d2b2212ab9835c07f4b2e22a94cff64149dba1eed203c04835f7991078cea
  terminal-table (4.0.0) sha256=f504793203f8251b2ea7c7068333053f0beeea26093ec9962e62ea79f94301d2
  timeout (0.6.1) sha256=78f57368a7e7bbadec56971f78a3f5ecbcfb59b7fcbb0a3ed6ddc08a5094accb
  trailblazer-option (0.1.2) sha256=20e4f12ea4e1f718c8007e7944ca21a329eee4eed9e0fa5dde6e8ad8ac4344a3
  tsort (0.2.0) sha256=9650a793f6859a43b6641671278f79cfead60ac714148aabe4e3f0060480089f
  tty-cursor (0.7.1) sha256=79534185e6a777888d88628b14b6a1fdf5154a603f285f80b1753e1908e0bf48
  tty-screen (0.8.2) sha256=c090652115beae764336c28802d633f204fb84da93c6a968aa5d8e319e819b50
  tty-spinner (0.9.3) sha256=0e036f047b4ffb61f2aa45f5a770ec00b4d04130531558a94bfc5b192b570542
  uber (0.1.0) sha256=5beeb407ff807b5db994f82fa9ee07cfceaa561dad8af20be880bc67eba935dc
  unicode-display_width (3.3.0) sha256=4b7aa66a4b11db50f6f7e98411215cd0dd10eaecb665d36eec5bcacb3fa0b613
  unicode-emoji (4.3.0) sha256=11c02fa73290378c066bb0562cd4c87d8e1b706fbbe0059ca12746a4244de8ce
  uri (1.1.2) sha256=89292e98eabbef6248b0a0ed5e7e398e152f83f17560023a6d94a7f492b169fb
  word_wrap (1.0.0) sha256=f556d4224c812e371000f12a6ee8102e0daa724a314c3f246afaad76d82accc7
  xcodeproj (1.28.1) sha256=6f12670f00739d9817ca27ac89d6ef01cc86050e22a0bc08a3131487e5b5cddc
  xcpretty (0.4.1) sha256=b14c50e721f6589ee3d6f5353e2c2cfcd8541fa1ea16d6c602807dd7327f3892
  xcpretty-travis-formatter (1.0.1) sha256=aacc332f17cb7b2cba222994e2adc74223db88724fe76341483ad3098e232f93

BUNDLED WITH
  4.0.22
