PODS:
  - AEXML (4.6.0)
  - BartyCrouch (3.13.0)
  - KeyHolder (4.0.0):
    - Magnet (~> 3.2)
  - LetsMove (1.25)
  - LoginServiceKit (2.2.0)
  - Magnet (3.2.0):
    - Sauce (~> 2.1)
  - Nimble (9.0.0)
  - PINCache (3.0.3):
    - PINCache/Arc-exception-safe (= 3.0.3)
    - PINCache/Core (= 3.0.3)
  - PINCache/Arc-exception-safe (3.0.3):
    - PINCache/Core
  - PINCache/Core (3.0.3):
    - PINOperation (~> 1.2.1)
  - PINOperation (1.2.1)
  - Quick (3.0.0)
  - Realm (10.7.2):
    - Realm/Headers (= 10.7.2)
  - Realm/Headers (10.7.2)
  - RealmSwift (10.7.2):
    - Realm (= 10.7.2)
  - RxCocoa (5.1.1):
    - RxRelay (~> 5)
    - RxSwift (~> 5)
  - RxRelay (5.1.1):
    - RxSwift (~> 5)
  - RxScreeen (2.0.0):
    - RxCocoa (~> 5.0)
    - RxSwift (~> 5.0)
    - Screeen (~> 2.0.1)
  - RxSwift (5.1.1)
  - Sauce (2.1.0)
  - Screeen (2.0.1)
  - Sparkle (1.26.0)
  - SwiftGen (6.4.0)
  - SwiftHEXColors (1.4.1)
  - SwiftLint (0.40.3)

DEPENDENCIES:
  - AEXML
  - BartyCrouch
  - KeyHolder
  - LetsMove
  - LoginServiceKit (from `https://github.com/Clipy/LoginServiceKit.git`)
  - Magnet
  - Nimble
  - PINCache
  - Quick
  - RealmSwift
  - RxCocoa
  - RxScreeen
  - RxSwift
  - Sauce
  - Sparkle
  - SwiftGen
  - SwiftHEXColors
  - SwiftLint

SPEC REPOS:
  trunk:
    - AEXML
    - BartyCrouch
    - KeyHolder
    - LetsMove
    - Magnet
    - Nimble
    - PINCache
    - PINOperation
    - Quick
    - Realm
    - RealmSwift
    - RxCocoa
    - RxRelay
    - RxScreeen
    - RxSwift
    - Sauce
    - Screeen
    - Sparkle
    - SwiftGen
    - SwiftHEXColors
    - SwiftLint

EXTERNAL SOURCES:
  LoginServiceKit:
    :git: https://github.com/Clipy/LoginServiceKit.git

CHECKOUT OPTIONS:
  LoginServiceKit:
    :commit: cf58b91b0ac247bd8bf5dccb5434ca60a930c1e1
    :git: https://github.com/Clipy/LoginServiceKit.git

SPEC CHECKSUMS:
  AEXML: 2fbb73d8724797ed2cde888731e176fa4d44dd83
  BartyCrouch: 69e5e6ec67e77951dc1c22aa48abbf05d175b81c
  KeyHolder: 457d8dde330a17452672756ae0e3b9c2e180a7e2
  LetsMove: 7b9fe44737707d984fbd3f47af46609a9a07b461
  LoginServiceKit: 3c86ce2f2bcd1e373326839d6d863d8a6a5915b4
  Magnet: 8316a30fe91fdc6f2816ec0f04e20c72e341ca2e
  Nimble: 3b4ec3fd40f1dc178058e0981107721c615643d8
  PINCache: 7a8fc1a691173d21dbddbf86cd515de6efa55086
  PINOperation: 00c935935f1e8cf0d1e2d6b542e75b88fc3e5e20
  Quick: 6d9559f40647bc4d510103842ef2fdd882d753e2
  Realm: e523da9ade306c5ae87e85dc09fdef148d3e1cc1
  RealmSwift: 4f6758c3adbdcc87f7b7777107226532a077f61c
  RxCocoa: 32065309a38d29b5b0db858819b5bf9ef038b601
  RxRelay: d77f7d771495f43c556cbc43eebd1bb54d01e8e9
  RxScreeen: e0806b8a4b747cde7100be4e09b6e133a6017cfd
  RxSwift: 81470a2074fa8780320ea5fe4102807cb7118178
  Sauce: a4075a04b6041e7a0c992a952cc79f7a0ebdb8e3
  Screeen: e5c570d3df139b8d5d0e1ffd41094204787d9f1a
  Sparkle: d56d028f4b0c123577825f5d1004f6140d77f90e
  SwiftGen: 67860cc7c3cfc2ed25b9b74cfd55495fc89f9108
  SwiftHEXColors: 1cb6e5d55c52749aa33db8f088ac55eb71ca4c7f
  SwiftLint: dfd554ff0dff17288ee574814ccdd5cea85d76f7

PODFILE CHECKSUM: 57ecd94a3cf36d020cb8926562e41104c4fea206

COCOAPODS: 1.10.0
