PODS:
  - BartyCrouch (3.13.0)
  - LetsMove (1.25)
  - Realm (10.7.2):
    - Realm/Headers (= 10.7.2)
  - Realm/Headers (10.7.2)
  - RealmSwift (10.7.2):
    - Realm (= 10.7.2)
  - Sparkle (1.26.0)
  - SwiftGen (6.4.0)
  - SwiftHEXColors (1.4.1)

DEPENDENCIES:
  - BartyCrouch
  - LetsMove
  - RealmSwift
  - Sparkle
  - SwiftGen
  - SwiftHEXColors

SPEC REPOS:
  trunk:
    - BartyCrouch
    - LetsMove
    - Realm
    - RealmSwift
    - Sparkle
    - SwiftGen
    - SwiftHEXColors

SPEC CHECKSUMS:
  BartyCrouch: 69e5e6ec67e77951dc1c22aa48abbf05d175b81c
  LetsMove: 7b9fe44737707d984fbd3f47af46609a9a07b461
  Realm: e523da9ade306c5ae87e85dc09fdef148d3e1cc1
  RealmSwift: 4f6758c3adbdcc87f7b7777107226532a077f61c
  Sparkle: d56d028f4b0c123577825f5d1004f6140d77f90e
  SwiftGen: 67860cc7c3cfc2ed25b9b74cfd55495fc89f9108
  SwiftHEXColors: 1cb6e5d55c52749aa33db8f088ac55eb71ca4c7f

PODFILE CHECKSUM: 6e033fd8a75827205f0799fcf9480da6a311d293

COCOAPODS: 1.16.2
