PODS:
  - AEXML (4.6.0)
  - BartyCrouch (3.13.0)
  - LetsMove (1.25)
  - PINCache (3.0.3):
    - PINCache/Arc-exception-safe (= 3.0.3)
    - PINCache/Core (= 3.0.3)
  - PINCache/Arc-exception-safe (3.0.3):
    - PINCache/Core
  - PINCache/Core (3.0.3):
    - PINOperation (~> 1.2.1)
  - PINOperation (1.2.1)
  - Realm (10.7.2):
    - Realm/Headers (= 10.7.2)
  - Realm/Headers (10.7.2)
  - RealmSwift (10.7.2):
    - Realm (= 10.7.2)
  - RxCocoa (5.1.1):
    - RxRelay (~> 5)
    - RxSwift (~> 5)
  - RxRelay (5.1.1):
    - RxSwift (~> 5)
  - RxSwift (5.1.1)
  - Sparkle (1.26.0)
  - SwiftGen (6.4.0)
  - SwiftHEXColors (1.4.1)
  - SwiftLint (0.63.2)

DEPENDENCIES:
  - AEXML
  - BartyCrouch
  - LetsMove
  - PINCache
  - RealmSwift
  - RxCocoa
  - RxSwift
  - Sparkle
  - SwiftGen
  - SwiftHEXColors
  - SwiftLint

SPEC REPOS:
  trunk:
    - AEXML
    - BartyCrouch
    - LetsMove
    - PINCache
    - PINOperation
    - Realm
    - RealmSwift
    - RxCocoa
    - RxRelay
    - RxSwift
    - Sparkle
    - SwiftGen
    - SwiftHEXColors
    - SwiftLint

SPEC CHECKSUMS:
  AEXML: 2fbb73d8724797ed2cde888731e176fa4d44dd83
  BartyCrouch: 69e5e6ec67e77951dc1c22aa48abbf05d175b81c
  LetsMove: 7b9fe44737707d984fbd3f47af46609a9a07b461
  PINCache: 7a8fc1a691173d21dbddbf86cd515de6efa55086
  PINOperation: 00c935935f1e8cf0d1e2d6b542e75b88fc3e5e20
  Realm: e523da9ade306c5ae87e85dc09fdef148d3e1cc1
  RealmSwift: 4f6758c3adbdcc87f7b7777107226532a077f61c
  RxCocoa: 32065309a38d29b5b0db858819b5bf9ef038b601
  RxRelay: d77f7d771495f43c556cbc43eebd1bb54d01e8e9
  RxSwift: 81470a2074fa8780320ea5fe4102807cb7118178
  Sparkle: d56d028f4b0c123577825f5d1004f6140d77f90e
  SwiftGen: 67860cc7c3cfc2ed25b9b74cfd55495fc89f9108
  SwiftHEXColors: 1cb6e5d55c52749aa33db8f088ac55eb71ca4c7f
  SwiftLint: 4fa4a9b437ccc4fc72f6c0bc98556e8e9e05bccf

PODFILE CHECKSUM: 324426ab405a476779cb69f4af338bb9a9f0e7e7

COCOAPODS: 1.16.2
