// !$*UTF8*$!
{
	archiveVersion = 1;
	classes = {
	};
	objectVersion = 63;
	objects = {

/* Begin PBXBuildFile section */
		01F5CCDF9D725EE6B802A0B5 /* dsa_pub.pem in Resources */ = {isa = PBXBuildFile; fileRef = 020283B407702B3667F0FA2F /* dsa_pub.pem */; };
		0316340D411DCB4ABA48975D /* Colors.swift in Sources */ = {isa = PBXBuildFile; fileRef = 845210B006B64C0C1AD9E8E8 /* Colors.swift */; };
		0ABDC06358286CCE5F2DF4B4 /* CPYUtilities.swift in Sources */ = {isa = PBXBuildFile; fileRef = 59177B5EC73BE910BF95977E /* CPYUtilities.swift */; };
		0B466F8291B1B4FCD56A6A5D /* Collection+Safe.swift in Sources */ = {isa = PBXBuildFile; fileRef = 8F118DC28EB39006A4A762ED /* Collection+Safe.swift */; };
		0D303D49673E9CD6CCE80632 /* NSMenuItem+Initialize.swift in Sources */ = {isa = PBXBuildFile; fileRef = EF6831EC3355F97301A2889A /* NSMenuItem+Initialize.swift */; };
		12CBB2E4544A9E3226216C28 /* CPYTypePreferenceViewController.swift in Sources */ = {isa = PBXBuildFile; fileRef = F2796753C0BD5B1424E1A4B6 /* CPYTypePreferenceViewController.swift */; };
		1388C4DBCD875C69CA588A7D /* CPYMenuPreferenceViewController.xib in Resources */ = {isa = PBXBuildFile; fileRef = AAEB2FB4183DBDDC15FD5270 /* CPYMenuPreferenceViewController.xib */; };
		1B5878ED45F44A8C223E50EE /* CPYSplitView.swift in Sources */ = {isa = PBXBuildFile; fileRef = 30D65FE694C255422BE0E520 /* CPYSplitView.swift */; };
		1B5A5F69833210E86BCDB8D1 /* NSUserDefaults+ArchiveData.swift in Sources */ = {isa = PBXBuildFile; fileRef = 9C173D0658E669A3F03A938B /* NSUserDefaults+ArchiveData.swift */; };
		1D9E15E1699785E331C79719 /* Environment.swift in Sources */ = {isa = PBXBuildFile; fileRef = 353A1BD67CC45655A5EFB2A6 /* Environment.swift */; };
		23A0507DF4D4ADD29B326F65 /* CPYGeneralPreferenceViewController.xib in Resources */ = {isa = PBXBuildFile; fileRef = 09115C3843E0E674D3BF2AC6 /* CPYGeneralPreferenceViewController.xib */; };
		2CBDB22456F2B3B802B47737 /* CPYFolder.swift in Sources */ = {isa = PBXBuildFile; fileRef = 03AE19C2FE11D0C6081ACB64 /* CPYFolder.swift */; };
		2DFFB2E1986A8FE65281DED0 /* CPYDraggedData.swift in Sources */ = {isa = PBXBuildFile; fileRef = 7F52E2BB9723BD4EB99F3A82 /* CPYDraggedData.swift */; };
		317A7B5B727049AB7804657A /* MenuType.swift in Sources */ = {isa = PBXBuildFile; fileRef = 53AE213CB6FCE16C341C740D /* MenuType.swift */; };
		34AD5C4270B8022BF65A771D /* CPYSnippetsEditorWindowController.xib in Resources */ = {isa = PBXBuildFile; fileRef = 6593270A83433024B2DA80C4 /* CPYSnippetsEditorWindowController.xib */; };
		3565197573640C11B3F8354B /* CPYClip.swift in Sources */ = {isa = PBXBuildFile; fileRef = DAFE9ACEEB58CC642F421BD2 /* CPYClip.swift */; };
		3CFE31FA550D8A741C2FAD90 /* CPYSnippetsEditorWindowController.swift in Sources */ = {isa = PBXBuildFile; fileRef = 2F006F910B111A7751705A82 /* CPYSnippetsEditorWindowController.swift */; };
		3D96F135CC8622BC187881D9 /* CPYClipData.swift in Sources */ = {isa = PBXBuildFile; fileRef = 33B7F9C67222B206CE6F3F1D /* CPYClipData.swift */; };
		42807C07438A882137FE4838 /* Images.xcassets in Resources */ = {isa = PBXBuildFile; fileRef = A7A7351C4EB1988D91410D18 /* Images.xcassets */; };
		4BFA9AF2594E3B024EBC8442 /* Pods_Clipy.framework in Frameworks */ = {isa = PBXBuildFile; fileRef = ED58358B27E72BBF8D6BE80D /* Pods_Clipy.framework */; };
		4C850E1C68F46129DCF406C8 /* NSImage+NSColor.swift in Sources */ = {isa = PBXBuildFile; fileRef = 0B5DA1983BEDCF1FDC56B349 /* NSImage+NSColor.swift */; };
		4D6AB367D0C7423E7EDB3E41 /* Realm+NoCatch.swift in Sources */ = {isa = PBXBuildFile; fileRef = B5ED898A4BFF43EAECA68589 /* Realm+NoCatch.swift */; };
		4EC66E04C5D8A7B6AA61C714 /* ExcludeAppService.swift in Sources */ = {isa = PBXBuildFile; fileRef = AB16E8204E437AED13B5F7C1 /* ExcludeAppService.swift */; };
		4F1B07AC9E0160473F712AE0 /* CPYTypePreferenceViewController.xib in Resources */ = {isa = PBXBuildFile; fileRef = 3437D00E91F0672046A195B6 /* CPYTypePreferenceViewController.xib */; };
		52A64E11B7B9018A6677C8BB /* CPYPlaceHolderTextView.swift in Sources */ = {isa = PBXBuildFile; fileRef = 16A9B46037EAB7AC7713B42A /* CPYPlaceHolderTextView.swift */; };
		5B658C4BE94E340B8F3937D1 /* CPYPreferencesWindowController.swift in Sources */ = {isa = PBXBuildFile; fileRef = 2014B9CF3F23C0FA2C0DDDAF /* CPYPreferencesWindowController.swift */; };
		5CC69E8D54470FDEDA1B406E /* CPYPreferencesWindowController.xib in Resources */ = {isa = PBXBuildFile; fileRef = 98D6600A39AE68A0A9529A1B /* CPYPreferencesWindowController.xib */; };
		620437DCD9A7A2F862F6854A /* DataCleanService.swift in Sources */ = {isa = PBXBuildFile; fileRef = 1713C9B63B8A2C2F75052842 /* DataCleanService.swift */; };
		7CA1B23E9D8473398796451E /* CPYShortcutsPreferenceViewController.swift in Sources */ = {isa = PBXBuildFile; fileRef = D9180BA4CF1436A9171AAD2B /* CPYShortcutsPreferenceViewController.swift */; };
		7F3D766F2B6CF3DD317A6476 /* AssetsImages.swift in Sources */ = {isa = PBXBuildFile; fileRef = 5D003EA4BDE83E2F7A202985 /* AssetsImages.swift */; };
		811F16EF28A52E8E31249119 /* PasteService.swift in Sources */ = {isa = PBXBuildFile; fileRef = EF88CF8260AE6812C30231AB /* PasteService.swift */; };
		82618BED2E741F9110D152BE /* String+Substring.swift in Sources */ = {isa = PBXBuildFile; fileRef = DCE70D9A21B8C9F67776DF28 /* String+Substring.swift */; };
		82B3C9417B29FF896B720DA0 /* LocalizedStrings.swift in Sources */ = {isa = PBXBuildFile; fileRef = 6A61B3815F581035B24F2566 /* LocalizedStrings.swift */; };
		8703754881B1E970D9FAEB3E /* Realm+Migration.swift in Sources */ = {isa = PBXBuildFile; fileRef = 10432A4FB3B82A0D69158C93 /* Realm+Migration.swift */; };
		88587478630AC3BBFA062D29 /* NSBundle+Version.swift in Sources */ = {isa = PBXBuildFile; fileRef = 369E2FB1254977CB7898B504 /* NSBundle+Version.swift */; };
		95FC5AC0086D9A46D87331CB /* CPYSnippetsEditorCell.swift in Sources */ = {isa = PBXBuildFile; fileRef = 7188DCAC57155AB3A6E4D88A /* CPYSnippetsEditorCell.swift */; };
		9617676D5FAA91090C799E82 /* Localizable.strings in Resources */ = {isa = PBXBuildFile; fileRef = 5D6A06B6FE296641F68F61BA /* Localizable.strings */; };
		974BAA65EE6F3F820423C9A9 /* CPYSnippet.swift in Sources */ = {isa = PBXBuildFile; fileRef = 63EBEA03FCC3F5EAE0B1F1C4 /* CPYSnippet.swift */; };
		9B7CE9EC0BA25FFD802AE9AF /* CPYExcludeAppPreferenceViewController.swift in Sources */ = {isa = PBXBuildFile; fileRef = 1F600F194B5112F898A24FB3 /* CPYExcludeAppPreferenceViewController.swift */; };
		9E5628ED60AC54BCCF24808A /* Constants.swift in Sources */ = {isa = PBXBuildFile; fileRef = 061DE10165F3DC7C47862155 /* Constants.swift */; };
		A65D7590D420E428D3654AC6 /* AppEnvironment.swift in Sources */ = {isa = PBXBuildFile; fileRef = 34D5D9AE069BD041289EFA99 /* AppEnvironment.swift */; };
		AA99F5C5154746BE60AD01E6 /* NSCoding+Archive.swift in Sources */ = {isa = PBXBuildFile; fileRef = 6FD554A6784ADC687815E145 /* NSCoding+Archive.swift */; };
		B06F8ED0D77F45F8BC376579 /* CPYSnippetsEditorWindowController.xib in Resources */ = {isa = PBXBuildFile; fileRef = C58897068A76A2BC9FCDD6FB /* CPYSnippetsEditorWindowController.xib */; };
		B30A163FF30C69550AD2214A /* CPYBetaPreferenceViewController.swift in Sources */ = {isa = PBXBuildFile; fileRef = 527F3043F2F147EA9AA4CDFD /* CPYBetaPreferenceViewController.swift */; };
		B65F4CD20189EFEFE077CD46 /* CPYAppInfo.swift in Sources */ = {isa = PBXBuildFile; fileRef = 8A2B22BA28A4B521523BC3D5 /* CPYAppInfo.swift */; };
		B78E151F4B1BD93C41D12CD9 /* CPYUpdatesPreferenceViewController.xib in Resources */ = {isa = PBXBuildFile; fileRef = A9A1E9F8B57BA58FB70E9ACA /* CPYUpdatesPreferenceViewController.xib */; };
		BED35BC8466A52D3AFA811E4 /* AppDelegate.swift in Sources */ = {isa = PBXBuildFile; fileRef = E41EE03094DE4BE9B0E803B1 /* AppDelegate.swift */; };
		C47F853E638DEEC748571EA0 /* MainMenu.xib in Resources */ = {isa = PBXBuildFile; fileRef = 128EAED2F25986175DA09CF8 /* MainMenu.xib */; };
		CA53FF738F158A1B1459ED94 /* CPYBetaPreferenceViewController.xib in Resources */ = {isa = PBXBuildFile; fileRef = 773ECE7EA2C5F9D8CA29D964 /* CPYBetaPreferenceViewController.xib */; };
		CB6E468226984831AC903117 /* AccessibilityService.swift in Sources */ = {isa = PBXBuildFile; fileRef = C704793C3432B2514878CC90 /* AccessibilityService.swift */; };
		CBE00AD108846CE18948B49F /* Array+Remove.swift in Sources */ = {isa = PBXBuildFile; fileRef = ABDE02199AD7645A5B03DCE1 /* Array+Remove.swift */; };
		CCF74F60ED778D8EA36E8B20 /* MenuManager.swift in Sources */ = {isa = PBXBuildFile; fileRef = 761D50F027436D84BDBA77E7 /* MenuManager.swift */; };
		CD7CC2EB3868DECC70488ACE /* NSPasteboard+Deprecated.swift in Sources */ = {isa = PBXBuildFile; fileRef = C477F5A2B4AF24615606EEFD /* NSPasteboard+Deprecated.swift */; };
		D61B68380A709C62531EB915 /* colors.txt in Resources */ = {isa = PBXBuildFile; fileRef = AB5767268360C4EB99DDD84D /* colors.txt */; };
		E8D42DE18E79EEC19D644875 /* ClipService.swift in Sources */ = {isa = PBXBuildFile; fileRef = 9219E76898744C3384CAC80E /* ClipService.swift */; };
		E935DC02D65BCCBDEA42DC13 /* CPYExcludeAppPreferenceViewController.xib in Resources */ = {isa = PBXBuildFile; fileRef = D88CA4595FD5E8B27D03C662 /* CPYExcludeAppPreferenceViewController.xib */; };
		E972A7E9C8155DF5C7E91012 /* CPYDesignableView.swift in Sources */ = {isa = PBXBuildFile; fileRef = 078CF2A1E390FDC6C962536E /* CPYDesignableView.swift */; };
		E9A637C3AF5FFD5F70A219BC /* NSImage+Resize.swift in Sources */ = {isa = PBXBuildFile; fileRef = 90183C505E0347ED2EBD098D /* NSImage+Resize.swift */; };
		E9EFED24A06B0D0BE44D4051 /* NSLock+Clipy.swift in Sources */ = {isa = PBXBuildFile; fileRef = 2396EFBAF09892C46082FD77 /* NSLock+Clipy.swift */; };
		EAB6BBC8F0E3C82A0326ACFF /* CPYShortcutsPreferenceViewController.xib in Resources */ = {isa = PBXBuildFile; fileRef = 083C8E8E39D09B9D495356A8 /* CPYShortcutsPreferenceViewController.xib */; };
		EC5B41A790DD3C767F31C56B /* CPYDesignableButton.swift in Sources */ = {isa = PBXBuildFile; fileRef = 29ADC130FB75342AAB3CD467 /* CPYDesignableButton.swift */; };
		ED4961F0A1E74EE7B6D92B96 /* HotKeyService.swift in Sources */ = {isa = PBXBuildFile; fileRef = 257767474AFD0CDB5337710F /* HotKeyService.swift */; };
		F4A11304EF5F2BC1B89BB466 /* CPYUpdatesPreferenceViewController.swift in Sources */ = {isa = PBXBuildFile; fileRef = 92264FD499AF1B158F7FF686 /* CPYUpdatesPreferenceViewController.swift */; };
/* End PBXBuildFile section */

/* Begin PBXFileReference section */
		020283B407702B3667F0FA2F /* dsa_pub.pem */ = {isa = PBXFileReference; lastKnownFileType = text; path = dsa_pub.pem; sourceTree = "<group>"; };
		0259C3D7F6A554F160023D2D /* ja */ = {isa = PBXFileReference; lastKnownFileType = text.plist.strings; name = ja; path = ja.lproj/CPYSnippetsEditorWindowController.strings; sourceTree = "<group>"; };
		03AE19C2FE11D0C6081ACB64 /* CPYFolder.swift */ = {isa = PBXFileReference; lastKnownFileType = sourcecode.swift; path = CPYFolder.swift; sourceTree = "<group>"; };
		043F8CE3D5534FB07FC7943D /* it */ = {isa = PBXFileReference; lastKnownFileType = text.plist.strings; name = it; path = it.lproj/CPYSnippetsEditorWindowController.strings; sourceTree = "<group>"; };
		061DE10165F3DC7C47862155 /* Constants.swift */ = {isa = PBXFileReference; lastKnownFileType = sourcecode.swift; path = Constants.swift; sourceTree = "<group>"; };
		078CF2A1E390FDC6C962536E /* CPYDesignableView.swift */ = {isa = PBXFileReference; lastKnownFileType = sourcecode.swift; path = CPYDesignableView.swift; sourceTree = "<group>"; };
		0B5DA1983BEDCF1FDC56B349 /* NSImage+NSColor.swift */ = {isa = PBXFileReference; lastKnownFileType = sourcecode.swift; path = "NSImage+NSColor.swift"; sourceTree = "<group>"; };
		0D28599DC1E023D19519926B /* de */ = {isa = PBXFileReference; lastKnownFileType = text.plist.strings; name = de; path = de.lproj/CPYExcludeAppPreferenceViewController.strings; sourceTree = "<group>"; };
		10432A4FB3B82A0D69158C93 /* Realm+Migration.swift */ = {isa = PBXFileReference; lastKnownFileType = sourcecode.swift; path = "Realm+Migration.swift"; sourceTree = "<group>"; };
		11ADA2308F7DC0E9431B1DF5 /* zh-Hans */ = {isa = PBXFileReference; lastKnownFileType = text.plist.strings; name = "zh-Hans"; path = "zh-Hans.lproj/CPYUpdatesPreferenceViewController.strings"; sourceTree = "<group>"; };
		128EAED2F25986175DA09CF8 /* MainMenu.xib */ = {isa = PBXFileReference; lastKnownFileType = file.xib; path = MainMenu.xib; sourceTree = "<group>"; };
		16A9B46037EAB7AC7713B42A /* CPYPlaceHolderTextView.swift */ = {isa = PBXFileReference; lastKnownFileType = sourcecode.swift; path = CPYPlaceHolderTextView.swift; sourceTree = "<group>"; };
		1713C9B63B8A2C2F75052842 /* DataCleanService.swift */ = {isa = PBXFileReference; lastKnownFileType = sourcecode.swift; path = DataCleanService.swift; sourceTree = "<group>"; };
		1F600F194B5112F898A24FB3 /* CPYExcludeAppPreferenceViewController.swift */ = {isa = PBXFileReference; lastKnownFileType = sourcecode.swift; path = CPYExcludeAppPreferenceViewController.swift; sourceTree = "<group>"; };
		2014B9CF3F23C0FA2C0DDDAF /* CPYPreferencesWindowController.swift */ = {isa = PBXFileReference; lastKnownFileType = sourcecode.swift; path = CPYPreferencesWindowController.swift; sourceTree = "<group>"; };
		204356F943C37D6E594499B8 /* ja */ = {isa = PBXFileReference; lastKnownFileType = text.plist.strings; name = ja; path = ja.lproj/CPYUpdatesPreferenceViewController.strings; sourceTree = "<group>"; };
		2396EFBAF09892C46082FD77 /* NSLock+Clipy.swift */ = {isa = PBXFileReference; lastKnownFileType = sourcecode.swift; path = "NSLock+Clipy.swift"; sourceTree = "<group>"; };
		253C243D2F00722DCEA8385F /* Info.plist */ = {isa = PBXFileReference; lastKnownFileType = text.plist; path = Info.plist; sourceTree = "<group>"; };
		257767474AFD0CDB5337710F /* HotKeyService.swift */ = {isa = PBXFileReference; lastKnownFileType = sourcecode.swift; path = HotKeyService.swift; sourceTree = "<group>"; };
		27145E0E2E3BDAE58263ED4A /* de */ = {isa = PBXFileReference; lastKnownFileType = text.plist.strings; name = de; path = de.lproj/CPYBetaPreferenceViewController.strings; sourceTree = "<group>"; };
		284846CF927B9F84566DCDE4 /* zh-Hans */ = {isa = PBXFileReference; lastKnownFileType = text.plist.strings; name = "zh-Hans"; path = "zh-Hans.lproj/CPYGeneralPreferenceViewController.strings"; sourceTree = "<group>"; };
		29ADC130FB75342AAB3CD467 /* CPYDesignableButton.swift */ = {isa = PBXFileReference; lastKnownFileType = sourcecode.swift; path = CPYDesignableButton.swift; sourceTree = "<group>"; };
		2C808F9A602BF00A40B6B9D2 /* Pods-Clipy.release.xcconfig */ = {isa = PBXFileReference; includeInIndex = 1; lastKnownFileType = text.xcconfig; name = "Pods-Clipy.release.xcconfig"; path = "Target Support Files/Pods-Clipy/Pods-Clipy.release.xcconfig"; sourceTree = "<group>"; };
		2F006F910B111A7751705A82 /* CPYSnippetsEditorWindowController.swift */ = {isa = PBXFileReference; lastKnownFileType = sourcecode.swift; path = CPYSnippetsEditorWindowController.swift; sourceTree = "<group>"; };
		30D65FE694C255422BE0E520 /* CPYSplitView.swift */ = {isa = PBXFileReference; lastKnownFileType = sourcecode.swift; path = CPYSplitView.swift; sourceTree = "<group>"; };
		33B7F9C67222B206CE6F3F1D /* CPYClipData.swift */ = {isa = PBXFileReference; lastKnownFileType = sourcecode.swift; path = CPYClipData.swift; sourceTree = "<group>"; };
		34D5D9AE069BD041289EFA99 /* AppEnvironment.swift */ = {isa = PBXFileReference; lastKnownFileType = sourcecode.swift; path = AppEnvironment.swift; sourceTree = "<group>"; };
		353A1BD67CC45655A5EFB2A6 /* Environment.swift */ = {isa = PBXFileReference; lastKnownFileType = sourcecode.swift; path = Environment.swift; sourceTree = "<group>"; };
		369E2FB1254977CB7898B504 /* NSBundle+Version.swift */ = {isa = PBXFileReference; lastKnownFileType = sourcecode.swift; path = "NSBundle+Version.swift"; sourceTree = "<group>"; };
		3B32A5EEF4A3C7AB413ABBF5 /* Base */ = {isa = PBXFileReference; lastKnownFileType = file.xib; name = Base; path = Base.lproj/CPYBetaPreferenceViewController.xib; sourceTree = "<group>"; };
		3EE2DB47342E32B29B1CEECC /* it */ = {isa = PBXFileReference; lastKnownFileType = text.plist.strings; name = it; path = it.lproj/CPYBetaPreferenceViewController.strings; sourceTree = "<group>"; };
		4356B0896AC56EB02F1BF6AA /* zh-Hans */ = {isa = PBXFileReference; lastKnownFileType = text.plist.strings; name = "zh-Hans"; path = "zh-Hans.lproj/CPYShortcutsPreferenceViewController.strings"; sourceTree = "<group>"; };
		4A6155ABE5E02F877AA8BCEB /* zh-Hans */ = {isa = PBXFileReference; lastKnownFileType = text.plist.strings; name = "zh-Hans"; path = "zh-Hans.lproj/Localizable.strings"; sourceTree = "<group>"; };
		4D8F2354C1361ABF5F5FD98B /* zh-Hans */ = {isa = PBXFileReference; lastKnownFileType = text.plist.strings; name = "zh-Hans"; path = "zh-Hans.lproj/CPYTypePreferenceViewController.strings"; sourceTree = "<group>"; };
		4E47EB137966427803272595 /* Pods-Clipy.debug.xcconfig */ = {isa = PBXFileReference; includeInIndex = 1; lastKnownFileType = text.xcconfig; name = "Pods-Clipy.debug.xcconfig"; path = "Target Support Files/Pods-Clipy/Pods-Clipy.debug.xcconfig"; sourceTree = "<group>"; };
		4E4F45073ED3BCCC9F5519BF /* it */ = {isa = PBXFileReference; lastKnownFileType = text.plist.strings; name = it; path = it.lproj/CPYShortcutsPreferenceViewController.strings; sourceTree = "<group>"; };
		527F3043F2F147EA9AA4CDFD /* CPYBetaPreferenceViewController.swift */ = {isa = PBXFileReference; lastKnownFileType = sourcecode.swift; path = CPYBetaPreferenceViewController.swift; sourceTree = "<group>"; };
		53AE213CB6FCE16C341C740D /* MenuType.swift */ = {isa = PBXFileReference; lastKnownFileType = sourcecode.swift; path = MenuType.swift; sourceTree = "<group>"; };
		53C2B7F78BE8B25B7F19C1C6 /* de */ = {isa = PBXFileReference; lastKnownFileType = text.plist.strings; name = de; path = de.lproj/CPYUpdatesPreferenceViewController.strings; sourceTree = "<group>"; };
		59177B5EC73BE910BF95977E /* CPYUtilities.swift */ = {isa = PBXFileReference; lastKnownFileType = sourcecode.swift; path = CPYUtilities.swift; sourceTree = "<group>"; };
		5B714F2F62619F3B2D2EE575 /* Base */ = {isa = PBXFileReference; lastKnownFileType = file.xib; name = Base; path = Base.lproj/CPYUpdatesPreferenceViewController.xib; sourceTree = "<group>"; };
		5D003EA4BDE83E2F7A202985 /* AssetsImages.swift */ = {isa = PBXFileReference; lastKnownFileType = sourcecode.swift; path = AssetsImages.swift; sourceTree = "<group>"; };
		5D502FB4D9B13A1F3D433042 /* ja */ = {isa = PBXFileReference; lastKnownFileType = text.plist.strings; name = ja; path = ja.lproj/CPYExcludeAppPreferenceViewController.strings; sourceTree = "<group>"; };
		5D6E0A0CDCAD40B563C1F35F /* it */ = {isa = PBXFileReference; lastKnownFileType = text.plist.strings; name = it; path = it.lproj/CPYExcludeAppPreferenceViewController.strings; sourceTree = "<group>"; };
		5E10DF2238B797EBFE514C79 /* it */ = {isa = PBXFileReference; lastKnownFileType = text.plist.strings; name = it; path = it.lproj/CPYTypePreferenceViewController.strings; sourceTree = "<group>"; };
		63EBEA03FCC3F5EAE0B1F1C4 /* CPYSnippet.swift */ = {isa = PBXFileReference; lastKnownFileType = sourcecode.swift; path = CPYSnippet.swift; sourceTree = "<group>"; };
		6932632F3C8415C0570D39A0 /* ja */ = {isa = PBXFileReference; lastKnownFileType = text.plist.strings; name = ja; path = ja.lproj/CPYMenuPreferenceViewController.strings; sourceTree = "<group>"; };
		6A5FA78379BF5E0A1947E30F /* de */ = {isa = PBXFileReference; lastKnownFileType = text.plist.strings; name = de; path = de.lproj/CPYSnippetsEditorWindowController.strings; sourceTree = "<group>"; };
		6A61B3815F581035B24F2566 /* LocalizedStrings.swift */ = {isa = PBXFileReference; lastKnownFileType = sourcecode.swift; path = LocalizedStrings.swift; sourceTree = "<group>"; };
		6FD554A6784ADC687815E145 /* NSCoding+Archive.swift */ = {isa = PBXFileReference; lastKnownFileType = sourcecode.swift; path = "NSCoding+Archive.swift"; sourceTree = "<group>"; };
		7188DCAC57155AB3A6E4D88A /* CPYSnippetsEditorCell.swift */ = {isa = PBXFileReference; lastKnownFileType = sourcecode.swift; path = CPYSnippetsEditorCell.swift; sourceTree = "<group>"; };
		761D50F027436D84BDBA77E7 /* MenuManager.swift */ = {isa = PBXFileReference; lastKnownFileType = sourcecode.swift; path = MenuManager.swift; sourceTree = "<group>"; };
		7F52E2BB9723BD4EB99F3A82 /* CPYDraggedData.swift */ = {isa = PBXFileReference; lastKnownFileType = sourcecode.swift; path = CPYDraggedData.swift; sourceTree = "<group>"; };
		7FA86371550359D44B30E0A6 /* Clipy.app */ = {isa = PBXFileReference; explicitFileType = wrapper.application; includeInIndex = 0; path = Clipy.app; sourceTree = BUILT_PRODUCTS_DIR; };
		80FF4038E3F8D1615F942264 /* de */ = {isa = PBXFileReference; lastKnownFileType = text.plist.strings; name = de; path = de.lproj/CPYTypePreferenceViewController.strings; sourceTree = "<group>"; };
		831647615A230E0E8C22F09B /* Base */ = {isa = PBXFileReference; lastKnownFileType = file.xib; name = Base; path = Base.lproj/CPYTypePreferenceViewController.xib; sourceTree = "<group>"; };
		845210B006B64C0C1AD9E8E8 /* Colors.swift */ = {isa = PBXFileReference; lastKnownFileType = sourcecode.swift; path = Colors.swift; sourceTree = "<group>"; };
		863BB2128E13F0CCDB069A8A /* zh-Hans */ = {isa = PBXFileReference; lastKnownFileType = text.plist.strings; name = "zh-Hans"; path = "zh-Hans.lproj/CPYExcludeAppPreferenceViewController.strings"; sourceTree = "<group>"; };
		880C7D6662073954262B4646 /* en */ = {isa = PBXFileReference; lastKnownFileType = text.plist.strings; name = en; path = en.lproj/Localizable.strings; sourceTree = "<group>"; };
		8A2B22BA28A4B521523BC3D5 /* CPYAppInfo.swift */ = {isa = PBXFileReference; lastKnownFileType = sourcecode.swift; path = CPYAppInfo.swift; sourceTree = "<group>"; };
		8C955B1AE545314A491FE7D2 /* ja */ = {isa = PBXFileReference; lastKnownFileType = text.plist.strings; name = ja; path = ja.lproj/CPYBetaPreferenceViewController.strings; sourceTree = "<group>"; };
		8F118DC28EB39006A4A762ED /* Collection+Safe.swift */ = {isa = PBXFileReference; lastKnownFileType = sourcecode.swift; path = "Collection+Safe.swift"; sourceTree = "<group>"; };
		90183C505E0347ED2EBD098D /* NSImage+Resize.swift */ = {isa = PBXFileReference; lastKnownFileType = sourcecode.swift; path = "NSImage+Resize.swift"; sourceTree = "<group>"; };
		9219E76898744C3384CAC80E /* ClipService.swift */ = {isa = PBXFileReference; lastKnownFileType = sourcecode.swift; path = ClipService.swift; sourceTree = "<group>"; };
		92264FD499AF1B158F7FF686 /* CPYUpdatesPreferenceViewController.swift */ = {isa = PBXFileReference; lastKnownFileType = sourcecode.swift; path = CPYUpdatesPreferenceViewController.swift; sourceTree = "<group>"; };
		95A4C6431F973D2809F99F4E /* de */ = {isa = PBXFileReference; lastKnownFileType = text.plist.strings; name = de; path = de.lproj/CPYShortcutsPreferenceViewController.strings; sourceTree = "<group>"; };
		98C90907401636721F524240 /* it */ = {isa = PBXFileReference; lastKnownFileType = text.plist.strings; name = it; path = it.lproj/CPYUpdatesPreferenceViewController.strings; sourceTree = "<group>"; };
		9A39B761BE5A41127A7ECE71 /* Base */ = {isa = PBXFileReference; lastKnownFileType = file.xib; name = Base; path = Base.lproj/CPYSnippetsEditorWindowController.xib; sourceTree = "<group>"; };
		9ACE25D1EC361299AE7C1DB6 /* Base */ = {isa = PBXFileReference; lastKnownFileType = file.xib; name = Base; path = Base.lproj/CPYShortcutsPreferenceViewController.xib; sourceTree = "<group>"; };
		9C173D0658E669A3F03A938B /* NSUserDefaults+ArchiveData.swift */ = {isa = PBXFileReference; lastKnownFileType = sourcecode.swift; path = "NSUserDefaults+ArchiveData.swift"; sourceTree = "<group>"; };
		9E4C4B96189CB076203F4FCC /* zh-Hans */ = {isa = PBXFileReference; lastKnownFileType = text.plist.strings; name = "zh-Hans"; path = "zh-Hans.lproj/CPYMenuPreferenceViewController.strings"; sourceTree = "<group>"; };
		A05D56894A6D797CE1B50330 /* Base */ = {isa = PBXFileReference; lastKnownFileType = file.xib; name = Base; path = Base.lproj/CPYMenuPreferenceViewController.xib; sourceTree = "<group>"; };
		A7A7351C4EB1988D91410D18 /* Images.xcassets */ = {isa = PBXFileReference; lastKnownFileType = folder.assetcatalog; path = Images.xcassets; sourceTree = "<group>"; };
		AB16E8204E437AED13B5F7C1 /* ExcludeAppService.swift */ = {isa = PBXFileReference; lastKnownFileType = sourcecode.swift; path = ExcludeAppService.swift; sourceTree = "<group>"; };
		AB5767268360C4EB99DDD84D /* colors.txt */ = {isa = PBXFileReference; lastKnownFileType = text; path = colors.txt; sourceTree = "<group>"; };
		ABDE02199AD7645A5B03DCE1 /* Array+Remove.swift */ = {isa = PBXFileReference; lastKnownFileType = sourcecode.swift; path = "Array+Remove.swift"; sourceTree = "<group>"; };
		AC19B7738DDCE64B4C5D0DA6 /* zh-Hans */ = {isa = PBXFileReference; lastKnownFileType = text.plist.strings; name = "zh-Hans"; path = "zh-Hans.lproj/CPYSnippetsEditorWindowController.strings"; sourceTree = "<group>"; };
		AC925B2CC381BD45F63DF0C7 /* it */ = {isa = PBXFileReference; lastKnownFileType = text.plist.strings; name = it; path = it.lproj/CPYGeneralPreferenceViewController.strings; sourceTree = "<group>"; };
		ACA09FD5C3163E32469A4D23 /* zh-Hans */ = {isa = PBXFileReference; lastKnownFileType = text.plist.strings; name = "zh-Hans"; path = "zh-Hans.lproj/CPYPreferencesWindowController.strings"; sourceTree = "<group>"; };
		B5ED898A4BFF43EAECA68589 /* Realm+NoCatch.swift */ = {isa = PBXFileReference; lastKnownFileType = sourcecode.swift; path = "Realm+NoCatch.swift"; sourceTree = "<group>"; };
		C2AA47CDA62AD38C02DAD480 /* de */ = {isa = PBXFileReference; lastKnownFileType = text.plist.strings; name = de; path = de.lproj/CPYGeneralPreferenceViewController.strings; sourceTree = "<group>"; };
		C477F5A2B4AF24615606EEFD /* NSPasteboard+Deprecated.swift */ = {isa = PBXFileReference; lastKnownFileType = sourcecode.swift; path = "NSPasteboard+Deprecated.swift"; sourceTree = "<group>"; };
		C58897068A76A2BC9FCDD6FB /* CPYSnippetsEditorWindowController.xib */ = {isa = PBXFileReference; lastKnownFileType = file.xib; path = CPYSnippetsEditorWindowController.xib; sourceTree = "<group>"; };
		C704793C3432B2514878CC90 /* AccessibilityService.swift */ = {isa = PBXFileReference; lastKnownFileType = sourcecode.swift; path = AccessibilityService.swift; sourceTree = "<group>"; };
		C8757E04CBEC3733E5757EF9 /* ja */ = {isa = PBXFileReference; lastKnownFileType = text.plist.strings; name = ja; path = ja.lproj/CPYGeneralPreferenceViewController.strings; sourceTree = "<group>"; };
		D049674663354525DD83387D /* it */ = {isa = PBXFileReference; lastKnownFileType = text.plist.strings; name = it; path = it.lproj/CPYPreferencesWindowController.strings; sourceTree = "<group>"; };
		D665DD4D9077AB8EFB3438A5 /* ja */ = {isa = PBXFileReference; lastKnownFileType = text.plist.strings; name = ja; path = ja.lproj/CPYTypePreferenceViewController.strings; sourceTree = "<group>"; };
		D6FB26EAF3F763D3ECE7B065 /* ja */ = {isa = PBXFileReference; lastKnownFileType = text.plist.strings; name = ja; path = ja.lproj/Localizable.strings; sourceTree = "<group>"; };
		D9180BA4CF1436A9171AAD2B /* CPYShortcutsPreferenceViewController.swift */ = {isa = PBXFileReference; lastKnownFileType = sourcecode.swift; path = CPYShortcutsPreferenceViewController.swift; sourceTree = "<group>"; };
		D91F95292098D89F3DDFA67B /* it */ = {isa = PBXFileReference; lastKnownFileType = text.plist.strings; name = it; path = it.lproj/Localizable.strings; sourceTree = "<group>"; };
		D93329A103560C71B6A6691F /* de */ = {isa = PBXFileReference; lastKnownFileType = text.plist.strings; name = de; path = de.lproj/Localizable.strings; sourceTree = "<group>"; };
		D95D688597D81D46E8B42716 /* zh-Hans */ = {isa = PBXFileReference; lastKnownFileType = text.plist.strings; name = "zh-Hans"; path = "zh-Hans.lproj/CPYBetaPreferenceViewController.strings"; sourceTree = "<group>"; };
		D96C0B4C56FF24BAA656A203 /* ja */ = {isa = PBXFileReference; lastKnownFileType = text.plist.strings; name = ja; path = ja.lproj/CPYPreferencesWindowController.strings; sourceTree = "<group>"; };
		DAFE9ACEEB58CC642F421BD2 /* CPYClip.swift */ = {isa = PBXFileReference; lastKnownFileType = sourcecode.swift; path = CPYClip.swift; sourceTree = "<group>"; };
		DCE70D9A21B8C9F67776DF28 /* String+Substring.swift */ = {isa = PBXFileReference; lastKnownFileType = sourcecode.swift; path = "String+Substring.swift"; sourceTree = "<group>"; };
		E41EE03094DE4BE9B0E803B1 /* AppDelegate.swift */ = {isa = PBXFileReference; lastKnownFileType = sourcecode.swift; path = AppDelegate.swift; sourceTree = "<group>"; };
		E9AC166512B0392ECE9C9C9D /* it */ = {isa = PBXFileReference; lastKnownFileType = text.plist.strings; name = it; path = it.lproj/CPYMenuPreferenceViewController.strings; sourceTree = "<group>"; };
		ED58358B27E72BBF8D6BE80D /* Pods_Clipy.framework */ = {isa = PBXFileReference; explicitFileType = wrapper.framework; includeInIndex = 0; path = Pods_Clipy.framework; sourceTree = BUILT_PRODUCTS_DIR; };
		EF6831EC3355F97301A2889A /* NSMenuItem+Initialize.swift */ = {isa = PBXFileReference; lastKnownFileType = sourcecode.swift; path = "NSMenuItem+Initialize.swift"; sourceTree = "<group>"; };
		EF88CF8260AE6812C30231AB /* PasteService.swift */ = {isa = PBXFileReference; lastKnownFileType = sourcecode.swift; path = PasteService.swift; sourceTree = "<group>"; };
		F22F8A8E3A0B11FB869FC09E /* Base */ = {isa = PBXFileReference; lastKnownFileType = file.xib; name = Base; path = Base.lproj/CPYGeneralPreferenceViewController.xib; sourceTree = "<group>"; };
		F2796753C0BD5B1424E1A4B6 /* CPYTypePreferenceViewController.swift */ = {isa = PBXFileReference; lastKnownFileType = sourcecode.swift; path = CPYTypePreferenceViewController.swift; sourceTree = "<group>"; };
		F5828893EEF4D04044EF48EF /* Base */ = {isa = PBXFileReference; lastKnownFileType = file.xib; name = Base; path = Base.lproj/CPYExcludeAppPreferenceViewController.xib; sourceTree = "<group>"; };
		F8BB3BF96318AC3C6868B67F /* de */ = {isa = PBXFileReference; lastKnownFileType = text.plist.strings; name = de; path = de.lproj/CPYPreferencesWindowController.strings; sourceTree = "<group>"; };
		FA48DB86A16CE4596EA08D97 /* ja */ = {isa = PBXFileReference; lastKnownFileType = text.plist.strings; name = ja; path = ja.lproj/CPYShortcutsPreferenceViewController.strings; sourceTree = "<group>"; };
		FF42F83E1DD228CFA586AF75 /* de */ = {isa = PBXFileReference; lastKnownFileType = text.plist.strings; name = de; path = de.lproj/CPYMenuPreferenceViewController.strings; sourceTree = "<group>"; };
		FF75BBEF132294DC42B6EB7B /* Base */ = {isa = PBXFileReference; lastKnownFileType = file.xib; name = Base; path = Base.lproj/CPYPreferencesWindowController.xib; sourceTree = "<group>"; };
/* End PBXFileReference section */

/* Begin PBXFrameworksBuildPhase section */
		26C072B8572FECA6AC670115 /* Frameworks */ = {
			isa = PBXFrameworksBuildPhase;
			buildActionMask = 2147483647;
			files = (
				4BFA9AF2594E3B024EBC8442 /* Pods_Clipy.framework in Frameworks */,
			);
			runOnlyForDeploymentPostprocessing = 0;
		};
/* End PBXFrameworksBuildPhase section */

/* Begin PBXGroup section */
		020FB75F6EF5713CCC975958 /* SplitViews */ = {
			isa = PBXGroup;
			children = (
				30D65FE694C255422BE0E520 /* CPYSplitView.swift */,
			);
			path = SplitViews;
			sourceTree = "<group>";
		};
		06D5BDCCC05D3F5B9342D7E3 /* Sources */ = {
			isa = PBXGroup;
			children = (
				E41EE03094DE4BE9B0E803B1 /* AppDelegate.swift */,
				061DE10165F3DC7C47862155 /* Constants.swift */,
				8996CFE8E9A47ACFE611F43D /* Enums */,
				277CF8A2E2DAC476BA3C0421 /* Environments */,
				72D7D9EC24244DBA51FB71E7 /* Extensions */,
				B47925DB50F472D44B6213F1 /* Managers */,
				D7ED9AED63088B93ECCFB398 /* Models */,
				AE57D54DCCDD3C7CC5C259E4 /* Preferences */,
				DA24404C509EB70B41CC6231 /* Services */,
				C2E80F4C5E749DF71709EA42 /* Snippets */,
				9DB07790620C5309805D405D /* Utility */,
				A533D50525513A9C83546A20 /* Views */,
			);
			path = Sources;
			sourceTree = "<group>";
		};
		1C9ED865E5F21CA4D3239BEA /* TextViews */ = {
			isa = PBXGroup;
			children = (
				16A9B46037EAB7AC7713B42A /* CPYPlaceHolderTextView.swift */,
			);
			path = TextViews;
			sourceTree = "<group>";
		};
		277CF8A2E2DAC476BA3C0421 /* Environments */ = {
			isa = PBXGroup;
			children = (
				34D5D9AE069BD041289EFA99 /* AppEnvironment.swift */,
				353A1BD67CC45655A5EFB2A6 /* Environment.swift */,
			);
			path = Environments;
			sourceTree = "<group>";
		};
		2F86CD0D2D020DECF818488E /* Resources */ = {
			isa = PBXGroup;
			children = (
				AB5767268360C4EB99DDD84D /* colors.txt */,
				A7A7351C4EB1988D91410D18 /* Images.xcassets */,
				5D6A06B6FE296641F68F61BA /* Localizable.strings */,
			);
			path = Resources;
			sourceTree = "<group>";
		};
		3E7AC2CC784F9EC0F51D4A6B /* Xibs */ = {
			isa = PBXGroup;
			children = (
				128EAED2F25986175DA09CF8 /* MainMenu.xib */,
			);
			path = Xibs;
			sourceTree = "<group>";
		};
		43347FCC48E998308151C909 /* Panels */ = {
			isa = PBXGroup;
			children = (
				527F3043F2F147EA9AA4CDFD /* CPYBetaPreferenceViewController.swift */,
				773ECE7EA2C5F9D8CA29D964 /* CPYBetaPreferenceViewController.xib */,
				1F600F194B5112F898A24FB3 /* CPYExcludeAppPreferenceViewController.swift */,
				D88CA4595FD5E8B27D03C662 /* CPYExcludeAppPreferenceViewController.xib */,
				09115C3843E0E674D3BF2AC6 /* CPYGeneralPreferenceViewController.xib */,
				AAEB2FB4183DBDDC15FD5270 /* CPYMenuPreferenceViewController.xib */,
				D9180BA4CF1436A9171AAD2B /* CPYShortcutsPreferenceViewController.swift */,
				083C8E8E39D09B9D495356A8 /* CPYShortcutsPreferenceViewController.xib */,
				F2796753C0BD5B1424E1A4B6 /* CPYTypePreferenceViewController.swift */,
				3437D00E91F0672046A195B6 /* CPYTypePreferenceViewController.xib */,
				92264FD499AF1B158F7FF686 /* CPYUpdatesPreferenceViewController.swift */,
				A9A1E9F8B57BA58FB70E9ACA /* CPYUpdatesPreferenceViewController.xib */,
			);
			path = Panels;
			sourceTree = "<group>";
		};
		4ACB728D186A59C31CDD413F /* Products */ = {
			isa = PBXGroup;
			children = (
				7FA86371550359D44B30E0A6 /* Clipy.app */,
			);
			name = Products;
			sourceTree = "<group>";
		};
		70851ACFF8BD3C415D89D150 /* Frameworks */ = {
			isa = PBXGroup;
			children = (
				ED58358B27E72BBF8D6BE80D /* Pods_Clipy.framework */,
			);
			name = Frameworks;
			sourceTree = "<group>";
		};
		72D7D9EC24244DBA51FB71E7 /* Extensions */ = {
			isa = PBXGroup;
			children = (
				ABDE02199AD7645A5B03DCE1 /* Array+Remove.swift */,
				8F118DC28EB39006A4A762ED /* Collection+Safe.swift */,
				369E2FB1254977CB7898B504 /* NSBundle+Version.swift */,
				6FD554A6784ADC687815E145 /* NSCoding+Archive.swift */,
				0B5DA1983BEDCF1FDC56B349 /* NSImage+NSColor.swift */,
				90183C505E0347ED2EBD098D /* NSImage+Resize.swift */,
				2396EFBAF09892C46082FD77 /* NSLock+Clipy.swift */,
				EF6831EC3355F97301A2889A /* NSMenuItem+Initialize.swift */,
				C477F5A2B4AF24615606EEFD /* NSPasteboard+Deprecated.swift */,
				9C173D0658E669A3F03A938B /* NSUserDefaults+ArchiveData.swift */,
				10432A4FB3B82A0D69158C93 /* Realm+Migration.swift */,
				B5ED898A4BFF43EAECA68589 /* Realm+NoCatch.swift */,
				DCE70D9A21B8C9F67776DF28 /* String+Substring.swift */,
			);
			path = Extensions;
			sourceTree = "<group>";
		};
		7EF79543AAB53EEC6146B25C /* Pods */ = {
			isa = PBXGroup;
			children = (
				4E47EB137966427803272595 /* Pods-Clipy.debug.xcconfig */,
				2C808F9A602BF00A40B6B9D2 /* Pods-Clipy.release.xcconfig */,
			);
			path = Pods;
			sourceTree = "<group>";
		};
		8996CFE8E9A47ACFE611F43D /* Enums */ = {
			isa = PBXGroup;
			children = (
				53AE213CB6FCE16C341C740D /* MenuType.swift */,
			);
			path = Enums;
			sourceTree = "<group>";
		};
		90C669C7F6195E174DC9DCEC /* TableViewCell */ = {
			isa = PBXGroup;
			children = (
				7188DCAC57155AB3A6E4D88A /* CPYSnippetsEditorCell.swift */,
			);
			path = TableViewCell;
			sourceTree = "<group>";
		};
		994D43673114E5CB990F3548 /* DesignableView */ = {
			isa = PBXGroup;
			children = (
				29ADC130FB75342AAB3CD467 /* CPYDesignableButton.swift */,
				078CF2A1E390FDC6C962536E /* CPYDesignableView.swift */,
			);
			path = DesignableView;
			sourceTree = "<group>";
		};
		9DB07790620C5309805D405D /* Utility */ = {
			isa = PBXGroup;
			children = (
				59177B5EC73BE910BF95977E /* CPYUtilities.swift */,
			);
			path = Utility;
			sourceTree = "<group>";
		};
		A533D50525513A9C83546A20 /* Views */ = {
			isa = PBXGroup;
			children = (
				994D43673114E5CB990F3548 /* DesignableView */,
				020FB75F6EF5713CCC975958 /* SplitViews */,
				90C669C7F6195E174DC9DCEC /* TableViewCell */,
				1C9ED865E5F21CA4D3239BEA /* TextViews */,
			);
			path = Views;
			sourceTree = "<group>";
		};
		AE57D54DCCDD3C7CC5C259E4 /* Preferences */ = {
			isa = PBXGroup;
			children = (
				2014B9CF3F23C0FA2C0DDDAF /* CPYPreferencesWindowController.swift */,
				98D6600A39AE68A0A9529A1B /* CPYPreferencesWindowController.xib */,
				43347FCC48E998308151C909 /* Panels */,
			);
			path = Preferences;
			sourceTree = "<group>";
		};
		B47925DB50F472D44B6213F1 /* Managers */ = {
			isa = PBXGroup;
			children = (
				761D50F027436D84BDBA77E7 /* MenuManager.swift */,
			);
			path = Managers;
			sourceTree = "<group>";
		};
		B77CCC0FAE4D7899435D86F0 /* Clipy */ = {
			isa = PBXGroup;
			children = (
				DB6C79FA0D08E08D55DC9129 /* Generated */,
				2F86CD0D2D020DECF818488E /* Resources */,
				06D5BDCCC05D3F5B9342D7E3 /* Sources */,
				F98A1F24A04ED960E038BE66 /* Supporting Files */,
				3E7AC2CC784F9EC0F51D4A6B /* Xibs */,
			);
			path = Clipy;
			sourceTree = "<group>";
		};
		C2E80F4C5E749DF71709EA42 /* Snippets */ = {
			isa = PBXGroup;
			children = (
				2F006F910B111A7751705A82 /* CPYSnippetsEditorWindowController.swift */,
				C58897068A76A2BC9FCDD6FB /* CPYSnippetsEditorWindowController.xib */,
				6593270A83433024B2DA80C4 /* CPYSnippetsEditorWindowController.xib */,
			);
			path = Snippets;
			sourceTree = "<group>";
		};
		D7ED9AED63088B93ECCFB398 /* Models */ = {
			isa = PBXGroup;
			children = (
				8A2B22BA28A4B521523BC3D5 /* CPYAppInfo.swift */,
				DAFE9ACEEB58CC642F421BD2 /* CPYClip.swift */,
				33B7F9C67222B206CE6F3F1D /* CPYClipData.swift */,
				7F52E2BB9723BD4EB99F3A82 /* CPYDraggedData.swift */,
				03AE19C2FE11D0C6081ACB64 /* CPYFolder.swift */,
				63EBEA03FCC3F5EAE0B1F1C4 /* CPYSnippet.swift */,
			);
			path = Models;
			sourceTree = "<group>";
		};
		DA24404C509EB70B41CC6231 /* Services */ = {
			isa = PBXGroup;
			children = (
				C704793C3432B2514878CC90 /* AccessibilityService.swift */,
				9219E76898744C3384CAC80E /* ClipService.swift */,
				1713C9B63B8A2C2F75052842 /* DataCleanService.swift */,
				AB16E8204E437AED13B5F7C1 /* ExcludeAppService.swift */,
				257767474AFD0CDB5337710F /* HotKeyService.swift */,
				EF88CF8260AE6812C30231AB /* PasteService.swift */,
			);
			path = Services;
			sourceTree = "<group>";
		};
		DB6C79FA0D08E08D55DC9129 /* Generated */ = {
			isa = PBXGroup;
			children = (
				5D003EA4BDE83E2F7A202985 /* AssetsImages.swift */,
				845210B006B64C0C1AD9E8E8 /* Colors.swift */,
				6A61B3815F581035B24F2566 /* LocalizedStrings.swift */,
			);
			path = Generated;
			sourceTree = "<group>";
		};
		F888982E8997247E2076A8D3 = {
			isa = PBXGroup;
			children = (
				B77CCC0FAE4D7899435D86F0 /* Clipy */,
				4ACB728D186A59C31CDD413F /* Products */,
				7EF79543AAB53EEC6146B25C /* Pods */,
				70851ACFF8BD3C415D89D150 /* Frameworks */,
			);
			sourceTree = "<group>";
		};
		F98A1F24A04ED960E038BE66 /* Supporting Files */ = {
			isa = PBXGroup;
			children = (
				020283B407702B3667F0FA2F /* dsa_pub.pem */,
				253C243D2F00722DCEA8385F /* Info.plist */,
			);
			path = "Supporting Files";
			sourceTree = "<group>";
		};
/* End PBXGroup section */

/* Begin PBXNativeTarget section */
		8FF9876E8FD7DCF951332518 /* Clipy */ = {
			isa = PBXNativeTarget;
			buildConfigurationList = 883AF9C2CF3D99376F1CE1C3 /* Build configuration list for PBXNativeTarget "Clipy" */;
			buildPhases = (
				3155FD2C1D8A991A1DEF6C12 /* [CP] Check Pods Manifest.lock */,
				0C6621218875FB5549020C8D /* Sources */,
				F206A0A94E70008D592D5B5E /* Resources */,
				26C072B8572FECA6AC670115 /* Frameworks */,
				6585E7D75F853DF32B68113A /* [CP] Embed Pods Frameworks */,
			);
			buildRules = (
			);
			dependencies = (
			);
			name = Clipy;
			productName = Clipy;
			productReference = 7FA86371550359D44B30E0A6 /* Clipy.app */;
			productType = "com.apple.product-type.application";
		};
/* End PBXNativeTarget section */

/* Begin PBXProject section */
		3D55993E97C76A296C617782 /* Project object */ = {
			isa = PBXProject;
			attributes = {
				BuildIndependentTargetsInParallel = YES;
				LastUpgradeCheck = 1430;
			};
			buildConfigurationList = 0F8E690E0B03B151F4906705 /* Build configuration list for PBXProject "Clipy" */;
			compatibilityVersion = "Xcode 14.0";
			developmentRegion = en;
			hasScannedForEncodings = 0;
			knownRegions = (
				Base,
				de,
				en,
				it,
				ja,
				"zh-Hans",
			);
			mainGroup = F888982E8997247E2076A8D3;
			minimizedProjectReferenceProxies = 1;
			productRefGroup = 4ACB728D186A59C31CDD413F /* Products */;
			projectDirPath = "";
			projectRoot = "";
			targets = (
				8FF9876E8FD7DCF951332518 /* Clipy */,
			);
		};
/* End PBXProject section */

/* Begin PBXResourcesBuildPhase section */
		F206A0A94E70008D592D5B5E /* Resources */ = {
			isa = PBXResourcesBuildPhase;
			buildActionMask = 2147483647;
			files = (
				CA53FF738F158A1B1459ED94 /* CPYBetaPreferenceViewController.xib in Resources */,
				E935DC02D65BCCBDEA42DC13 /* CPYExcludeAppPreferenceViewController.xib in Resources */,
				23A0507DF4D4ADD29B326F65 /* CPYGeneralPreferenceViewController.xib in Resources */,
				1388C4DBCD875C69CA588A7D /* CPYMenuPreferenceViewController.xib in Resources */,
				5CC69E8D54470FDEDA1B406E /* CPYPreferencesWindowController.xib in Resources */,
				EAB6BBC8F0E3C82A0326ACFF /* CPYShortcutsPreferenceViewController.xib in Resources */,
				B06F8ED0D77F45F8BC376579 /* CPYSnippetsEditorWindowController.xib in Resources */,
				34AD5C4270B8022BF65A771D /* CPYSnippetsEditorWindowController.xib in Resources */,
				4F1B07AC9E0160473F712AE0 /* CPYTypePreferenceViewController.xib in Resources */,
				B78E151F4B1BD93C41D12CD9 /* CPYUpdatesPreferenceViewController.xib in Resources */,
				42807C07438A882137FE4838 /* Images.xcassets in Resources */,
				9617676D5FAA91090C799E82 /* Localizable.strings in Resources */,
				C47F853E638DEEC748571EA0 /* MainMenu.xib in Resources */,
				D61B68380A709C62531EB915 /* colors.txt in Resources */,
				01F5CCDF9D725EE6B802A0B5 /* dsa_pub.pem in Resources */,
			);
			runOnlyForDeploymentPostprocessing = 0;
		};
/* End PBXResourcesBuildPhase section */

/* Begin PBXShellScriptBuildPhase section */
		3155FD2C1D8A991A1DEF6C12 /* [CP] Check Pods Manifest.lock */ = {
			isa = PBXShellScriptBuildPhase;
			buildActionMask = 2147483647;
			files = (
			);
			inputFileListPaths = (
			);
			inputPaths = (
				"${PODS_PODFILE_DIR_PATH}/Podfile.lock",
				"${PODS_ROOT}/Manifest.lock",
			);
			name = "[CP] Check Pods Manifest.lock";
			outputFileListPaths = (
			);
			outputPaths = (
				"$(DERIVED_FILE_DIR)/Pods-Clipy-checkManifestLockResult.txt",
			);
			runOnlyForDeploymentPostprocessing = 0;
			shellPath = /bin/sh;
			shellScript = "diff \"${PODS_PODFILE_DIR_PATH}/Podfile.lock\" \"${PODS_ROOT}/Manifest.lock\" > /dev/null\nif [ $? != 0 ] ; then\n    # print error to STDERR\n    echo \"error: The sandbox is not in sync with the Podfile.lock. Run 'pod install' or update your CocoaPods installation.\" >&2\n    exit 1\nfi\n# This output is used by Xcode 'outputs' to avoid re-running this script phase.\necho \"SUCCESS\" > \"${SCRIPT_OUTPUT_FILE_0}\"\n";
			showEnvVarsInLog = 0;
		};
		6585E7D75F853DF32B68113A /* [CP] Embed Pods Frameworks */ = {
			isa = PBXShellScriptBuildPhase;
			buildActionMask = 2147483647;
			files = (
			);
			inputFileListPaths = (
				"${PODS_ROOT}/Target Support Files/Pods-Clipy/Pods-Clipy-frameworks-${CONFIGURATION}-input-files.xcfilelist",
			);
			name = "[CP] Embed Pods Frameworks";
			outputFileListPaths = (
				"${PODS_ROOT}/Target Support Files/Pods-Clipy/Pods-Clipy-frameworks-${CONFIGURATION}-output-files.xcfilelist",
			);
			runOnlyForDeploymentPostprocessing = 0;
			shellPath = /bin/sh;
			shellScript = "\"${PODS_ROOT}/Target Support Files/Pods-Clipy/Pods-Clipy-frameworks.sh\"\n";
			showEnvVarsInLog = 0;
		};
/* End PBXShellScriptBuildPhase section */

/* Begin PBXSourcesBuildPhase section */
		0C6621218875FB5549020C8D /* Sources */ = {
			isa = PBXSourcesBuildPhase;
			buildActionMask = 2147483647;
			files = (
				CB6E468226984831AC903117 /* AccessibilityService.swift in Sources */,
				BED35BC8466A52D3AFA811E4 /* AppDelegate.swift in Sources */,
				A65D7590D420E428D3654AC6 /* AppEnvironment.swift in Sources */,
				CBE00AD108846CE18948B49F /* Array+Remove.swift in Sources */,
				7F3D766F2B6CF3DD317A6476 /* AssetsImages.swift in Sources */,
				B65F4CD20189EFEFE077CD46 /* CPYAppInfo.swift in Sources */,
				B30A163FF30C69550AD2214A /* CPYBetaPreferenceViewController.swift in Sources */,
				3565197573640C11B3F8354B /* CPYClip.swift in Sources */,
				3D96F135CC8622BC187881D9 /* CPYClipData.swift in Sources */,
				EC5B41A790DD3C767F31C56B /* CPYDesignableButton.swift in Sources */,
				E972A7E9C8155DF5C7E91012 /* CPYDesignableView.swift in Sources */,
				2DFFB2E1986A8FE65281DED0 /* CPYDraggedData.swift in Sources */,
				9B7CE9EC0BA25FFD802AE9AF /* CPYExcludeAppPreferenceViewController.swift in Sources */,
				2CBDB22456F2B3B802B47737 /* CPYFolder.swift in Sources */,
				52A64E11B7B9018A6677C8BB /* CPYPlaceHolderTextView.swift in Sources */,
				5B658C4BE94E340B8F3937D1 /* CPYPreferencesWindowController.swift in Sources */,
				7CA1B23E9D8473398796451E /* CPYShortcutsPreferenceViewController.swift in Sources */,
				974BAA65EE6F3F820423C9A9 /* CPYSnippet.swift in Sources */,
				95FC5AC0086D9A46D87331CB /* CPYSnippetsEditorCell.swift in Sources */,
				3CFE31FA550D8A741C2FAD90 /* CPYSnippetsEditorWindowController.swift in Sources */,
				1B5878ED45F44A8C223E50EE /* CPYSplitView.swift in Sources */,
				12CBB2E4544A9E3226216C28 /* CPYTypePreferenceViewController.swift in Sources */,
				F4A11304EF5F2BC1B89BB466 /* CPYUpdatesPreferenceViewController.swift in Sources */,
				0ABDC06358286CCE5F2DF4B4 /* CPYUtilities.swift in Sources */,
				E8D42DE18E79EEC19D644875 /* ClipService.swift in Sources */,
				0B466F8291B1B4FCD56A6A5D /* Collection+Safe.swift in Sources */,
				0316340D411DCB4ABA48975D /* Colors.swift in Sources */,
				9E5628ED60AC54BCCF24808A /* Constants.swift in Sources */,
				620437DCD9A7A2F862F6854A /* DataCleanService.swift in Sources */,
				1D9E15E1699785E331C79719 /* Environment.swift in Sources */,
				4EC66E04C5D8A7B6AA61C714 /* ExcludeAppService.swift in Sources */,
				ED4961F0A1E74EE7B6D92B96 /* HotKeyService.swift in Sources */,
				82B3C9417B29FF896B720DA0 /* LocalizedStrings.swift in Sources */,
				CCF74F60ED778D8EA36E8B20 /* MenuManager.swift in Sources */,
				317A7B5B727049AB7804657A /* MenuType.swift in Sources */,
				88587478630AC3BBFA062D29 /* NSBundle+Version.swift in Sources */,
				AA99F5C5154746BE60AD01E6 /* NSCoding+Archive.swift in Sources */,
				4C850E1C68F46129DCF406C8 /* NSImage+NSColor.swift in Sources */,
				E9A637C3AF5FFD5F70A219BC /* NSImage+Resize.swift in Sources */,
				E9EFED24A06B0D0BE44D4051 /* NSLock+Clipy.swift in Sources */,
				0D303D49673E9CD6CCE80632 /* NSMenuItem+Initialize.swift in Sources */,
				CD7CC2EB3868DECC70488ACE /* NSPasteboard+Deprecated.swift in Sources */,
				1B5A5F69833210E86BCDB8D1 /* NSUserDefaults+ArchiveData.swift in Sources */,
				811F16EF28A52E8E31249119 /* PasteService.swift in Sources */,
				8703754881B1E970D9FAEB3E /* Realm+Migration.swift in Sources */,
				4D6AB367D0C7423E7EDB3E41 /* Realm+NoCatch.swift in Sources */,
				82618BED2E741F9110D152BE /* String+Substring.swift in Sources */,
			);
			runOnlyForDeploymentPostprocessing = 0;
		};
/* End PBXSourcesBuildPhase section */

/* Begin PBXVariantGroup section */
		083C8E8E39D09B9D495356A8 /* CPYShortcutsPreferenceViewController.xib */ = {
			isa = PBXVariantGroup;
			children = (
				9ACE25D1EC361299AE7C1DB6 /* Base */,
				95A4C6431F973D2809F99F4E /* de */,
				4E4F45073ED3BCCC9F5519BF /* it */,
				FA48DB86A16CE4596EA08D97 /* ja */,
				4356B0896AC56EB02F1BF6AA /* zh-Hans */,
			);
			name = CPYShortcutsPreferenceViewController.xib;
			sourceTree = "<group>";
		};
		09115C3843E0E674D3BF2AC6 /* CPYGeneralPreferenceViewController.xib */ = {
			isa = PBXVariantGroup;
			children = (
				F22F8A8E3A0B11FB869FC09E /* Base */,
				C2AA47CDA62AD38C02DAD480 /* de */,
				AC925B2CC381BD45F63DF0C7 /* it */,
				C8757E04CBEC3733E5757EF9 /* ja */,
				284846CF927B9F84566DCDE4 /* zh-Hans */,
			);
			name = CPYGeneralPreferenceViewController.xib;
			sourceTree = "<group>";
		};
		3437D00E91F0672046A195B6 /* CPYTypePreferenceViewController.xib */ = {
			isa = PBXVariantGroup;
			children = (
				831647615A230E0E8C22F09B /* Base */,
				80FF4038E3F8D1615F942264 /* de */,
				5E10DF2238B797EBFE514C79 /* it */,
				D665DD4D9077AB8EFB3438A5 /* ja */,
				4D8F2354C1361ABF5F5FD98B /* zh-Hans */,
			);
			name = CPYTypePreferenceViewController.xib;
			sourceTree = "<group>";
		};
		5D6A06B6FE296641F68F61BA /* Localizable.strings */ = {
			isa = PBXVariantGroup;
			children = (
				D93329A103560C71B6A6691F /* de */,
				880C7D6662073954262B4646 /* en */,
				D91F95292098D89F3DDFA67B /* it */,
				D6FB26EAF3F763D3ECE7B065 /* ja */,
				4A6155ABE5E02F877AA8BCEB /* zh-Hans */,
			);
			name = Localizable.strings;
			sourceTree = "<group>";
		};
		6593270A83433024B2DA80C4 /* CPYSnippetsEditorWindowController.xib */ = {
			isa = PBXVariantGroup;
			children = (
				9A39B761BE5A41127A7ECE71 /* Base */,
				6A5FA78379BF5E0A1947E30F /* de */,
				043F8CE3D5534FB07FC7943D /* it */,
				0259C3D7F6A554F160023D2D /* ja */,
				AC19B7738DDCE64B4C5D0DA6 /* zh-Hans */,
			);
			name = CPYSnippetsEditorWindowController.xib;
			sourceTree = "<group>";
		};
		773ECE7EA2C5F9D8CA29D964 /* CPYBetaPreferenceViewController.xib */ = {
			isa = PBXVariantGroup;
			children = (
				3B32A5EEF4A3C7AB413ABBF5 /* Base */,
				27145E0E2E3BDAE58263ED4A /* de */,
				3EE2DB47342E32B29B1CEECC /* it */,
				8C955B1AE545314A491FE7D2 /* ja */,
				D95D688597D81D46E8B42716 /* zh-Hans */,
			);
			name = CPYBetaPreferenceViewController.xib;
			sourceTree = "<group>";
		};
		98D6600A39AE68A0A9529A1B /* CPYPreferencesWindowController.xib */ = {
			isa = PBXVariantGroup;
			children = (
				FF75BBEF132294DC42B6EB7B /* Base */,
				F8BB3BF96318AC3C6868B67F /* de */,
				D049674663354525DD83387D /* it */,
				D96C0B4C56FF24BAA656A203 /* ja */,
				ACA09FD5C3163E32469A4D23 /* zh-Hans */,
			);
			name = CPYPreferencesWindowController.xib;
			sourceTree = "<group>";
		};
		A9A1E9F8B57BA58FB70E9ACA /* CPYUpdatesPreferenceViewController.xib */ = {
			isa = PBXVariantGroup;
			children = (
				5B714F2F62619F3B2D2EE575 /* Base */,
				53C2B7F78BE8B25B7F19C1C6 /* de */,
				98C90907401636721F524240 /* it */,
				204356F943C37D6E594499B8 /* ja */,
				11ADA2308F7DC0E9431B1DF5 /* zh-Hans */,
			);
			name = CPYUpdatesPreferenceViewController.xib;
			sourceTree = "<group>";
		};
		AAEB2FB4183DBDDC15FD5270 /* CPYMenuPreferenceViewController.xib */ = {
			isa = PBXVariantGroup;
			children = (
				A05D56894A6D797CE1B50330 /* Base */,
				FF42F83E1DD228CFA586AF75 /* de */,
				E9AC166512B0392ECE9C9C9D /* it */,
				6932632F3C8415C0570D39A0 /* ja */,
				9E4C4B96189CB076203F4FCC /* zh-Hans */,
			);
			name = CPYMenuPreferenceViewController.xib;
			sourceTree = "<group>";
		};
		D88CA4595FD5E8B27D03C662 /* CPYExcludeAppPreferenceViewController.xib */ = {
			isa = PBXVariantGroup;
			children = (
				F5828893EEF4D04044EF48EF /* Base */,
				0D28599DC1E023D19519926B /* de */,
				5D6E0A0CDCAD40B563C1F35F /* it */,
				5D502FB4D9B13A1F3D433042 /* ja */,
				863BB2128E13F0CCDB069A8A /* zh-Hans */,
			);
			name = CPYExcludeAppPreferenceViewController.xib;
			sourceTree = "<group>";
		};
/* End PBXVariantGroup section */

/* Begin XCBuildConfiguration section */
		7C78F0E624F6C5FAF2BE9D24 /* Release */ = {
			isa = XCBuildConfiguration;
			baseConfigurationReference = 2C808F9A602BF00A40B6B9D2 /* Pods-Clipy.release.xcconfig */;
			buildSettings = {
				ASSETCATALOG_COMPILER_APPICON_NAME = AppIcon;
				COMBINE_HIDPI_IMAGES = YES;
				INFOPLIST_FILE = "Clipy/Supporting Files/Info.plist";
				LD_RUNPATH_SEARCH_PATHS = (
					"$(inherited)",
					"@executable_path/../Frameworks",
				);
				PRODUCT_BUNDLE_IDENTIFIER = "com.clipy-app.Clipy";
				SDKROOT = macosx;
				SWIFT_ENABLE_EXPLICIT_MODULES = NO;
			};
			name = Release;
		};
		7F144593EBD1C80B8491D6B3 /* Release */ = {
			isa = XCBuildConfiguration;
			buildSettings = {
				ALWAYS_SEARCH_USER_PATHS = NO;
				ASSETCATALOG_COMPILER_APPICON_NAME = AppIcon;
				CLANG_ANALYZER_NONNULL = YES;
				CLANG_ANALYZER_NUMBER_OBJECT_CONVERSION = YES_AGGRESSIVE;
				CLANG_CXX_LANGUAGE_STANDARD = "gnu++14";
				CLANG_CXX_LIBRARY = "libc++";
				CLANG_ENABLE_MODULES = YES;
				CLANG_ENABLE_OBJC_ARC = YES;
				CLANG_ENABLE_OBJC_WEAK = YES;
				CLANG_WARN_BLOCK_CAPTURE_AUTORELEASING = YES;
				CLANG_WARN_BOOL_CONVERSION = YES;
				CLANG_WARN_COMMA = YES;
				CLANG_WARN_CONSTANT_CONVERSION = YES;
				CLANG_WARN_DEPRECATED_OBJC_IMPLEMENTATIONS = YES;
				CLANG_WARN_DIRECT_OBJC_ISA_USAGE = YES_ERROR;
				CLANG_WARN_DOCUMENTATION_COMMENTS = YES;
				CLANG_WARN_EMPTY_BODY = YES;
				CLANG_WARN_ENUM_CONVERSION = YES;
				CLANG_WARN_INFINITE_RECURSION = YES;
				CLANG_WARN_INT_CONVERSION = YES;
				CLANG_WARN_NON_LITERAL_NULL_CONVERSION = YES;
				CLANG_WARN_OBJC_IMPLICIT_RETAIN_SELF = YES;
				CLANG_WARN_OBJC_LITERAL_CONVERSION = YES;
				CLANG_WARN_OBJC_ROOT_CLASS = YES_ERROR;
				CLANG_WARN_QUOTED_INCLUDE_IN_FRAMEWORK_HEADER = YES;
				CLANG_WARN_RANGE_LOOP_ANALYSIS = YES;
				CLANG_WARN_STRICT_PROTOTYPES = YES;
				CLANG_WARN_SUSPICIOUS_MOVE = YES;
				CLANG_WARN_UNGUARDED_AVAILABILITY = YES_AGGRESSIVE;
				CLANG_WARN_UNREACHABLE_CODE = YES;
				CLANG_WARN__DUPLICATE_METHOD_MATCH = YES;
				COMBINE_HIDPI_IMAGES = YES;
				COPY_PHASE_STRIP = NO;
				CURRENT_PROJECT_VERSION = 1;
				DEBUG_INFORMATION_FORMAT = "dwarf-with-dsym";
				ENABLE_NS_ASSERTIONS = NO;
				ENABLE_STRICT_OBJC_MSGSEND = YES;
				GCC_C_LANGUAGE_STANDARD = gnu11;
				GCC_NO_COMMON_BLOCKS = YES;
				GCC_WARN_64_TO_32_BIT_CONVERSION = YES;
				GCC_WARN_ABOUT_RETURN_TYPE = YES_ERROR;
				GCC_WARN_UNDECLARED_SELECTOR = YES;
				GCC_WARN_UNINITIALIZED_AUTOS = YES_AGGRESSIVE;
				GCC_WARN_UNUSED_FUNCTION = YES;
				GCC_WARN_UNUSED_VARIABLE = YES;
				INFOPLIST_FILE = "Clipy/Supporting Files/Info.plist";
				LD_RUNPATH_SEARCH_PATHS = (
					"$(inherited)",
					"@executable_path/../Frameworks",
				);
				MACOSX_DEPLOYMENT_TARGET = 10.13;
				MARKETING_VERSION = 1.2.1;
				MTL_ENABLE_DEBUG_INFO = NO;
				MTL_FAST_MATH = YES;
				PRODUCT_NAME = Clipy;
				SDKROOT = macosx;
				SWIFT_COMPILATION_MODE = wholemodule;
				SWIFT_OPTIMIZATION_LEVEL = "-O";
				SWIFT_VERSION = 5.0;
			};
			name = Release;
		};
		E132DF6022C2A1A1C5C2DED6 /* Debug */ = {
			isa = XCBuildConfiguration;
			baseConfigurationReference = 4E47EB137966427803272595 /* Pods-Clipy.debug.xcconfig */;
			buildSettings = {
				ASSETCATALOG_COMPILER_APPICON_NAME = AppIcon;
				COMBINE_HIDPI_IMAGES = YES;
				INFOPLIST_FILE = "Clipy/Supporting Files/Info.plist";
				LD_RUNPATH_SEARCH_PATHS = (
					"$(inherited)",
					"@executable_path/../Frameworks",
				);
				PRODUCT_BUNDLE_IDENTIFIER = "com.clipy-app.Clipy";
				SDKROOT = macosx;
				SWIFT_ENABLE_EXPLICIT_MODULES = NO;
			};
			name = Debug;
		};
		E3369BEE2B9F826544DD73FB /* Debug */ = {
			isa = XCBuildConfiguration;
			buildSettings = {
				ALWAYS_SEARCH_USER_PATHS = NO;
				ASSETCATALOG_COMPILER_APPICON_NAME = AppIcon;
				CLANG_ANALYZER_NONNULL = YES;
				CLANG_ANALYZER_NUMBER_OBJECT_CONVERSION = YES_AGGRESSIVE;
				CLANG_CXX_LANGUAGE_STANDARD = "gnu++14";
				CLANG_CXX_LIBRARY = "libc++";
				CLANG_ENABLE_MODULES = YES;
				CLANG_ENABLE_OBJC_ARC = YES;
				CLANG_ENABLE_OBJC_WEAK = YES;
				CLANG_WARN_BLOCK_CAPTURE_AUTORELEASING = YES;
				CLANG_WARN_BOOL_CONVERSION = YES;
				CLANG_WARN_COMMA = YES;
				CLANG_WARN_CONSTANT_CONVERSION = YES;
				CLANG_WARN_DEPRECATED_OBJC_IMPLEMENTATIONS = YES;
				CLANG_WARN_DIRECT_OBJC_ISA_USAGE = YES_ERROR;
				CLANG_WARN_DOCUMENTATION_COMMENTS = YES;
				CLANG_WARN_EMPTY_BODY = YES;
				CLANG_WARN_ENUM_CONVERSION = YES;
				CLANG_WARN_INFINITE_RECURSION = YES;
				CLANG_WARN_INT_CONVERSION = YES;
				CLANG_WARN_NON_LITERAL_NULL_CONVERSION = YES;
				CLANG_WARN_OBJC_IMPLICIT_RETAIN_SELF = YES;
				CLANG_WARN_OBJC_LITERAL_CONVERSION = YES;
				CLANG_WARN_OBJC_ROOT_CLASS = YES_ERROR;
				CLANG_WARN_QUOTED_INCLUDE_IN_FRAMEWORK_HEADER = YES;
				CLANG_WARN_RANGE_LOOP_ANALYSIS = YES;
				CLANG_WARN_STRICT_PROTOTYPES = YES;
				CLANG_WARN_SUSPICIOUS_MOVE = YES;
				CLANG_WARN_UNGUARDED_AVAILABILITY = YES_AGGRESSIVE;
				CLANG_WARN_UNREACHABLE_CODE = YES;
				CLANG_WARN__DUPLICATE_METHOD_MATCH = YES;
				COMBINE_HIDPI_IMAGES = YES;
				COPY_PHASE_STRIP = NO;
				CURRENT_PROJECT_VERSION = 1;
				DEBUG_INFORMATION_FORMAT = dwarf;
				ENABLE_STRICT_OBJC_MSGSEND = YES;
				ENABLE_TESTABILITY = YES;
				GCC_C_LANGUAGE_STANDARD = gnu11;
				GCC_DYNAMIC_NO_PIC = NO;
				GCC_NO_COMMON_BLOCKS = YES;
				GCC_OPTIMIZATION_LEVEL = 0;
				GCC_PREPROCESSOR_DEFINITIONS = (
					"$(inherited)",
					"DEBUG=1",
				);
				GCC_WARN_64_TO_32_BIT_CONVERSION = YES;
				GCC_WARN_ABOUT_RETURN_TYPE = YES_ERROR;
				GCC_WARN_UNDECLARED_SELECTOR = YES;
				GCC_WARN_UNINITIALIZED_AUTOS = YES_AGGRESSIVE;
				GCC_WARN_UNUSED_FUNCTION = YES;
				GCC_WARN_UNUSED_VARIABLE = YES;
				INFOPLIST_FILE = "Clipy/Supporting Files/Info.plist";
				LD_RUNPATH_SEARCH_PATHS = (
					"$(inherited)",
					"@executable_path/../Frameworks",
				);
				MACOSX_DEPLOYMENT_TARGET = 10.13;
				MARKETING_VERSION = 1.2.1;
				MTL_ENABLE_DEBUG_INFO = INCLUDE_SOURCE;
				MTL_FAST_MATH = YES;
				ONLY_ACTIVE_ARCH = YES;
				PRODUCT_NAME = Clipy;
				SDKROOT = macosx;
				SWIFT_ACTIVE_COMPILATION_CONDITIONS = DEBUG;
				SWIFT_OPTIMIZATION_LEVEL = "-Onone";
				SWIFT_VERSION = 5.0;
			};
			name = Debug;
		};
/* End XCBuildConfiguration section */

/* Begin XCConfigurationList section */
		0F8E690E0B03B151F4906705 /* Build configuration list for PBXProject "Clipy" */ = {
			isa = XCConfigurationList;
			buildConfigurations = (
				E3369BEE2B9F826544DD73FB /* Debug */,
				7F144593EBD1C80B8491D6B3 /* Release */,
			);
			defaultConfigurationIsVisible = 0;
			defaultConfigurationName = Debug;
		};
		883AF9C2CF3D99376F1CE1C3 /* Build configuration list for PBXNativeTarget "Clipy" */ = {
			isa = XCConfigurationList;
			buildConfigurations = (
				E132DF6022C2A1A1C5C2DED6 /* Debug */,
				7C78F0E624F6C5FAF2BE9D24 /* Release */,
			);
			defaultConfigurationIsVisible = 0;
			defaultConfigurationName = Debug;
		};
/* End XCConfigurationList section */
	};
	rootObject = 3D55993E97C76A296C617782 /* Project object */;
}
