// !$*UTF8*$!
{
	archiveVersion = 1;
	classes = {
	};
	objectVersion = 46;
	objects = {

/* Begin PBXBuildFile section */
		314FDE9A4D3E3E721CE4CA43 /* libPods.a in Frameworks */ = {isa = PBXBuildFile; fileRef = 8FD02AEC500E951DF3566C0B /* libPods.a */; };
		FAC43DCC1B35D8B100C06102 /* AppDelegate.swift in Sources */ = {isa = PBXBuildFile; fileRef = FAC43DCB1B35D8B100C06102 /* AppDelegate.swift */; };
		FAC43DD01B35D8B100C06102 /* Images.xcassets in Resources */ = {isa = PBXBuildFile; fileRef = FAC43DCF1B35D8B100C06102 /* Images.xcassets */; };
		FAC43DD31B35D8B100C06102 /* Main.storyboard in Resources */ = {isa = PBXBuildFile; fileRef = FAC43DD11B35D8B100C06102 /* Main.storyboard */; };
		FAC43DDF1B35D8B100C06102 /* ClipyTests.swift in Sources */ = {isa = PBXBuildFile; fileRef = FAC43DDE1B35D8B100C06102 /* ClipyTests.swift */; };
/* End PBXBuildFile section */

/* Begin PBXContainerItemProxy section */
		FAC43DD91B35D8B100C06102 /* PBXContainerItemProxy */ = {
			isa = PBXContainerItemProxy;
			containerPortal = FAC43DBE1B35D8B100C06102 /* Project object */;
			proxyType = 1;
			remoteGlobalIDString = FAC43DC51B35D8B100C06102;
			remoteInfo = Clipy;
		};
/* End PBXContainerItemProxy section */

/* Begin PBXFileReference section */
		8FD02AEC500E951DF3566C0B /* libPods.a */ = {isa = PBXFileReference; explicitFileType = archive.ar; includeInIndex = 0; path = libPods.a; sourceTree = BUILT_PRODUCTS_DIR; };
		95188F89C10FD1FC6DB0F825 /* Pods.release.xcconfig */ = {isa = PBXFileReference; includeInIndex = 1; lastKnownFileType = text.xcconfig; name = Pods.release.xcconfig; path = "Pods/Target Support Files/Pods/Pods.release.xcconfig"; sourceTree = "<group>"; };
		E2265F0B70723AFEA6D247B6 /* Pods.debug.xcconfig */ = {isa = PBXFileReference; includeInIndex = 1; lastKnownFileType = text.xcconfig; name = Pods.debug.xcconfig; path = "Pods/Target Support Files/Pods/Pods.debug.xcconfig"; sourceTree = "<group>"; };
		FAC43DC61B35D8B100C06102 /* Clipy.app */ = {isa = PBXFileReference; explicitFileType = wrapper.application; includeInIndex = 0; path = Clipy.app; sourceTree = BUILT_PRODUCTS_DIR; };
		FAC43DCA1B35D8B100C06102 /* Info.plist */ = {isa = PBXFileReference; lastKnownFileType = text.plist.xml; path = Info.plist; sourceTree = "<group>"; };
		FAC43DCB1B35D8B100C06102 /* AppDelegate.swift */ = {isa = PBXFileReference; lastKnownFileType = sourcecode.swift; path = AppDelegate.swift; sourceTree = "<group>"; };
		FAC43DCF1B35D8B100C06102 /* Images.xcassets */ = {isa = PBXFileReference; lastKnownFileType = folder.assetcatalog; path = Images.xcassets; sourceTree = "<group>"; };
		FAC43DD21B35D8B100C06102 /* Base */ = {isa = PBXFileReference; lastKnownFileType = file.storyboard; name = Base; path = Base.lproj/Main.storyboard; sourceTree = "<group>"; };
		FAC43DD81B35D8B100C06102 /* ClipyTests.xctest */ = {isa = PBXFileReference; explicitFileType = wrapper.cfbundle; includeInIndex = 0; path = ClipyTests.xctest; sourceTree = BUILT_PRODUCTS_DIR; };
		FAC43DDD1B35D8B100C06102 /* Info.plist */ = {isa = PBXFileReference; lastKnownFileType = text.plist.xml; path = Info.plist; sourceTree = "<group>"; };
		FAC43DDE1B35D8B100C06102 /* ClipyTests.swift */ = {isa = PBXFileReference; lastKnownFileType = sourcecode.swift; path = ClipyTests.swift; sourceTree = "<group>"; };
		FAC43DE81B35DAA400C06102 /* Clipy-Bridging-Header.h */ = {isa = PBXFileReference; lastKnownFileType = sourcecode.c.h; path = "Clipy-Bridging-Header.h"; sourceTree = "<group>"; };
/* End PBXFileReference section */

/* Begin PBXFrameworksBuildPhase section */
		FAC43DC31B35D8B100C06102 /* Frameworks */ = {
			isa = PBXFrameworksBuildPhase;
			buildActionMask = 2147483647;
			files = (
				314FDE9A4D3E3E721CE4CA43 /* libPods.a in Frameworks */,
			);
			runOnlyForDeploymentPostprocessing = 0;
		};
		FAC43DD51B35D8B100C06102 /* Frameworks */ = {
			isa = PBXFrameworksBuildPhase;
			buildActionMask = 2147483647;
			files = (
			);
			runOnlyForDeploymentPostprocessing = 0;
		};
/* End PBXFrameworksBuildPhase section */

/* Begin PBXGroup section */
		2CB0F71AAC48A392535FD3B0 /* Frameworks */ = {
			isa = PBXGroup;
			children = (
				8FD02AEC500E951DF3566C0B /* libPods.a */,
			);
			name = Frameworks;
			sourceTree = "<group>";
		};
		613917866A675237A79A4556 /* Pods */ = {
			isa = PBXGroup;
			children = (
				E2265F0B70723AFEA6D247B6 /* Pods.debug.xcconfig */,
				95188F89C10FD1FC6DB0F825 /* Pods.release.xcconfig */,
			);
			name = Pods;
			sourceTree = "<group>";
		};
		FAC43DBD1B35D8B100C06102 = {
			isa = PBXGroup;
			children = (
				FAC43DC81B35D8B100C06102 /* Clipy */,
				FAC43DDB1B35D8B100C06102 /* ClipyTests */,
				FAC43DC71B35D8B100C06102 /* Products */,
				613917866A675237A79A4556 /* Pods */,
				2CB0F71AAC48A392535FD3B0 /* Frameworks */,
			);
			sourceTree = "<group>";
		};
		FAC43DC71B35D8B100C06102 /* Products */ = {
			isa = PBXGroup;
			children = (
				FAC43DC61B35D8B100C06102 /* Clipy.app */,
				FAC43DD81B35D8B100C06102 /* ClipyTests.xctest */,
			);
			name = Products;
			sourceTree = "<group>";
		};
		FAC43DC81B35D8B100C06102 /* Clipy */ = {
			isa = PBXGroup;
			children = (
				FAC43DEC1B35DABC00C06102 /* AppDelegate */,
				FAC43DCF1B35D8B100C06102 /* Images.xcassets */,
				FAC43DD11B35D8B100C06102 /* Main.storyboard */,
				FAC43DC91B35D8B100C06102 /* Supporting Files */,
			);
			path = Clipy;
			sourceTree = "<group>";
		};
		FAC43DC91B35D8B100C06102 /* Supporting Files */ = {
			isa = PBXGroup;
			children = (
				FAC43DCA1B35D8B100C06102 /* Info.plist */,
				FAC43DE81B35DAA400C06102 /* Clipy-Bridging-Header.h */,
			);
			name = "Supporting Files";
			sourceTree = "<group>";
		};
		FAC43DDB1B35D8B100C06102 /* ClipyTests */ = {
			isa = PBXGroup;
			children = (
				FAC43DDE1B35D8B100C06102 /* ClipyTests.swift */,
				FAC43DDC1B35D8B100C06102 /* Supporting Files */,
			);
			path = ClipyTests;
			sourceTree = "<group>";
		};
		FAC43DDC1B35D8B100C06102 /* Supporting Files */ = {
			isa = PBXGroup;
			children = (
				FAC43DDD1B35D8B100C06102 /* Info.plist */,
			);
			name = "Supporting Files";
			sourceTree = "<group>";
		};
		FAC43DEC1B35DABC00C06102 /* AppDelegate */ = {
			isa = PBXGroup;
			children = (
				FAC43DCB1B35D8B100C06102 /* AppDelegate.swift */,
			);
			name = AppDelegate;
			sourceTree = "<group>";
		};
/* End PBXGroup section */

/* Begin PBXNativeTarget section */
		FAC43DC51B35D8B100C06102 /* Clipy */ = {
			isa = PBXNativeTarget;
			buildConfigurationList = FAC43DE21B35D8B100C06102 /* Build configuration list for PBXNativeTarget "Clipy" */;
			buildPhases = (
				1322803958BEE0411B7E81CF /* Check Pods Manifest.lock */,
				FAC43DC21B35D8B100C06102 /* Sources */,
				FAC43DC31B35D8B100C06102 /* Frameworks */,
				FAC43DC41B35D8B100C06102 /* Resources */,
				A5423A032C243BC92F38902D /* Copy Pods Resources */,
			);
			buildRules = (
			);
			dependencies = (
			);
			name = Clipy;
			productName = Clipy;
			productReference = FAC43DC61B35D8B100C06102 /* Clipy.app */;
			productType = "com.apple.product-type.application";
		};
		FAC43DD71B35D8B100C06102 /* ClipyTests */ = {
			isa = PBXNativeTarget;
			buildConfigurationList = FAC43DE51B35D8B100C06102 /* Build configuration list for PBXNativeTarget "ClipyTests" */;
			buildPhases = (
				FAC43DD41B35D8B100C06102 /* Sources */,
				FAC43DD51B35D8B100C06102 /* Frameworks */,
				FAC43DD61B35D8B100C06102 /* Resources */,
			);
			buildRules = (
			);
			dependencies = (
				FAC43DDA1B35D8B100C06102 /* PBXTargetDependency */,
			);
			name = ClipyTests;
			productName = ClipyTests;
			productReference = FAC43DD81B35D8B100C06102 /* ClipyTests.xctest */;
			productType = "com.apple.product-type.bundle.unit-test";
		};
/* End PBXNativeTarget section */

/* Begin PBXProject section */
		FAC43DBE1B35D8B100C06102 /* Project object */ = {
			isa = PBXProject;
			attributes = {
				CLASSPREFIX = CPY;
				LastUpgradeCheck = 0630;
				ORGANIZATIONNAME = "Shunsuke Furubayashi";
				TargetAttributes = {
					FAC43DC51B35D8B100C06102 = {
						CreatedOnToolsVersion = 6.3.2;
					};
					FAC43DD71B35D8B100C06102 = {
						CreatedOnToolsVersion = 6.3.2;
						TestTargetID = FAC43DC51B35D8B100C06102;
					};
				};
			};
			buildConfigurationList = FAC43DC11B35D8B100C06102 /* Build configuration list for PBXProject "Clipy" */;
			compatibilityVersion = "Xcode 3.2";
			developmentRegion = English;
			hasScannedForEncodings = 0;
			knownRegions = (
				en,
				Base,
			);
			mainGroup = FAC43DBD1B35D8B100C06102;
			productRefGroup = FAC43DC71B35D8B100C06102 /* Products */;
			projectDirPath = "";
			projectRoot = "";
			targets = (
				FAC43DC51B35D8B100C06102 /* Clipy */,
				FAC43DD71B35D8B100C06102 /* ClipyTests */,
			);
		};
/* End PBXProject section */

/* Begin PBXResourcesBuildPhase section */
		FAC43DC41B35D8B100C06102 /* Resources */ = {
			isa = PBXResourcesBuildPhase;
			buildActionMask = 2147483647;
			files = (
				FAC43DD01B35D8B100C06102 /* Images.xcassets in Resources */,
				FAC43DD31B35D8B100C06102 /* Main.storyboard in Resources */,
			);
			runOnlyForDeploymentPostprocessing = 0;
		};
		FAC43DD61B35D8B100C06102 /* Resources */ = {
			isa = PBXResourcesBuildPhase;
			buildActionMask = 2147483647;
			files = (
			);
			runOnlyForDeploymentPostprocessing = 0;
		};
/* End PBXResourcesBuildPhase section */

/* Begin PBXShellScriptBuildPhase section */
		1322803958BEE0411B7E81CF /* Check Pods Manifest.lock */ = {
			isa = PBXShellScriptBuildPhase;
			buildActionMask = 2147483647;
			files = (
			);
			inputPaths = (
			);
			name = "Check Pods Manifest.lock";
			outputPaths = (
			);
			runOnlyForDeploymentPostprocessing = 0;
			shellPath = /bin/sh;
			shellScript = "diff \"${PODS_ROOT}/../Podfile.lock\" \"${PODS_ROOT}/Manifest.lock\" > /dev/null\nif [[ $? != 0 ]] ; then\n    cat << EOM\nerror: The sandbox is not in sync with the Podfile.lock. Run 'pod install' or update your CocoaPods installation.\nEOM\n    exit 1\nfi\n";
			showEnvVarsInLog = 0;
		};
		A5423A032C243BC92F38902D /* Copy Pods Resources */ = {
			isa = PBXShellScriptBuildPhase;
			buildActionMask = 2147483647;
			files = (
			);
			inputPaths = (
			);
			name = "Copy Pods Resources";
			outputPaths = (
			);
			runOnlyForDeploymentPostprocessing = 0;
			shellPath = /bin/sh;
			shellScript = "\"${SRCROOT}/Pods/Target Support Files/Pods/Pods-resources.sh\"\n";
			showEnvVarsInLog = 0;
		};
/* End PBXShellScriptBuildPhase section */

/* Begin PBXSourcesBuildPhase section */
		FAC43DC21B35D8B100C06102 /* Sources */ = {
			isa = PBXSourcesBuildPhase;
			buildActionMask = 2147483647;
			files = (
				FAC43DCC1B35D8B100C06102 /* AppDelegate.swift in Sources */,
			);
			runOnlyForDeploymentPostprocessing = 0;
		};
		FAC43DD41B35D8B100C06102 /* Sources */ = {
			isa = PBXSourcesBuildPhase;
			buildActionMask = 2147483647;
			files = (
				FAC43DDF1B35D8B100C06102 /* ClipyTests.swift in Sources */,
			);
			runOnlyForDeploymentPostprocessing = 0;
		};
/* End PBXSourcesBuildPhase section */

/* Begin PBXTargetDependency section */
		FAC43DDA1B35D8B100C06102 /* PBXTargetDependency */ = {
			isa = PBXTargetDependency;
			target = FAC43DC51B35D8B100C06102 /* Clipy */;
			targetProxy = FAC43DD91B35D8B100C06102 /* PBXContainerItemProxy */;
		};
/* End PBXTargetDependency section */

/* Begin PBXVariantGroup section */
		FAC43DD11B35D8B100C06102 /* Main.storyboard */ = {
			isa = PBXVariantGroup;
			children = (
				FAC43DD21B35D8B100C06102 /* Base */,
			);
			name = Main.storyboard;
			sourceTree = "<group>";
		};
/* End PBXVariantGroup section */

/* Begin XCBuildConfiguration section */
		FAC43DE01B35D8B100C06102 /* Debug */ = {
			isa = XCBuildConfiguration;
			buildSettings = {
				ALWAYS_SEARCH_USER_PATHS = NO;
				CLANG_CXX_LANGUAGE_STANDARD = "gnu++0x";
				CLANG_CXX_LIBRARY = "libc++";
				CLANG_ENABLE_MODULES = YES;
				CLANG_ENABLE_OBJC_ARC = YES;
				CLANG_WARN_BOOL_CONVERSION = YES;
				CLANG_WARN_CONSTANT_CONVERSION = YES;
				CLANG_WARN_DIRECT_OBJC_ISA_USAGE = YES_ERROR;
				CLANG_WARN_EMPTY_BODY = YES;
				CLANG_WARN_ENUM_CONVERSION = YES;
				CLANG_WARN_INT_CONVERSION = YES;
				CLANG_WARN_OBJC_ROOT_CLASS = YES_ERROR;
				CLANG_WARN_UNREACHABLE_CODE = YES;
				CLANG_WARN__DUPLICATE_METHOD_MATCH = YES;
				CODE_SIGN_IDENTITY = "-";
				COPY_PHASE_STRIP = NO;
				DEBUG_INFORMATION_FORMAT = dwarf;
				ENABLE_STRICT_OBJC_MSGSEND = YES;
				GCC_C_LANGUAGE_STANDARD = gnu99;
				GCC_DYNAMIC_NO_PIC = NO;
				GCC_NO_COMMON_BLOCKS = YES;
				GCC_OPTIMIZATION_LEVEL = 0;
				GCC_PREPROCESSOR_DEFINITIONS = (
					"DEBUG=1",
					"$(inherited)",
				);
				GCC_SYMBOLS_PRIVATE_EXTERN = NO;
				GCC_WARN_64_TO_32_BIT_CONVERSION = YES;
				GCC_WARN_ABOUT_RETURN_TYPE = YES_ERROR;
				GCC_WARN_UNDECLARED_SELECTOR = YES;
				GCC_WARN_UNINITIALIZED_AUTOS = YES_AGGRESSIVE;
				GCC_WARN_UNUSED_FUNCTION = YES;
				GCC_WARN_UNUSED_VARIABLE = YES;
				MACOSX_DEPLOYMENT_TARGET = 10.9;
				MTL_ENABLE_DEBUG_INFO = YES;
				ONLY_ACTIVE_ARCH = YES;
				SDKROOT = macosx;
				SWIFT_OPTIMIZATION_LEVEL = "-Onone";
			};
			name = Debug;
		};
		FAC43DE11B35D8B100C06102 /* Release */ = {
			isa = XCBuildConfiguration;
			buildSettings = {
				ALWAYS_SEARCH_USER_PATHS = NO;
				CLANG_CXX_LANGUAGE_STANDARD = "gnu++0x";
				CLANG_CXX_LIBRARY = "libc++";
				CLANG_ENABLE_MODULES = YES;
				CLANG_ENABLE_OBJC_ARC = YES;
				CLANG_WARN_BOOL_CONVERSION = YES;
				CLANG_WARN_CONSTANT_CONVERSION = YES;
				CLANG_WARN_DIRECT_OBJC_ISA_USAGE = YES_ERROR;
				CLANG_WARN_EMPTY_BODY = YES;
				CLANG_WARN_ENUM_CONVERSION = YES;
				CLANG_WARN_INT_CONVERSION = YES;
				CLANG_WARN_OBJC_ROOT_CLASS = YES_ERROR;
				CLANG_WARN_UNREACHABLE_CODE = YES;
				CLANG_WARN__DUPLICATE_METHOD_MATCH = YES;
				CODE_SIGN_IDENTITY = "-";
				COPY_PHASE_STRIP = NO;
				DEBUG_INFORMATION_FORMAT = "dwarf-with-dsym";
				ENABLE_NS_ASSERTIONS = NO;
				ENABLE_STRICT_OBJC_MSGSEND = YES;
				GCC_C_LANGUAGE_STANDARD = gnu99;
				GCC_NO_COMMON_BLOCKS = YES;
				GCC_WARN_64_TO_32_BIT_CONVERSION = YES;
				GCC_WARN_ABOUT_RETURN_TYPE = YES_ERROR;
				GCC_WARN_UNDECLARED_SELECTOR = YES;
				GCC_WARN_UNINITIALIZED_AUTOS = YES_AGGRESSIVE;
				GCC_WARN_UNUSED_FUNCTION = YES;
				GCC_WARN_UNUSED_VARIABLE = YES;
				MACOSX_DEPLOYMENT_TARGET = 10.9;
				MTL_ENABLE_DEBUG_INFO = NO;
				SDKROOT = macosx;
			};
			name = Release;
		};
		FAC43DE31B35D8B100C06102 /* Debug */ = {
			isa = XCBuildConfiguration;
			baseConfigurationReference = E2265F0B70723AFEA6D247B6 /* Pods.debug.xcconfig */;
			buildSettings = {
				ASSETCATALOG_COMPILER_APPICON_NAME = AppIcon;
				CLANG_ENABLE_MODULES = YES;
				CODE_SIGN_IDENTITY = "";
				COMBINE_HIDPI_IMAGES = YES;
				INFOPLIST_FILE = Clipy/Info.plist;
				LD_RUNPATH_SEARCH_PATHS = "$(inherited) @executable_path/../Frameworks";
				MACOSX_DEPLOYMENT_TARGET = 10.9;
				PRODUCT_NAME = "$(TARGET_NAME)";
				SWIFT_OBJC_BRIDGING_HEADER = "Clipy/Clipy-Bridging-Header.h";
				SWIFT_OPTIMIZATION_LEVEL = "-Onone";
			};
			name = Debug;
		};
		FAC43DE41B35D8B100C06102 /* Release */ = {
			isa = XCBuildConfiguration;
			baseConfigurationReference = 95188F89C10FD1FC6DB0F825 /* Pods.release.xcconfig */;
			buildSettings = {
				ASSETCATALOG_COMPILER_APPICON_NAME = AppIcon;
				CLANG_ENABLE_MODULES = YES;
				CODE_SIGN_IDENTITY = "";
				COMBINE_HIDPI_IMAGES = YES;
				INFOPLIST_FILE = Clipy/Info.plist;
				LD_RUNPATH_SEARCH_PATHS = "$(inherited) @executable_path/../Frameworks";
				MACOSX_DEPLOYMENT_TARGET = 10.9;
				PRODUCT_NAME = "$(TARGET_NAME)";
				SWIFT_OBJC_BRIDGING_HEADER = "Clipy/Clipy-Bridging-Header.h";
			};
			name = Release;
		};
		FAC43DE61B35D8B100C06102 /* Debug */ = {
			isa = XCBuildConfiguration;
			buildSettings = {
				BUNDLE_LOADER = "$(TEST_HOST)";
				COMBINE_HIDPI_IMAGES = YES;
				FRAMEWORK_SEARCH_PATHS = (
					"$(DEVELOPER_FRAMEWORKS_DIR)",
					"$(inherited)",
				);
				GCC_PREPROCESSOR_DEFINITIONS = (
					"DEBUG=1",
					"$(inherited)",
				);
				INFOPLIST_FILE = ClipyTests/Info.plist;
				LD_RUNPATH_SEARCH_PATHS = "$(inherited) @executable_path/../Frameworks @loader_path/../Frameworks";
				PRODUCT_NAME = "$(TARGET_NAME)";
				TEST_HOST = "$(BUILT_PRODUCTS_DIR)/Clipy.app/Contents/MacOS/Clipy";
			};
			name = Debug;
		};
		FAC43DE71B35D8B100C06102 /* Release */ = {
			isa = XCBuildConfiguration;
			buildSettings = {
				BUNDLE_LOADER = "$(TEST_HOST)";
				COMBINE_HIDPI_IMAGES = YES;
				FRAMEWORK_SEARCH_PATHS = (
					"$(DEVELOPER_FRAMEWORKS_DIR)",
					"$(inherited)",
				);
				INFOPLIST_FILE = ClipyTests/Info.plist;
				LD_RUNPATH_SEARCH_PATHS = "$(inherited) @executable_path/../Frameworks @loader_path/../Frameworks";
				PRODUCT_NAME = "$(TARGET_NAME)";
				TEST_HOST = "$(BUILT_PRODUCTS_DIR)/Clipy.app/Contents/MacOS/Clipy";
			};
			name = Release;
		};
/* End XCBuildConfiguration section */

/* Begin XCConfigurationList section */
		FAC43DC11B35D8B100C06102 /* Build configuration list for PBXProject "Clipy" */ = {
			isa = XCConfigurationList;
			buildConfigurations = (
				FAC43DE01B35D8B100C06102 /* Debug */,
				FAC43DE11B35D8B100C06102 /* Release */,
			);
			defaultConfigurationIsVisible = 0;
			defaultConfigurationName = Release;
		};
		FAC43DE21B35D8B100C06102 /* Build configuration list for PBXNativeTarget "Clipy" */ = {
			isa = XCConfigurationList;
			buildConfigurations = (
				FAC43DE31B35D8B100C06102 /* Debug */,
				FAC43DE41B35D8B100C06102 /* Release */,
			);
			defaultConfigurationIsVisible = 0;
			defaultConfigurationName = Release;
		};
		FAC43DE51B35D8B100C06102 /* Build configuration list for PBXNativeTarget "ClipyTests" */ = {
			isa = XCConfigurationList;
			buildConfigurations = (
				FAC43DE61B35D8B100C06102 /* Debug */,
				FAC43DE71B35D8B100C06102 /* Release */,
			);
			defaultConfigurationIsVisible = 0;
			defaultConfigurationName = Release;
		};
/* End XCConfigurationList section */
	};
	rootObject = FAC43DBE1B35D8B100C06102 /* Project object */;
}
