// !$*UTF8*$!
{
	archiveVersion = 1;
	classes = {
	};
	objectVersion = 46;
	objects = {

/* Begin PBXBuildFile section */
		5E0701B212AFC1AEBE5FA462 /* Pods_Clipy.framework in Frameworks */ = {isa = PBXBuildFile; fileRef = 49262C44884B1EFE07ED5628 /* Pods_Clipy.framework */; };
		BAB1E94AD525CCA86B3D9269 /* Pods_ClipyTests.framework in Frameworks */ = {isa = PBXBuildFile; fileRef = 7704468A08D3F1887B4F2605 /* Pods_ClipyTests.framework */; };
		FA04129B1D58B8F400D99551 /* CPYExcludeAppPreferenceViewController.swift in Sources */ = {isa = PBXBuildFile; fileRef = FA0412991D58B8F400D99551 /* CPYExcludeAppPreferenceViewController.swift */; };
		FA04129D1D58BCD500D99551 /* CPYExcludeAppPreferenceViewController.xib in Resources */ = {isa = PBXBuildFile; fileRef = FA04129F1D58BCD500D99551 /* CPYExcludeAppPreferenceViewController.xib */; };
		FA0412A41D58D19F00D99551 /* CPYAppInfo.swift in Sources */ = {isa = PBXBuildFile; fileRef = FA0412A31D58D19F00D99551 /* CPYAppInfo.swift */; };
		FA0412A61D58DD7C00D99551 /* ExcludeAppManager.swift in Sources */ = {isa = PBXBuildFile; fileRef = FA0412A51D58DD7C00D99551 /* ExcludeAppManager.swift */; };
		FA08EDF61D1FE9EE000D1D13 /* MenuType.swift in Sources */ = {isa = PBXBuildFile; fileRef = FA08EDF51D1FE9EE000D1D13 /* MenuType.swift */; };
		FA08EDF81D1FED7D000D1D13 /* HotKeyManagerSpec.swift in Sources */ = {isa = PBXBuildFile; fileRef = FA08EDF71D1FED7D000D1D13 /* HotKeyManagerSpec.swift */; };
		FA0C027F1B42C2B2009A558D /* dsa_pub.pem in Resources */ = {isa = PBXBuildFile; fileRef = FA0C027E1B42C2B2009A558D /* dsa_pub.pem */; };
		FA189C791C9ADE51002C0312 /* CPYUpdatesPreferenceViewController.swift in Sources */ = {isa = PBXBuildFile; fileRef = FA189C781C9ADE51002C0312 /* CPYUpdatesPreferenceViewController.swift */; };
		FA189C7B1C9ADF79002C0312 /* CPYTypePreferenceViewController.swift in Sources */ = {isa = PBXBuildFile; fileRef = FA189C7A1C9ADF79002C0312 /* CPYTypePreferenceViewController.swift */; };
		FA189C7C1C9AE327002C0312 /* CPYGeneralPreferenceViewController.xib in Resources */ = {isa = PBXBuildFile; fileRef = FA189C7E1C9AE327002C0312 /* CPYGeneralPreferenceViewController.xib */; };
		FA189C8B1C9AE584002C0312 /* CPYPreferencesWindowController.xib in Resources */ = {isa = PBXBuildFile; fileRef = FA189C8D1C9AE584002C0312 /* CPYPreferencesWindowController.xib */; };
		FA51AAD31B4853ED00BDDE1D /* MainMenu.xib in Resources */ = {isa = PBXBuildFile; fileRef = FA51AAD21B4853ED00BDDE1D /* MainMenu.xib */; };
		FA55FCD71D219BFC005C1936 /* CPYBetaPreferenceViewController.swift in Sources */ = {isa = PBXBuildFile; fileRef = FA55FCD51D219BFC005C1936 /* CPYBetaPreferenceViewController.swift */; };
		FA55FCD91D219C17005C1936 /* CPYBetaPreferenceViewController.xib in Resources */ = {isa = PBXBuildFile; fileRef = FA55FCDB1D219C17005C1936 /* CPYBetaPreferenceViewController.xib */; };
		FA5900E61C7B79D900E84E23 /* NSImage+AssetCatalog.swift in Sources */ = {isa = PBXBuildFile; fileRef = FA5900E31C7B79D900E84E23 /* NSImage+AssetCatalog.swift */; };
		FA5900E71C7B79D900E84E23 /* NSImage+Resize.swift in Sources */ = {isa = PBXBuildFile; fileRef = FA5900E41C7B79D900E84E23 /* NSImage+Resize.swift */; };
		FA5900E81C7B79D900E84E23 /* NSLock+Clipy.swift in Sources */ = {isa = PBXBuildFile; fileRef = FA5900E51C7B79D900E84E23 /* NSLock+Clipy.swift */; };
		FA6167921D3ABEB10049FA14 /* FolderSpec.swift in Sources */ = {isa = PBXBuildFile; fileRef = FA6167911D3ABEB10049FA14 /* FolderSpec.swift */; };
		FA6167941D3ACCB90049FA14 /* DraggedDataSpec.swift in Sources */ = {isa = PBXBuildFile; fileRef = FA6167931D3ACCB90049FA14 /* DraggedDataSpec.swift */; };
		FA6167961D3ACDD80049FA14 /* SnippetSpec.swift in Sources */ = {isa = PBXBuildFile; fileRef = FA6167951D3ACDD80049FA14 /* SnippetSpec.swift */; };
		FA6D02061D1C2FCD00D3135F /* NSUserDefaults+ArchiveData.swift in Sources */ = {isa = PBXBuildFile; fileRef = FA6D02051D1C2FCD00D3135F /* NSUserDefaults+ArchiveData.swift */; };
		FA6DD5141C7DEDB600317E73 /* (null) in Resources */ = {isa = PBXBuildFile; };
		FA6DD5151C7DEDB600317E73 /* (null) in Resources */ = {isa = PBXBuildFile; };
		FA71E3F81BA0A66300369F92 /* HistoryManager.swift in Sources */ = {isa = PBXBuildFile; fileRef = FA71E3F71BA0A66300369F92 /* HistoryManager.swift */; };
		FA72A8601C807D4500D120B3 /* CPYDesignableButton.swift in Sources */ = {isa = PBXBuildFile; fileRef = FA72A85F1C807D4500D120B3 /* CPYDesignableButton.swift */; };
		FA78E7951C8C68CA00B6BA8C /* NSMenuItem+Initialize.swift in Sources */ = {isa = PBXBuildFile; fileRef = FA78E7941C8C68CA00B6BA8C /* NSMenuItem+Initialize.swift */; };
		FA78E7991C8C6F4500B6BA8C /* LocalizedString.swift in Sources */ = {isa = PBXBuildFile; fileRef = FA78E7981C8C6F4500B6BA8C /* LocalizedString.swift */; };
		FAA256C71D16FC65000A23BC /* HotKeyManager.swift in Sources */ = {isa = PBXBuildFile; fileRef = FAA256C61D16FC65000A23BC /* HotKeyManager.swift */; };
		FAAD02221CA99E22007C6EEE /* NSBundle+Version.swift in Sources */ = {isa = PBXBuildFile; fileRef = FAAD02211CA99E22007C6EEE /* NSBundle+Version.swift */; };
		FAC43DCC1B35D8B100C06102 /* AppDelegate.swift in Sources */ = {isa = PBXBuildFile; fileRef = FAC43DCB1B35D8B100C06102 /* AppDelegate.swift */; };
		FAC43DD01B35D8B100C06102 /* Images.xcassets in Resources */ = {isa = PBXBuildFile; fileRef = FAC43DCF1B35D8B100C06102 /* Images.xcassets */; };
		FAC43DF71B35DD4300C06102 /* Localizable.strings in Resources */ = {isa = PBXBuildFile; fileRef = FAC43DF91B35DD4300C06102 /* Localizable.strings */; };
		FAC43E231B35DFC800C06102 /* Foundation.framework in Frameworks */ = {isa = PBXBuildFile; fileRef = FAC43E221B35DFC800C06102 /* Foundation.framework */; };
		FAC43E251B35DFD000C06102 /* AppKit.framework in Frameworks */ = {isa = PBXBuildFile; fileRef = FAC43E241B35DFD000C06102 /* AppKit.framework */; };
		FAC43E271B35DFD300C06102 /* Carbon.framework in Frameworks */ = {isa = PBXBuildFile; fileRef = FAC43E261B35DFD300C06102 /* Carbon.framework */; };
		FAC43E291B35DFDA00C06102 /* Cocoa.framework in Frameworks */ = {isa = PBXBuildFile; fileRef = FAC43E281B35DFDA00C06102 /* Cocoa.framework */; };
		FAC43E2B1B35DFDF00C06102 /* WebKit.framework in Frameworks */ = {isa = PBXBuildFile; fileRef = FAC43E2A1B35DFDF00C06102 /* WebKit.framework */; };
		FAC43E5E1B35E1C300C06102 /* CPYClip.swift in Sources */ = {isa = PBXBuildFile; fileRef = FAC43E5D1B35E1C300C06102 /* CPYClip.swift */; };
		FAC43E601B35E3DF00C06102 /* CPYClipData.swift in Sources */ = {isa = PBXBuildFile; fileRef = FAC43E5F1B35E3DF00C06102 /* CPYClipData.swift */; };
		FAC43E621B35EA4E00C06102 /* CPYFolder.swift in Sources */ = {isa = PBXBuildFile; fileRef = FAC43E611B35EA4E00C06102 /* CPYFolder.swift */; };
		FAC43E641B35EA6800C06102 /* CPYSnippet.swift in Sources */ = {isa = PBXBuildFile; fileRef = FAC43E631B35EA6800C06102 /* CPYSnippet.swift */; };
		FAC43E671B35EC5400C06102 /* MenuManager.swift in Sources */ = {isa = PBXBuildFile; fileRef = FAC43E661B35EC5400C06102 /* MenuManager.swift */; };
		FAC43E691B35EC6200C06102 /* ClipManager.swift in Sources */ = {isa = PBXBuildFile; fileRef = FAC43E681B35EC6200C06102 /* ClipManager.swift */; };
		FAC43E721B36D0A600C06102 /* CPYUtilities.swift in Sources */ = {isa = PBXBuildFile; fileRef = FAC43E711B36D0A600C06102 /* CPYUtilities.swift */; };
		FAC4E62D1C7F270900200271 /* CPYPreferencesWindowController.swift in Sources */ = {isa = PBXBuildFile; fileRef = FAC4E62B1C7F270900200271 /* CPYPreferencesWindowController.swift */; };
		FAC4E6331C7F2AF700200271 /* NSColor+Clipy.swift in Sources */ = {isa = PBXBuildFile; fileRef = FAC4E6321C7F2AF700200271 /* NSColor+Clipy.swift */; };
		FAC4E6361C7F30B800200271 /* CPYDesignableView.swift in Sources */ = {isa = PBXBuildFile; fileRef = FAC4E6351C7F30B800200271 /* CPYDesignableView.swift */; };
		FAC4E6461C7F513800200271 /* CPYShortcutsPreferenceViewController.swift in Sources */ = {isa = PBXBuildFile; fileRef = FAC4E6441C7F513800200271 /* CPYShortcutsPreferenceViewController.swift */; };
		FAD2D49B1CC3DAC500C29139 /* Constants.swift in Sources */ = {isa = PBXBuildFile; fileRef = FAD2D49A1CC3DAC500C29139 /* Constants.swift */; };
		FAD6F8C41D27E1830058A255 /* CPYSnippetsEditorWindowController.swift in Sources */ = {isa = PBXBuildFile; fileRef = FAD6F8C21D27E1830058A255 /* CPYSnippetsEditorWindowController.swift */; };
		FAD6F8CA1D27E1A20058A255 /* CPYSplitView.swift in Sources */ = {isa = PBXBuildFile; fileRef = FAD6F8C71D27E1A20058A255 /* CPYSplitView.swift */; };
		FAD6F8CB1D27E1A20058A255 /* CPYPlaceHolderTextView.swift in Sources */ = {isa = PBXBuildFile; fileRef = FAD6F8C91D27E1A20058A255 /* CPYPlaceHolderTextView.swift */; };
		FAD6F8CF1D2807850058A255 /* CPYSnippetsEditorCell.swift in Sources */ = {isa = PBXBuildFile; fileRef = FAD6F8CE1D2807850058A255 /* CPYSnippetsEditorCell.swift */; };
		FAD9DB2E1D2D4AB200117636 /* Array+Remove.swift in Sources */ = {isa = PBXBuildFile; fileRef = FAD9DB2D1D2D4AB200117636 /* Array+Remove.swift */; };
		FAD9DBD71D36A2C900117636 /* CPYDraggedData.swift in Sources */ = {isa = PBXBuildFile; fileRef = FAD9DBD61D36A2C900117636 /* CPYDraggedData.swift */; };
		FAE3E0841DB2816D0088A75B /* Realm+Migration.swift in Sources */ = {isa = PBXBuildFile; fileRef = FAE3E0831DB2816D0088A75B /* Realm+Migration.swift */; };
		FAEAB1F91C9309BA005C3A10 /* Realm+NoCatch.swift in Sources */ = {isa = PBXBuildFile; fileRef = FAEAB1F81C9309BA005C3A10 /* Realm+NoCatch.swift */; };
		FAEAB1FB1C930AAA005C3A10 /* PasteboardManager.swift in Sources */ = {isa = PBXBuildFile; fileRef = FAEAB1FA1C930AAA005C3A10 /* PasteboardManager.swift */; };
		FAF9DE671D3D211A0088358B /* CPYSnippetsEditorWindowController.xib in Resources */ = {isa = PBXBuildFile; fileRef = FAF9DE691D3D211A0088358B /* CPYSnippetsEditorWindowController.xib */; };
		FAFEF2031C9AEA3400B546E7 /* CPYMenuPreferenceViewController.xib in Resources */ = {isa = PBXBuildFile; fileRef = FAFEF2051C9AEA3400B546E7 /* CPYMenuPreferenceViewController.xib */; };
		FAFEF2091C9AEB4A00B546E7 /* CPYTypePreferenceViewController.xib in Resources */ = {isa = PBXBuildFile; fileRef = FAFEF20B1C9AEB4A00B546E7 /* CPYTypePreferenceViewController.xib */; };
		FAFEF20F1C9AEB8E00B546E7 /* CPYShortcutsPreferenceViewController.xib in Resources */ = {isa = PBXBuildFile; fileRef = FAFEF2111C9AEB8E00B546E7 /* CPYShortcutsPreferenceViewController.xib */; };
		FAFEF2151C9AEBBC00B546E7 /* CPYUpdatesPreferenceViewController.xib in Resources */ = {isa = PBXBuildFile; fileRef = FAFEF2171C9AEBBC00B546E7 /* CPYUpdatesPreferenceViewController.xib */; };
		FAFEF21C1C9AF35B00B546E7 /* String+Substring.swift in Sources */ = {isa = PBXBuildFile; fileRef = FAFEF21B1C9AF35B00B546E7 /* String+Substring.swift */; };
/* End PBXBuildFile section */

/* Begin PBXContainerItemProxy section */
		FAC43DD91B35D8B100C06102 /* PBXContainerItemProxy */ = {
			isa = PBXContainerItemProxy;
			containerPortal = FAC43DBE1B35D8B100C06102 /* Project object */;
			proxyType = 1;
			remoteGlobalIDString = FAC43DC51B35D8B100C06102;
			remoteInfo = Clipy;
		};
/* End PBXContainerItemProxy section */

/* Begin PBXCopyFilesBuildPhase section */
		FAC43E1D1B35DF4A00C06102 /* Embed Frameworks */ = {
			isa = PBXCopyFilesBuildPhase;
			buildActionMask = 2147483647;
			dstPath = "";
			dstSubfolderSpec = 10;
			files = (
			);
			name = "Embed Frameworks";
			runOnlyForDeploymentPostprocessing = 0;
		};
/* End PBXCopyFilesBuildPhase section */

/* Begin PBXFileReference section */
		4914B6862C0454949245C092 /* Pods-ClipyTests.debug.xcconfig */ = {isa = PBXFileReference; includeInIndex = 1; lastKnownFileType = text.xcconfig; name = "Pods-ClipyTests.debug.xcconfig"; path = "Pods/Target Support Files/Pods-ClipyTests/Pods-ClipyTests.debug.xcconfig"; sourceTree = "<group>"; };
		49262C44884B1EFE07ED5628 /* Pods_Clipy.framework */ = {isa = PBXFileReference; explicitFileType = wrapper.framework; includeInIndex = 0; path = Pods_Clipy.framework; sourceTree = BUILT_PRODUCTS_DIR; };
		7704468A08D3F1887B4F2605 /* Pods_ClipyTests.framework */ = {isa = PBXFileReference; explicitFileType = wrapper.framework; includeInIndex = 0; path = Pods_ClipyTests.framework; sourceTree = BUILT_PRODUCTS_DIR; };
		BFE367B4762781067D1CAAE4 /* Pods-ClipyTests.release.xcconfig */ = {isa = PBXFileReference; includeInIndex = 1; lastKnownFileType = text.xcconfig; name = "Pods-ClipyTests.release.xcconfig"; path = "Pods/Target Support Files/Pods-ClipyTests/Pods-ClipyTests.release.xcconfig"; sourceTree = "<group>"; };
		DE0762610C0A24B3D30D79A0 /* Pods-Clipy.debug.xcconfig */ = {isa = PBXFileReference; includeInIndex = 1; lastKnownFileType = text.xcconfig; name = "Pods-Clipy.debug.xcconfig"; path = "Pods/Target Support Files/Pods-Clipy/Pods-Clipy.debug.xcconfig"; sourceTree = "<group>"; };
		FA0412991D58B8F400D99551 /* CPYExcludeAppPreferenceViewController.swift */ = {isa = PBXFileReference; fileEncoding = 4; lastKnownFileType = sourcecode.swift; path = CPYExcludeAppPreferenceViewController.swift; sourceTree = "<group>"; };
		FA04129E1D58BCD500D99551 /* en */ = {isa = PBXFileReference; lastKnownFileType = file.xib; name = en; path = en.lproj/CPYExcludeAppPreferenceViewController.xib; sourceTree = "<group>"; };
		FA0412A21D58BCDB00D99551 /* ja */ = {isa = PBXFileReference; lastKnownFileType = file.xib; name = ja; path = ja.lproj/CPYExcludeAppPreferenceViewController.xib; sourceTree = "<group>"; };
		FA0412A31D58D19F00D99551 /* CPYAppInfo.swift */ = {isa = PBXFileReference; fileEncoding = 4; lastKnownFileType = sourcecode.swift; path = CPYAppInfo.swift; sourceTree = "<group>"; };
		FA0412A51D58DD7C00D99551 /* ExcludeAppManager.swift */ = {isa = PBXFileReference; fileEncoding = 4; lastKnownFileType = sourcecode.swift; path = ExcludeAppManager.swift; sourceTree = "<group>"; };
		FA08EDF51D1FE9EE000D1D13 /* MenuType.swift */ = {isa = PBXFileReference; fileEncoding = 4; lastKnownFileType = sourcecode.swift; path = MenuType.swift; sourceTree = "<group>"; };
		FA08EDF71D1FED7D000D1D13 /* HotKeyManagerSpec.swift */ = {isa = PBXFileReference; fileEncoding = 4; lastKnownFileType = sourcecode.swift; path = HotKeyManagerSpec.swift; sourceTree = "<group>"; };
		FA0C027E1B42C2B2009A558D /* dsa_pub.pem */ = {isa = PBXFileReference; fileEncoding = 4; lastKnownFileType = text; path = dsa_pub.pem; sourceTree = "<group>"; };
		FA189C781C9ADE51002C0312 /* CPYUpdatesPreferenceViewController.swift */ = {isa = PBXFileReference; fileEncoding = 4; lastKnownFileType = sourcecode.swift; path = CPYUpdatesPreferenceViewController.swift; sourceTree = "<group>"; };
		FA189C7A1C9ADF79002C0312 /* CPYTypePreferenceViewController.swift */ = {isa = PBXFileReference; fileEncoding = 4; lastKnownFileType = sourcecode.swift; path = CPYTypePreferenceViewController.swift; sourceTree = "<group>"; };
		FA189C871C9AE428002C0312 /* en */ = {isa = PBXFileReference; lastKnownFileType = file.xib; name = en; path = en.lproj/CPYGeneralPreferenceViewController.xib; sourceTree = "<group>"; };
		FA189C8C1C9AE584002C0312 /* en */ = {isa = PBXFileReference; lastKnownFileType = file.xib; name = en; path = en.lproj/CPYPreferencesWindowController.xib; sourceTree = "<group>"; };
		FA51AAD21B4853ED00BDDE1D /* MainMenu.xib */ = {isa = PBXFileReference; fileEncoding = 4; lastKnownFileType = file.xib; path = MainMenu.xib; sourceTree = "<group>"; };
		FA55FCD51D219BFC005C1936 /* CPYBetaPreferenceViewController.swift */ = {isa = PBXFileReference; fileEncoding = 4; lastKnownFileType = sourcecode.swift; path = CPYBetaPreferenceViewController.swift; sourceTree = "<group>"; };
		FA55FCDC1D219C25005C1936 /* en */ = {isa = PBXFileReference; lastKnownFileType = file.xib; name = en; path = en.lproj/CPYBetaPreferenceViewController.xib; sourceTree = "<group>"; };
		FA55FCDF1D219C5A005C1936 /* ja */ = {isa = PBXFileReference; lastKnownFileType = file.xib; name = ja; path = ja.lproj/CPYBetaPreferenceViewController.xib; sourceTree = "<group>"; };
		FA5900E31C7B79D900E84E23 /* NSImage+AssetCatalog.swift */ = {isa = PBXFileReference; fileEncoding = 4; lastKnownFileType = sourcecode.swift; path = "NSImage+AssetCatalog.swift"; sourceTree = "<group>"; };
		FA5900E41C7B79D900E84E23 /* NSImage+Resize.swift */ = {isa = PBXFileReference; fileEncoding = 4; lastKnownFileType = sourcecode.swift; path = "NSImage+Resize.swift"; sourceTree = "<group>"; };
		FA5900E51C7B79D900E84E23 /* NSLock+Clipy.swift */ = {isa = PBXFileReference; fileEncoding = 4; lastKnownFileType = sourcecode.swift; path = "NSLock+Clipy.swift"; sourceTree = "<group>"; };
		FA6167911D3ABEB10049FA14 /* FolderSpec.swift */ = {isa = PBXFileReference; fileEncoding = 4; lastKnownFileType = sourcecode.swift; path = FolderSpec.swift; sourceTree = "<group>"; };
		FA6167931D3ACCB90049FA14 /* DraggedDataSpec.swift */ = {isa = PBXFileReference; fileEncoding = 4; lastKnownFileType = sourcecode.swift; path = DraggedDataSpec.swift; sourceTree = "<group>"; };
		FA6167951D3ACDD80049FA14 /* SnippetSpec.swift */ = {isa = PBXFileReference; fileEncoding = 4; lastKnownFileType = sourcecode.swift; path = SnippetSpec.swift; sourceTree = "<group>"; };
		FA6D02051D1C2FCD00D3135F /* NSUserDefaults+ArchiveData.swift */ = {isa = PBXFileReference; fileEncoding = 4; lastKnownFileType = sourcecode.swift; path = "NSUserDefaults+ArchiveData.swift"; sourceTree = "<group>"; };
		FA71E3F71BA0A66300369F92 /* HistoryManager.swift */ = {isa = PBXFileReference; fileEncoding = 4; lastKnownFileType = sourcecode.swift; path = HistoryManager.swift; sourceTree = "<group>"; };
		FA72A85F1C807D4500D120B3 /* CPYDesignableButton.swift */ = {isa = PBXFileReference; fileEncoding = 4; lastKnownFileType = sourcecode.swift; path = CPYDesignableButton.swift; sourceTree = "<group>"; };
		FA78E7941C8C68CA00B6BA8C /* NSMenuItem+Initialize.swift */ = {isa = PBXFileReference; fileEncoding = 4; lastKnownFileType = sourcecode.swift; path = "NSMenuItem+Initialize.swift"; sourceTree = "<group>"; };
		FA78E7981C8C6F4500B6BA8C /* LocalizedString.swift */ = {isa = PBXFileReference; fileEncoding = 4; lastKnownFileType = sourcecode.swift; path = LocalizedString.swift; sourceTree = "<group>"; };
		FAA256C61D16FC65000A23BC /* HotKeyManager.swift */ = {isa = PBXFileReference; fileEncoding = 4; lastKnownFileType = sourcecode.swift; path = HotKeyManager.swift; sourceTree = "<group>"; };
		FAAD02211CA99E22007C6EEE /* NSBundle+Version.swift */ = {isa = PBXFileReference; fileEncoding = 4; lastKnownFileType = sourcecode.swift; path = "NSBundle+Version.swift"; sourceTree = "<group>"; };
		FAC43DC61B35D8B100C06102 /* Clipy.app */ = {isa = PBXFileReference; explicitFileType = wrapper.application; includeInIndex = 0; path = Clipy.app; sourceTree = BUILT_PRODUCTS_DIR; };
		FAC43DCA1B35D8B100C06102 /* Info.plist */ = {isa = PBXFileReference; lastKnownFileType = text.plist.xml; path = Info.plist; sourceTree = "<group>"; };
		FAC43DCB1B35D8B100C06102 /* AppDelegate.swift */ = {isa = PBXFileReference; lastKnownFileType = sourcecode.swift; path = AppDelegate.swift; sourceTree = "<group>"; };
		FAC43DCF1B35D8B100C06102 /* Images.xcassets */ = {isa = PBXFileReference; lastKnownFileType = folder.assetcatalog; path = Images.xcassets; sourceTree = "<group>"; };
		FAC43DD81B35D8B100C06102 /* ClipyTests.xctest */ = {isa = PBXFileReference; explicitFileType = wrapper.cfbundle; includeInIndex = 0; path = ClipyTests.xctest; sourceTree = BUILT_PRODUCTS_DIR; };
		FAC43DDD1B35D8B100C06102 /* Info.plist */ = {isa = PBXFileReference; lastKnownFileType = text.plist.xml; path = Info.plist; sourceTree = "<group>"; };
		FAC43DF81B35DD4300C06102 /* ja */ = {isa = PBXFileReference; lastKnownFileType = text.plist.strings; name = ja; path = ja.lproj/Localizable.strings; sourceTree = "<group>"; };
		FAC43DFA1B35DD5200C06102 /* en */ = {isa = PBXFileReference; lastKnownFileType = text.plist.strings; name = en; path = en.lproj/Localizable.strings; sourceTree = "<group>"; };
		FAC43E221B35DFC800C06102 /* Foundation.framework */ = {isa = PBXFileReference; lastKnownFileType = wrapper.framework; name = Foundation.framework; path = System/Library/Frameworks/Foundation.framework; sourceTree = SDKROOT; };
		FAC43E241B35DFD000C06102 /* AppKit.framework */ = {isa = PBXFileReference; lastKnownFileType = wrapper.framework; name = AppKit.framework; path = System/Library/Frameworks/AppKit.framework; sourceTree = SDKROOT; };
		FAC43E261B35DFD300C06102 /* Carbon.framework */ = {isa = PBXFileReference; lastKnownFileType = wrapper.framework; name = Carbon.framework; path = System/Library/Frameworks/Carbon.framework; sourceTree = SDKROOT; };
		FAC43E281B35DFDA00C06102 /* Cocoa.framework */ = {isa = PBXFileReference; lastKnownFileType = wrapper.framework; name = Cocoa.framework; path = System/Library/Frameworks/Cocoa.framework; sourceTree = SDKROOT; };
		FAC43E2A1B35DFDF00C06102 /* WebKit.framework */ = {isa = PBXFileReference; lastKnownFileType = wrapper.framework; name = WebKit.framework; path = System/Library/Frameworks/WebKit.framework; sourceTree = SDKROOT; };
		FAC43E5D1B35E1C300C06102 /* CPYClip.swift */ = {isa = PBXFileReference; fileEncoding = 4; lastKnownFileType = sourcecode.swift; path = CPYClip.swift; sourceTree = "<group>"; };
		FAC43E5F1B35E3DF00C06102 /* CPYClipData.swift */ = {isa = PBXFileReference; fileEncoding = 4; lastKnownFileType = sourcecode.swift; path = CPYClipData.swift; sourceTree = "<group>"; };
		FAC43E611B35EA4E00C06102 /* CPYFolder.swift */ = {isa = PBXFileReference; fileEncoding = 4; lastKnownFileType = sourcecode.swift; path = CPYFolder.swift; sourceTree = "<group>"; };
		FAC43E631B35EA6800C06102 /* CPYSnippet.swift */ = {isa = PBXFileReference; fileEncoding = 4; lastKnownFileType = sourcecode.swift; path = CPYSnippet.swift; sourceTree = "<group>"; };
		FAC43E661B35EC5400C06102 /* MenuManager.swift */ = {isa = PBXFileReference; fileEncoding = 4; lastKnownFileType = sourcecode.swift; path = MenuManager.swift; sourceTree = "<group>"; };
		FAC43E681B35EC6200C06102 /* ClipManager.swift */ = {isa = PBXFileReference; fileEncoding = 4; lastKnownFileType = sourcecode.swift; path = ClipManager.swift; sourceTree = "<group>"; };
		FAC43E711B36D0A600C06102 /* CPYUtilities.swift */ = {isa = PBXFileReference; fileEncoding = 4; lastKnownFileType = sourcecode.swift; path = CPYUtilities.swift; sourceTree = "<group>"; };
		FAC4E62B1C7F270900200271 /* CPYPreferencesWindowController.swift */ = {isa = PBXFileReference; fileEncoding = 4; lastKnownFileType = sourcecode.swift; path = CPYPreferencesWindowController.swift; sourceTree = "<group>"; };
		FAC4E6321C7F2AF700200271 /* NSColor+Clipy.swift */ = {isa = PBXFileReference; fileEncoding = 4; lastKnownFileType = sourcecode.swift; path = "NSColor+Clipy.swift"; sourceTree = "<group>"; };
		FAC4E6351C7F30B800200271 /* CPYDesignableView.swift */ = {isa = PBXFileReference; fileEncoding = 4; lastKnownFileType = sourcecode.swift; path = CPYDesignableView.swift; sourceTree = "<group>"; };
		FAC4E6441C7F513800200271 /* CPYShortcutsPreferenceViewController.swift */ = {isa = PBXFileReference; fileEncoding = 4; lastKnownFileType = sourcecode.swift; path = CPYShortcutsPreferenceViewController.swift; sourceTree = "<group>"; };
		FAD2D49A1CC3DAC500C29139 /* Constants.swift */ = {isa = PBXFileReference; fileEncoding = 4; lastKnownFileType = sourcecode.swift; path = Constants.swift; sourceTree = "<group>"; };
		FAD6F8C21D27E1830058A255 /* CPYSnippetsEditorWindowController.swift */ = {isa = PBXFileReference; fileEncoding = 4; lastKnownFileType = sourcecode.swift; path = CPYSnippetsEditorWindowController.swift; sourceTree = "<group>"; };
		FAD6F8C71D27E1A20058A255 /* CPYSplitView.swift */ = {isa = PBXFileReference; fileEncoding = 4; lastKnownFileType = sourcecode.swift; path = CPYSplitView.swift; sourceTree = "<group>"; };
		FAD6F8C91D27E1A20058A255 /* CPYPlaceHolderTextView.swift */ = {isa = PBXFileReference; fileEncoding = 4; lastKnownFileType = sourcecode.swift; path = CPYPlaceHolderTextView.swift; sourceTree = "<group>"; };
		FAD6F8CE1D2807850058A255 /* CPYSnippetsEditorCell.swift */ = {isa = PBXFileReference; fileEncoding = 4; lastKnownFileType = sourcecode.swift; path = CPYSnippetsEditorCell.swift; sourceTree = "<group>"; };
		FAD9DB2D1D2D4AB200117636 /* Array+Remove.swift */ = {isa = PBXFileReference; fileEncoding = 4; lastKnownFileType = sourcecode.swift; path = "Array+Remove.swift"; sourceTree = "<group>"; };
		FAD9DBD61D36A2C900117636 /* CPYDraggedData.swift */ = {isa = PBXFileReference; fileEncoding = 4; lastKnownFileType = sourcecode.swift; path = CPYDraggedData.swift; sourceTree = "<group>"; };
		FAE3E0831DB2816D0088A75B /* Realm+Migration.swift */ = {isa = PBXFileReference; fileEncoding = 4; lastKnownFileType = sourcecode.swift; path = "Realm+Migration.swift"; sourceTree = "<group>"; };
		FAEAB1F81C9309BA005C3A10 /* Realm+NoCatch.swift */ = {isa = PBXFileReference; fileEncoding = 4; lastKnownFileType = sourcecode.swift; path = "Realm+NoCatch.swift"; sourceTree = "<group>"; };
		FAEAB1FA1C930AAA005C3A10 /* PasteboardManager.swift */ = {isa = PBXFileReference; fileEncoding = 4; lastKnownFileType = sourcecode.swift; path = PasteboardManager.swift; sourceTree = "<group>"; };
		FAF9DE6A1D3D211D0088358B /* en */ = {isa = PBXFileReference; lastKnownFileType = file.xib; name = en; path = en.lproj/CPYSnippetsEditorWindowController.xib; sourceTree = "<group>"; };
		FAF9DE6D1D3D21330088358B /* ja */ = {isa = PBXFileReference; lastKnownFileType = file.xib; name = ja; path = ja.lproj/CPYSnippetsEditorWindowController.xib; sourceTree = "<group>"; };
		FAFEF2011C9AE92600B546E7 /* ja */ = {isa = PBXFileReference; lastKnownFileType = file.xib; name = ja; path = ja.lproj/CPYPreferencesWindowController.xib; sourceTree = "<group>"; };
		FAFEF2021C9AEA1800B546E7 /* ja */ = {isa = PBXFileReference; lastKnownFileType = file.xib; name = ja; path = ja.lproj/CPYGeneralPreferenceViewController.xib; sourceTree = "<group>"; };
		FAFEF2041C9AEA3400B546E7 /* en */ = {isa = PBXFileReference; lastKnownFileType = file.xib; name = en; path = en.lproj/CPYMenuPreferenceViewController.xib; sourceTree = "<group>"; };
		FAFEF2081C9AEB1D00B546E7 /* ja */ = {isa = PBXFileReference; lastKnownFileType = file.xib; name = ja; path = ja.lproj/CPYMenuPreferenceViewController.xib; sourceTree = "<group>"; };
		FAFEF20A1C9AEB4A00B546E7 /* en */ = {isa = PBXFileReference; lastKnownFileType = file.xib; name = en; path = en.lproj/CPYTypePreferenceViewController.xib; sourceTree = "<group>"; };
		FAFEF20E1C9AEB7600B546E7 /* ja */ = {isa = PBXFileReference; lastKnownFileType = file.xib; name = ja; path = ja.lproj/CPYTypePreferenceViewController.xib; sourceTree = "<group>"; };
		FAFEF2101C9AEB8E00B546E7 /* en */ = {isa = PBXFileReference; lastKnownFileType = file.xib; name = en; path = en.lproj/CPYShortcutsPreferenceViewController.xib; sourceTree = "<group>"; };
		FAFEF2141C9AEBB100B546E7 /* ja */ = {isa = PBXFileReference; lastKnownFileType = file.xib; name = ja; path = ja.lproj/CPYShortcutsPreferenceViewController.xib; sourceTree = "<group>"; };
		FAFEF2161C9AEBBC00B546E7 /* en */ = {isa = PBXFileReference; lastKnownFileType = file.xib; name = en; path = en.lproj/CPYUpdatesPreferenceViewController.xib; sourceTree = "<group>"; };
		FAFEF21A1C9AEBE800B546E7 /* ja */ = {isa = PBXFileReference; lastKnownFileType = file.xib; name = ja; path = ja.lproj/CPYUpdatesPreferenceViewController.xib; sourceTree = "<group>"; };
		FAFEF21B1C9AF35B00B546E7 /* String+Substring.swift */ = {isa = PBXFileReference; fileEncoding = 4; lastKnownFileType = sourcecode.swift; path = "String+Substring.swift"; sourceTree = "<group>"; };
		FF93A281223C589EE85D3DB1 /* Pods-Clipy.release.xcconfig */ = {isa = PBXFileReference; includeInIndex = 1; lastKnownFileType = text.xcconfig; name = "Pods-Clipy.release.xcconfig"; path = "Pods/Target Support Files/Pods-Clipy/Pods-Clipy.release.xcconfig"; sourceTree = "<group>"; };
/* End PBXFileReference section */

/* Begin PBXFrameworksBuildPhase section */
		FAC43DC31B35D8B100C06102 /* Frameworks */ = {
			isa = PBXFrameworksBuildPhase;
			buildActionMask = 2147483647;
			files = (
				FAC43E2B1B35DFDF00C06102 /* WebKit.framework in Frameworks */,
				FAC43E291B35DFDA00C06102 /* Cocoa.framework in Frameworks */,
				FAC43E271B35DFD300C06102 /* Carbon.framework in Frameworks */,
				FAC43E251B35DFD000C06102 /* AppKit.framework in Frameworks */,
				FAC43E231B35DFC800C06102 /* Foundation.framework in Frameworks */,
				5E0701B212AFC1AEBE5FA462 /* Pods_Clipy.framework in Frameworks */,
			);
			runOnlyForDeploymentPostprocessing = 0;
		};
		FAC43DD51B35D8B100C06102 /* Frameworks */ = {
			isa = PBXFrameworksBuildPhase;
			buildActionMask = 2147483647;
			files = (
				BAB1E94AD525CCA86B3D9269 /* Pods_ClipyTests.framework in Frameworks */,
			);
			runOnlyForDeploymentPostprocessing = 0;
		};
/* End PBXFrameworksBuildPhase section */

/* Begin PBXGroup section */
		2CB0F71AAC48A392535FD3B0 /* Frameworks */ = {
			isa = PBXGroup;
			children = (
				FAC43E2A1B35DFDF00C06102 /* WebKit.framework */,
				FAC43E281B35DFDA00C06102 /* Cocoa.framework */,
				FAC43E261B35DFD300C06102 /* Carbon.framework */,
				FAC43E241B35DFD000C06102 /* AppKit.framework */,
				FAC43E221B35DFC800C06102 /* Foundation.framework */,
				49262C44884B1EFE07ED5628 /* Pods_Clipy.framework */,
				7704468A08D3F1887B4F2605 /* Pods_ClipyTests.framework */,
			);
			name = Frameworks;
			sourceTree = "<group>";
		};
		7670BD0ECF0990841BC14F26 /* Pods */ = {
			isa = PBXGroup;
			children = (
				DE0762610C0A24B3D30D79A0 /* Pods-Clipy.debug.xcconfig */,
				FF93A281223C589EE85D3DB1 /* Pods-Clipy.release.xcconfig */,
				4914B6862C0454949245C092 /* Pods-ClipyTests.debug.xcconfig */,
				BFE367B4762781067D1CAAE4 /* Pods-ClipyTests.release.xcconfig */,
			);
			name = Pods;
			sourceTree = "<group>";
		};
		FA08EDF41D1FE9DE000D1D13 /* Enums */ = {
			isa = PBXGroup;
			children = (
				FA08EDF51D1FE9EE000D1D13 /* MenuType.swift */,
			);
			path = Enums;
			sourceTree = "<group>";
		};
		FA3B96001B3FD47000B61FF0 /* Views */ = {
			isa = PBXGroup;
			children = (
				FAD6F8C61D27E1A20058A255 /* SplitViews */,
				FAD6F8C81D27E1A20058A255 /* TextViews */,
				FAC4E6341C7F309E00200271 /* DesignableView */,
				FA3B96021B3FD48B00B61FF0 /* TableViewCell */,
			);
			path = Views;
			sourceTree = "<group>";
		};
		FA3B96021B3FD48B00B61FF0 /* TableViewCell */ = {
			isa = PBXGroup;
			children = (
				FAD6F8CE1D2807850058A255 /* CPYSnippetsEditorCell.swift */,
			);
			path = TableViewCell;
			sourceTree = "<group>";
		};
		FA5900E21C7B79D900E84E23 /* Extensions */ = {
			isa = PBXGroup;
			children = (
				FA5900E31C7B79D900E84E23 /* NSImage+AssetCatalog.swift */,
				FA5900E41C7B79D900E84E23 /* NSImage+Resize.swift */,
				FA5900E51C7B79D900E84E23 /* NSLock+Clipy.swift */,
				FAC4E6321C7F2AF700200271 /* NSColor+Clipy.swift */,
				FA78E7941C8C68CA00B6BA8C /* NSMenuItem+Initialize.swift */,
				FAEAB1F81C9309BA005C3A10 /* Realm+NoCatch.swift */,
				FAFEF21B1C9AF35B00B546E7 /* String+Substring.swift */,
				FAAD02211CA99E22007C6EEE /* NSBundle+Version.swift */,
				FA6D02051D1C2FCD00D3135F /* NSUserDefaults+ArchiveData.swift */,
				FAD9DB2D1D2D4AB200117636 /* Array+Remove.swift */,
				FAE3E0831DB2816D0088A75B /* Realm+Migration.swift */,
			);
			name = Extensions;
			path = Clipy/Extensions;
			sourceTree = SOURCE_ROOT;
		};
		FAC43DBD1B35D8B100C06102 = {
			isa = PBXGroup;
			children = (
				FAC43DC81B35D8B100C06102 /* Clipy */,
				FAC43DDB1B35D8B100C06102 /* ClipyTests */,
				FAC43DC71B35D8B100C06102 /* Products */,
				2CB0F71AAC48A392535FD3B0 /* Frameworks */,
				7670BD0ECF0990841BC14F26 /* Pods */,
			);
			sourceTree = "<group>";
		};
		FAC43DC71B35D8B100C06102 /* Products */ = {
			isa = PBXGroup;
			children = (
				FAC43DC61B35D8B100C06102 /* Clipy.app */,
				FAC43DD81B35D8B100C06102 /* ClipyTests.xctest */,
			);
			name = Products;
			sourceTree = "<group>";
		};
		FAC43DC81B35D8B100C06102 /* Clipy */ = {
			isa = PBXGroup;
			children = (
				FA08EDF41D1FE9DE000D1D13 /* Enums */,
				FAD6F8C11D27E1830058A255 /* Snippets */,
				FAC4E62A1C7F26D100200271 /* Preferences */,
				FA5900E21C7B79D900E84E23 /* Extensions */,
				FAC43E6E1B35F36E00C06102 /* Utility */,
				FA3B96001B3FD47000B61FF0 /* Views */,
				FAC43E651B35EC4200C06102 /* Managers */,
				FAC43E5C1B35E1A100C06102 /* Models */,
				FAC43DEC1B35DABC00C06102 /* AppDelegate */,
				FAC43DCF1B35D8B100C06102 /* Images.xcassets */,
				FA51AAD21B4853ED00BDDE1D /* MainMenu.xib */,
				FAC43DC91B35D8B100C06102 /* Supporting Files */,
			);
			path = Clipy;
			sourceTree = "<group>";
		};
		FAC43DC91B35D8B100C06102 /* Supporting Files */ = {
			isa = PBXGroup;
			children = (
				FA0C027E1B42C2B2009A558D /* dsa_pub.pem */,
				FAC43DCA1B35D8B100C06102 /* Info.plist */,
				FAC43DF91B35DD4300C06102 /* Localizable.strings */,
				FAD2D49A1CC3DAC500C29139 /* Constants.swift */,
			);
			name = "Supporting Files";
			sourceTree = "<group>";
		};
		FAC43DDB1B35D8B100C06102 /* ClipyTests */ = {
			isa = PBXGroup;
			children = (
				FA08EDF71D1FED7D000D1D13 /* HotKeyManagerSpec.swift */,
				FA6167931D3ACCB90049FA14 /* DraggedDataSpec.swift */,
				FA6167911D3ABEB10049FA14 /* FolderSpec.swift */,
				FA6167951D3ACDD80049FA14 /* SnippetSpec.swift */,
				FAC43DDC1B35D8B100C06102 /* Supporting Files */,
			);
			path = ClipyTests;
			sourceTree = "<group>";
		};
		FAC43DDC1B35D8B100C06102 /* Supporting Files */ = {
			isa = PBXGroup;
			children = (
				FAC43DDD1B35D8B100C06102 /* Info.plist */,
			);
			name = "Supporting Files";
			sourceTree = "<group>";
		};
		FAC43DEC1B35DABC00C06102 /* AppDelegate */ = {
			isa = PBXGroup;
			children = (
				FAC43DCB1B35D8B100C06102 /* AppDelegate.swift */,
			);
			name = AppDelegate;
			sourceTree = "<group>";
		};
		FAC43E5C1B35E1A100C06102 /* Models */ = {
			isa = PBXGroup;
			children = (
				FAC43E5D1B35E1C300C06102 /* CPYClip.swift */,
				FAC43E5F1B35E3DF00C06102 /* CPYClipData.swift */,
				FAC43E611B35EA4E00C06102 /* CPYFolder.swift */,
				FAC43E631B35EA6800C06102 /* CPYSnippet.swift */,
				FAD9DBD61D36A2C900117636 /* CPYDraggedData.swift */,
				FA0412A31D58D19F00D99551 /* CPYAppInfo.swift */,
			);
			path = Models;
			sourceTree = "<group>";
		};
		FAC43E651B35EC4200C06102 /* Managers */ = {
			isa = PBXGroup;
			children = (
				FAC43E661B35EC5400C06102 /* MenuManager.swift */,
				FAEAB1FA1C930AAA005C3A10 /* PasteboardManager.swift */,
				FAC43E681B35EC6200C06102 /* ClipManager.swift */,
				FA71E3F71BA0A66300369F92 /* HistoryManager.swift */,
				FAA256C61D16FC65000A23BC /* HotKeyManager.swift */,
				FA0412A51D58DD7C00D99551 /* ExcludeAppManager.swift */,
			);
			path = Managers;
			sourceTree = "<group>";
		};
		FAC43E6E1B35F36E00C06102 /* Utility */ = {
			isa = PBXGroup;
			children = (
				FAC43E711B36D0A600C06102 /* CPYUtilities.swift */,
				FA78E7981C8C6F4500B6BA8C /* LocalizedString.swift */,
			);
			path = Utility;
			sourceTree = "<group>";
		};
		FAC4E62A1C7F26D100200271 /* Preferences */ = {
			isa = PBXGroup;
			children = (
				FAC4E62B1C7F270900200271 /* CPYPreferencesWindowController.swift */,
				FA189C8D1C9AE584002C0312 /* CPYPreferencesWindowController.xib */,
				FAC4E6371C7F50A200200271 /* Panels */,
			);
			path = Preferences;
			sourceTree = "<group>";
		};
		FAC4E6341C7F309E00200271 /* DesignableView */ = {
			isa = PBXGroup;
			children = (
				FAC4E6351C7F30B800200271 /* CPYDesignableView.swift */,
				FA72A85F1C807D4500D120B3 /* CPYDesignableButton.swift */,
			);
			path = DesignableView;
			sourceTree = "<group>";
		};
		FAC4E6371C7F50A200200271 /* Panels */ = {
			isa = PBXGroup;
			children = (
				FA189C7E1C9AE327002C0312 /* CPYGeneralPreferenceViewController.xib */,
				FAFEF2051C9AEA3400B546E7 /* CPYMenuPreferenceViewController.xib */,
				FA189C7A1C9ADF79002C0312 /* CPYTypePreferenceViewController.swift */,
				FAFEF20B1C9AEB4A00B546E7 /* CPYTypePreferenceViewController.xib */,
				FAC4E6441C7F513800200271 /* CPYShortcutsPreferenceViewController.swift */,
				FAFEF2111C9AEB8E00B546E7 /* CPYShortcutsPreferenceViewController.xib */,
				FA189C781C9ADE51002C0312 /* CPYUpdatesPreferenceViewController.swift */,
				FAFEF2171C9AEBBC00B546E7 /* CPYUpdatesPreferenceViewController.xib */,
				FA55FCD51D219BFC005C1936 /* CPYBetaPreferenceViewController.swift */,
				FA55FCDB1D219C17005C1936 /* CPYBetaPreferenceViewController.xib */,
				FA0412991D58B8F400D99551 /* CPYExcludeAppPreferenceViewController.swift */,
				FA04129F1D58BCD500D99551 /* CPYExcludeAppPreferenceViewController.xib */,
			);
			path = Panels;
			sourceTree = "<group>";
		};
		FAD6F8C11D27E1830058A255 /* Snippets */ = {
			isa = PBXGroup;
			children = (
				FAD6F8C21D27E1830058A255 /* CPYSnippetsEditorWindowController.swift */,
				FAF9DE691D3D211A0088358B /* CPYSnippetsEditorWindowController.xib */,
			);
			path = Snippets;
			sourceTree = "<group>";
		};
		FAD6F8C61D27E1A20058A255 /* SplitViews */ = {
			isa = PBXGroup;
			children = (
				FAD6F8C71D27E1A20058A255 /* CPYSplitView.swift */,
			);
			path = SplitViews;
			sourceTree = "<group>";
		};
		FAD6F8C81D27E1A20058A255 /* TextViews */ = {
			isa = PBXGroup;
			children = (
				FAD6F8C91D27E1A20058A255 /* CPYPlaceHolderTextView.swift */,
			);
			path = TextViews;
			sourceTree = "<group>";
		};
/* End PBXGroup section */

/* Begin PBXNativeTarget section */
		FAC43DC51B35D8B100C06102 /* Clipy */ = {
			isa = PBXNativeTarget;
			buildConfigurationList = FAC43DE21B35D8B100C06102 /* Build configuration list for PBXNativeTarget "Clipy" */;
			buildPhases = (
				C1501E0D2958ED03446DB220 /* [CP] Check Pods Manifest.lock */,
				FAC43DC21B35D8B100C06102 /* Sources */,
				FAC43DC31B35D8B100C06102 /* Frameworks */,
				FAC43DC41B35D8B100C06102 /* Resources */,
				FAC43E1D1B35DF4A00C06102 /* Embed Frameworks */,
				FA4A5CDC1C7CAEDD0031BCEF /* ShellScript */,
				FAAD02201CA98E20007C6EEE /* ShellScript */,
				60EE5B7FEE6A32F6CC74D570 /* [CP] Embed Pods Frameworks */,
				0672D2BA9D529D16F06065C7 /* [CP] Copy Pods Resources */,
			);
			buildRules = (
			);
			dependencies = (
			);
			name = Clipy;
			productName = Clipy;
			productReference = FAC43DC61B35D8B100C06102 /* Clipy.app */;
			productType = "com.apple.product-type.application";
		};
		FAC43DD71B35D8B100C06102 /* ClipyTests */ = {
			isa = PBXNativeTarget;
			buildConfigurationList = FAC43DE51B35D8B100C06102 /* Build configuration list for PBXNativeTarget "ClipyTests" */;
			buildPhases = (
				F1EBF246D3BA3328D6039FF8 /* [CP] Check Pods Manifest.lock */,
				FAC43DD41B35D8B100C06102 /* Sources */,
				FAC43DD51B35D8B100C06102 /* Frameworks */,
				FAC43DD61B35D8B100C06102 /* Resources */,
				23D235DA3058ACAFD2B36A53 /* [CP] Embed Pods Frameworks */,
				31E61F62940D36AC8D23BDD4 /* [CP] Copy Pods Resources */,
			);
			buildRules = (
			);
			dependencies = (
				FAC43DDA1B35D8B100C06102 /* PBXTargetDependency */,
			);
			name = ClipyTests;
			productName = ClipyTests;
			productReference = FAC43DD81B35D8B100C06102 /* ClipyTests.xctest */;
			productType = "com.apple.product-type.bundle.unit-test";
		};
/* End PBXNativeTarget section */

/* Begin PBXProject section */
		FAC43DBE1B35D8B100C06102 /* Project object */ = {
			isa = PBXProject;
			attributes = {
				CLASSPREFIX = CPY;
				LastSwiftUpdateCheck = 0700;
				LastUpgradeCheck = 0720;
				ORGANIZATIONNAME = "Shunsuke Furubayashi";
				TargetAttributes = {
					FAC43DC51B35D8B100C06102 = {
						CreatedOnToolsVersion = 6.3.2;
						DevelopmentTeam = BBCHAJ584H;
					};
					FAC43DD71B35D8B100C06102 = {
						CreatedOnToolsVersion = 6.3.2;
						TestTargetID = FAC43DC51B35D8B100C06102;
					};
				};
			};
			buildConfigurationList = FAC43DC11B35D8B100C06102 /* Build configuration list for PBXProject "Clipy" */;
			compatibilityVersion = "Xcode 3.2";
			developmentRegion = English;
			hasScannedForEncodings = 0;
			knownRegions = (
				en,
				Base,
				ja,
			);
			mainGroup = FAC43DBD1B35D8B100C06102;
			productRefGroup = FAC43DC71B35D8B100C06102 /* Products */;
			projectDirPath = "";
			projectRoot = "";
			targets = (
				FAC43DC51B35D8B100C06102 /* Clipy */,
				FAC43DD71B35D8B100C06102 /* ClipyTests */,
			);
		};
/* End PBXProject section */

/* Begin PBXResourcesBuildPhase section */
		FAC43DC41B35D8B100C06102 /* Resources */ = {
			isa = PBXResourcesBuildPhase;
			buildActionMask = 2147483647;
			files = (
				FAC43DD01B35D8B100C06102 /* Images.xcassets in Resources */,
				FA0C027F1B42C2B2009A558D /* dsa_pub.pem in Resources */,
				FAC43DF71B35DD4300C06102 /* Localizable.strings in Resources */,
				FAFEF20F1C9AEB8E00B546E7 /* CPYShortcutsPreferenceViewController.xib in Resources */,
				FA6DD5141C7DEDB600317E73 /* (null) in Resources */,
				FAFEF2091C9AEB4A00B546E7 /* CPYTypePreferenceViewController.xib in Resources */,
				FAFEF2151C9AEBBC00B546E7 /* CPYUpdatesPreferenceViewController.xib in Resources */,
				FA55FCD91D219C17005C1936 /* CPYBetaPreferenceViewController.xib in Resources */,
				FA189C7C1C9AE327002C0312 /* CPYGeneralPreferenceViewController.xib in Resources */,
				FA189C8B1C9AE584002C0312 /* CPYPreferencesWindowController.xib in Resources */,
				FA6DD5151C7DEDB600317E73 /* (null) in Resources */,
				FAFEF2031C9AEA3400B546E7 /* CPYMenuPreferenceViewController.xib in Resources */,
				FA51AAD31B4853ED00BDDE1D /* MainMenu.xib in Resources */,
				FAF9DE671D3D211A0088358B /* CPYSnippetsEditorWindowController.xib in Resources */,
				FA04129D1D58BCD500D99551 /* CPYExcludeAppPreferenceViewController.xib in Resources */,
			);
			runOnlyForDeploymentPostprocessing = 0;
		};
		FAC43DD61B35D8B100C06102 /* Resources */ = {
			isa = PBXResourcesBuildPhase;
			buildActionMask = 2147483647;
			files = (
			);
			runOnlyForDeploymentPostprocessing = 0;
		};
/* End PBXResourcesBuildPhase section */

/* Begin PBXShellScriptBuildPhase section */
		0672D2BA9D529D16F06065C7 /* [CP] Copy Pods Resources */ = {
			isa = PBXShellScriptBuildPhase;
			buildActionMask = 2147483647;
			files = (
			);
			inputPaths = (
			);
			name = "[CP] Copy Pods Resources";
			outputPaths = (
			);
			runOnlyForDeploymentPostprocessing = 0;
			shellPath = /bin/sh;
			shellScript = "\"${SRCROOT}/Pods/Target Support Files/Pods-Clipy/Pods-Clipy-resources.sh\"\n";
			showEnvVarsInLog = 0;
		};
		23D235DA3058ACAFD2B36A53 /* [CP] Embed Pods Frameworks */ = {
			isa = PBXShellScriptBuildPhase;
			buildActionMask = 2147483647;
			files = (
			);
			inputPaths = (
			);
			name = "[CP] Embed Pods Frameworks";
			outputPaths = (
			);
			runOnlyForDeploymentPostprocessing = 0;
			shellPath = /bin/sh;
			shellScript = "\"${SRCROOT}/Pods/Target Support Files/Pods-ClipyTests/Pods-ClipyTests-frameworks.sh\"\n";
			showEnvVarsInLog = 0;
		};
		31E61F62940D36AC8D23BDD4 /* [CP] Copy Pods Resources */ = {
			isa = PBXShellScriptBuildPhase;
			buildActionMask = 2147483647;
			files = (
			);
			inputPaths = (
			);
			name = "[CP] Copy Pods Resources";
			outputPaths = (
			);
			runOnlyForDeploymentPostprocessing = 0;
			shellPath = /bin/sh;
			shellScript = "\"${SRCROOT}/Pods/Target Support Files/Pods-ClipyTests/Pods-ClipyTests-resources.sh\"\n";
			showEnvVarsInLog = 0;
		};
		60EE5B7FEE6A32F6CC74D570 /* [CP] Embed Pods Frameworks */ = {
			isa = PBXShellScriptBuildPhase;
			buildActionMask = 2147483647;
			files = (
			);
			inputPaths = (
			);
			name = "[CP] Embed Pods Frameworks";
			outputPaths = (
			);
			runOnlyForDeploymentPostprocessing = 0;
			shellPath = /bin/sh;
			shellScript = "\"${SRCROOT}/Pods/Target Support Files/Pods-Clipy/Pods-Clipy-frameworks.sh\"\n";
			showEnvVarsInLog = 0;
		};
		C1501E0D2958ED03446DB220 /* [CP] Check Pods Manifest.lock */ = {
			isa = PBXShellScriptBuildPhase;
			buildActionMask = 2147483647;
			files = (
			);
			inputPaths = (
			);
			name = "[CP] Check Pods Manifest.lock";
			outputPaths = (
			);
			runOnlyForDeploymentPostprocessing = 0;
			shellPath = /bin/sh;
			shellScript = "diff \"${PODS_ROOT}/../Podfile.lock\" \"${PODS_ROOT}/Manifest.lock\" > /dev/null\nif [[ $? != 0 ]] ; then\n    cat << EOM\nerror: The sandbox is not in sync with the Podfile.lock. Run 'pod install' or update your CocoaPods installation.\nEOM\n    exit 1\nfi\n";
			showEnvVarsInLog = 0;
		};
		F1EBF246D3BA3328D6039FF8 /* [CP] Check Pods Manifest.lock */ = {
			isa = PBXShellScriptBuildPhase;
			buildActionMask = 2147483647;
			files = (
			);
			inputPaths = (
			);
			name = "[CP] Check Pods Manifest.lock";
			outputPaths = (
			);
			runOnlyForDeploymentPostprocessing = 0;
			shellPath = /bin/sh;
			shellScript = "diff \"${PODS_ROOT}/../Podfile.lock\" \"${PODS_ROOT}/Manifest.lock\" > /dev/null\nif [[ $? != 0 ]] ; then\n    cat << EOM\nerror: The sandbox is not in sync with the Podfile.lock. Run 'pod install' or update your CocoaPods installation.\nEOM\n    exit 1\nfi\n";
			showEnvVarsInLog = 0;
		};
		FA4A5CDC1C7CAEDD0031BCEF /* ShellScript */ = {
			isa = PBXShellScriptBuildPhase;
			buildActionMask = 2147483647;
			files = (
			);
			inputPaths = (
			);
			outputPaths = (
			);
			runOnlyForDeploymentPostprocessing = 0;
			shellPath = /bin/sh;
			shellScript = "releaseConfig=\"Release\"\nif [ \"$releaseConfig\" = \"${CONFIGURATION}\" ]; then\n    \"${PODS_ROOT}/Fabric/run\" 4998ae84bce284505281a865e1d5c008c4cf005a 997285f167af87d3ebdb81f2082b53bb03c11f92fca9fc7e62c4052f1d288ab6\nfi";
		};
		FAAD02201CA98E20007C6EEE /* ShellScript */ = {
			isa = PBXShellScriptBuildPhase;
			buildActionMask = 2147483647;
			files = (
			);
			inputPaths = (
			);
			outputPaths = (
			);
			runOnlyForDeploymentPostprocessing = 0;
			shellPath = /bin/sh;
			shellScript = "if which swiftlint >/dev/null; then\n    swiftlint\nfi";
		};
/* End PBXShellScriptBuildPhase section */

/* Begin PBXSourcesBuildPhase section */
		FAC43DC21B35D8B100C06102 /* Sources */ = {
			isa = PBXSourcesBuildPhase;
			buildActionMask = 2147483647;
			files = (
				FAC4E6461C7F513800200271 /* CPYShortcutsPreferenceViewController.swift in Sources */,
				FA78E7951C8C68CA00B6BA8C /* NSMenuItem+Initialize.swift in Sources */,
				FA189C791C9ADE51002C0312 /* CPYUpdatesPreferenceViewController.swift in Sources */,
				FAC43E721B36D0A600C06102 /* CPYUtilities.swift in Sources */,
				FA0412A41D58D19F00D99551 /* CPYAppInfo.swift in Sources */,
				FA5900E61C7B79D900E84E23 /* NSImage+AssetCatalog.swift in Sources */,
				FA08EDF61D1FE9EE000D1D13 /* MenuType.swift in Sources */,
				FA72A8601C807D4500D120B3 /* CPYDesignableButton.swift in Sources */,
				FAC4E62D1C7F270900200271 /* CPYPreferencesWindowController.swift in Sources */,
				FA0412A61D58DD7C00D99551 /* ExcludeAppManager.swift in Sources */,
				FAA256C71D16FC65000A23BC /* HotKeyManager.swift in Sources */,
				FAC4E6361C7F30B800200271 /* CPYDesignableView.swift in Sources */,
				FAC43E621B35EA4E00C06102 /* CPYFolder.swift in Sources */,
				FAD6F8CB1D27E1A20058A255 /* CPYPlaceHolderTextView.swift in Sources */,
				FA78E7991C8C6F4500B6BA8C /* LocalizedString.swift in Sources */,
				FAEAB1FB1C930AAA005C3A10 /* PasteboardManager.swift in Sources */,
				FAC43E671B35EC5400C06102 /* MenuManager.swift in Sources */,
				FAC43E641B35EA6800C06102 /* CPYSnippet.swift in Sources */,
				FAEAB1F91C9309BA005C3A10 /* Realm+NoCatch.swift in Sources */,
				FAD9DB2E1D2D4AB200117636 /* Array+Remove.swift in Sources */,
				FAC43E5E1B35E1C300C06102 /* CPYClip.swift in Sources */,
				FA5900E81C7B79D900E84E23 /* NSLock+Clipy.swift in Sources */,
				FAD9DBD71D36A2C900117636 /* CPYDraggedData.swift in Sources */,
				FA71E3F81BA0A66300369F92 /* HistoryManager.swift in Sources */,
				FAD6F8CA1D27E1A20058A255 /* CPYSplitView.swift in Sources */,
				FAD6F8C41D27E1830058A255 /* CPYSnippetsEditorWindowController.swift in Sources */,
				FAD2D49B1CC3DAC500C29139 /* Constants.swift in Sources */,
				FAC43E601B35E3DF00C06102 /* CPYClipData.swift in Sources */,
				FAFEF21C1C9AF35B00B546E7 /* String+Substring.swift in Sources */,
				FA189C7B1C9ADF79002C0312 /* CPYTypePreferenceViewController.swift in Sources */,
				FAE3E0841DB2816D0088A75B /* Realm+Migration.swift in Sources */,
				FAC43DCC1B35D8B100C06102 /* AppDelegate.swift in Sources */,
				FA04129B1D58B8F400D99551 /* CPYExcludeAppPreferenceViewController.swift in Sources */,
				FAAD02221CA99E22007C6EEE /* NSBundle+Version.swift in Sources */,
				FA6D02061D1C2FCD00D3135F /* NSUserDefaults+ArchiveData.swift in Sources */,
				FA55FCD71D219BFC005C1936 /* CPYBetaPreferenceViewController.swift in Sources */,
				FAD6F8CF1D2807850058A255 /* CPYSnippetsEditorCell.swift in Sources */,
				FAC4E6331C7F2AF700200271 /* NSColor+Clipy.swift in Sources */,
				FAC43E691B35EC6200C06102 /* ClipManager.swift in Sources */,
				FA5900E71C7B79D900E84E23 /* NSImage+Resize.swift in Sources */,
			);
			runOnlyForDeploymentPostprocessing = 0;
		};
		FAC43DD41B35D8B100C06102 /* Sources */ = {
			isa = PBXSourcesBuildPhase;
			buildActionMask = 2147483647;
			files = (
				FA6167921D3ABEB10049FA14 /* FolderSpec.swift in Sources */,
				FA08EDF81D1FED7D000D1D13 /* HotKeyManagerSpec.swift in Sources */,
				FA6167961D3ACDD80049FA14 /* SnippetSpec.swift in Sources */,
				FA6167941D3ACCB90049FA14 /* DraggedDataSpec.swift in Sources */,
			);
			runOnlyForDeploymentPostprocessing = 0;
		};
/* End PBXSourcesBuildPhase section */

/* Begin PBXTargetDependency section */
		FAC43DDA1B35D8B100C06102 /* PBXTargetDependency */ = {
			isa = PBXTargetDependency;
			target = FAC43DC51B35D8B100C06102 /* Clipy */;
			targetProxy = FAC43DD91B35D8B100C06102 /* PBXContainerItemProxy */;
		};
/* End PBXTargetDependency section */

/* Begin PBXVariantGroup section */
		FA04129F1D58BCD500D99551 /* CPYExcludeAppPreferenceViewController.xib */ = {
			isa = PBXVariantGroup;
			children = (
				FA04129E1D58BCD500D99551 /* en */,
				FA0412A21D58BCDB00D99551 /* ja */,
			);
			name = CPYExcludeAppPreferenceViewController.xib;
			sourceTree = "<group>";
		};
		FA189C7E1C9AE327002C0312 /* CPYGeneralPreferenceViewController.xib */ = {
			isa = PBXVariantGroup;
			children = (
				FA189C871C9AE428002C0312 /* en */,
				FAFEF2021C9AEA1800B546E7 /* ja */,
			);
			name = CPYGeneralPreferenceViewController.xib;
			sourceTree = "<group>";
		};
		FA189C8D1C9AE584002C0312 /* CPYPreferencesWindowController.xib */ = {
			isa = PBXVariantGroup;
			children = (
				FA189C8C1C9AE584002C0312 /* en */,
				FAFEF2011C9AE92600B546E7 /* ja */,
			);
			name = CPYPreferencesWindowController.xib;
			sourceTree = "<group>";
		};
		FA55FCDB1D219C17005C1936 /* CPYBetaPreferenceViewController.xib */ = {
			isa = PBXVariantGroup;
			children = (
				FA55FCDC1D219C25005C1936 /* en */,
				FA55FCDF1D219C5A005C1936 /* ja */,
			);
			name = CPYBetaPreferenceViewController.xib;
			sourceTree = "<group>";
		};
		FAC43DF91B35DD4300C06102 /* Localizable.strings */ = {
			isa = PBXVariantGroup;
			children = (
				FAC43DF81B35DD4300C06102 /* ja */,
				FAC43DFA1B35DD5200C06102 /* en */,
			);
			name = Localizable.strings;
			sourceTree = "<group>";
		};
		FAF9DE691D3D211A0088358B /* CPYSnippetsEditorWindowController.xib */ = {
			isa = PBXVariantGroup;
			children = (
				FAF9DE6A1D3D211D0088358B /* en */,
				FAF9DE6D1D3D21330088358B /* ja */,
			);
			name = CPYSnippetsEditorWindowController.xib;
			sourceTree = "<group>";
		};
		FAFEF2051C9AEA3400B546E7 /* CPYMenuPreferenceViewController.xib */ = {
			isa = PBXVariantGroup;
			children = (
				FAFEF2041C9AEA3400B546E7 /* en */,
				FAFEF2081C9AEB1D00B546E7 /* ja */,
			);
			name = CPYMenuPreferenceViewController.xib;
			sourceTree = "<group>";
		};
		FAFEF20B1C9AEB4A00B546E7 /* CPYTypePreferenceViewController.xib */ = {
			isa = PBXVariantGroup;
			children = (
				FAFEF20A1C9AEB4A00B546E7 /* en */,
				FAFEF20E1C9AEB7600B546E7 /* ja */,
			);
			name = CPYTypePreferenceViewController.xib;
			sourceTree = "<group>";
		};
		FAFEF2111C9AEB8E00B546E7 /* CPYShortcutsPreferenceViewController.xib */ = {
			isa = PBXVariantGroup;
			children = (
				FAFEF2101C9AEB8E00B546E7 /* en */,
				FAFEF2141C9AEBB100B546E7 /* ja */,
			);
			name = CPYShortcutsPreferenceViewController.xib;
			sourceTree = "<group>";
		};
		FAFEF2171C9AEBBC00B546E7 /* CPYUpdatesPreferenceViewController.xib */ = {
			isa = PBXVariantGroup;
			children = (
				FAFEF2161C9AEBBC00B546E7 /* en */,
				FAFEF21A1C9AEBE800B546E7 /* ja */,
			);
			name = CPYUpdatesPreferenceViewController.xib;
			sourceTree = "<group>";
		};
/* End PBXVariantGroup section */

/* Begin XCBuildConfiguration section */
		FAC43DE01B35D8B100C06102 /* Debug */ = {
			isa = XCBuildConfiguration;
			buildSettings = {
				ALWAYS_SEARCH_USER_PATHS = NO;
				CLANG_CXX_LANGUAGE_STANDARD = "gnu++0x";
				CLANG_CXX_LIBRARY = "libc++";
				CLANG_ENABLE_MODULES = YES;
				CLANG_ENABLE_OBJC_ARC = YES;
				CLANG_WARN_BOOL_CONVERSION = YES;
				CLANG_WARN_CONSTANT_CONVERSION = YES;
				CLANG_WARN_DIRECT_OBJC_ISA_USAGE = YES_ERROR;
				CLANG_WARN_EMPTY_BODY = YES;
				CLANG_WARN_ENUM_CONVERSION = YES;
				CLANG_WARN_INT_CONVERSION = YES;
				CLANG_WARN_OBJC_ROOT_CLASS = YES_ERROR;
				CLANG_WARN_UNREACHABLE_CODE = YES;
				CLANG_WARN__DUPLICATE_METHOD_MATCH = YES;
				CODE_SIGN_IDENTITY = "-";
				COPY_PHASE_STRIP = NO;
				DEBUG_INFORMATION_FORMAT = dwarf;
				ENABLE_STRICT_OBJC_MSGSEND = YES;
				ENABLE_TESTABILITY = YES;
				GCC_C_LANGUAGE_STANDARD = gnu99;
				GCC_DYNAMIC_NO_PIC = NO;
				GCC_NO_COMMON_BLOCKS = YES;
				GCC_OPTIMIZATION_LEVEL = 0;
				GCC_PREPROCESSOR_DEFINITIONS = (
					"DEBUG=1",
					"$(inherited)",
				);
				GCC_SYMBOLS_PRIVATE_EXTERN = NO;
				GCC_WARN_64_TO_32_BIT_CONVERSION = YES;
				GCC_WARN_ABOUT_RETURN_TYPE = YES_ERROR;
				GCC_WARN_UNDECLARED_SELECTOR = YES;
				GCC_WARN_UNINITIALIZED_AUTOS = YES_AGGRESSIVE;
				GCC_WARN_UNUSED_FUNCTION = YES;
				GCC_WARN_UNUSED_VARIABLE = YES;
				MACOSX_DEPLOYMENT_TARGET = 10.9;
				MTL_ENABLE_DEBUG_INFO = YES;
				ONLY_ACTIVE_ARCH = YES;
				SDKROOT = macosx;
				SWIFT_OPTIMIZATION_LEVEL = "-Onone";
			};
			name = Debug;
		};
		FAC43DE11B35D8B100C06102 /* Release */ = {
			isa = XCBuildConfiguration;
			buildSettings = {
				ALWAYS_SEARCH_USER_PATHS = NO;
				CLANG_CXX_LANGUAGE_STANDARD = "gnu++0x";
				CLANG_CXX_LIBRARY = "libc++";
				CLANG_ENABLE_MODULES = YES;
				CLANG_ENABLE_OBJC_ARC = YES;
				CLANG_WARN_BOOL_CONVERSION = YES;
				CLANG_WARN_CONSTANT_CONVERSION = YES;
				CLANG_WARN_DIRECT_OBJC_ISA_USAGE = YES_ERROR;
				CLANG_WARN_EMPTY_BODY = YES;
				CLANG_WARN_ENUM_CONVERSION = YES;
				CLANG_WARN_INT_CONVERSION = YES;
				CLANG_WARN_OBJC_ROOT_CLASS = YES_ERROR;
				CLANG_WARN_UNREACHABLE_CODE = YES;
				CLANG_WARN__DUPLICATE_METHOD_MATCH = YES;
				CODE_SIGN_IDENTITY = "-";
				COPY_PHASE_STRIP = NO;
				DEBUG_INFORMATION_FORMAT = "dwarf-with-dsym";
				ENABLE_NS_ASSERTIONS = NO;
				ENABLE_STRICT_OBJC_MSGSEND = YES;
				GCC_C_LANGUAGE_STANDARD = gnu99;
				GCC_NO_COMMON_BLOCKS = YES;
				GCC_WARN_64_TO_32_BIT_CONVERSION = YES;
				GCC_WARN_ABOUT_RETURN_TYPE = YES_ERROR;
				GCC_WARN_UNDECLARED_SELECTOR = YES;
				GCC_WARN_UNINITIALIZED_AUTOS = YES_AGGRESSIVE;
				GCC_WARN_UNUSED_FUNCTION = YES;
				GCC_WARN_UNUSED_VARIABLE = YES;
				MACOSX_DEPLOYMENT_TARGET = 10.9;
				MTL_ENABLE_DEBUG_INFO = NO;
				SDKROOT = macosx;
			};
			name = Release;
		};
		FAC43DE31B35D8B100C06102 /* Debug */ = {
			isa = XCBuildConfiguration;
			baseConfigurationReference = DE0762610C0A24B3D30D79A0 /* Pods-Clipy.debug.xcconfig */;
			buildSettings = {
				ASSETCATALOG_COMPILER_APPICON_NAME = AppIcon;
				CLANG_ENABLE_MODULES = YES;
				CODE_SIGN_IDENTITY = "";
				COMBINE_HIDPI_IMAGES = YES;
				FRAMEWORK_SEARCH_PATHS = (
					"$(inherited)",
					"$(PROJECT_DIR)",
				);
				INFOPLIST_FILE = Clipy/Info.plist;
				LD_RUNPATH_SEARCH_PATHS = "$(inherited) @executable_path/../Frameworks";
				MACOSX_DEPLOYMENT_TARGET = 10.9;
				PRODUCT_BUNDLE_IDENTIFIER = "com.clipy-app.Clipy";
				PRODUCT_NAME = "$(TARGET_NAME)";
				PROVISIONING_PROFILE = "";
				SWIFT_OBJC_BRIDGING_HEADER = "";
				SWIFT_OPTIMIZATION_LEVEL = "-Onone";
			};
			name = Debug;
		};
		FAC43DE41B35D8B100C06102 /* Release */ = {
			isa = XCBuildConfiguration;
			baseConfigurationReference = FF93A281223C589EE85D3DB1 /* Pods-Clipy.release.xcconfig */;
			buildSettings = {
				ASSETCATALOG_COMPILER_APPICON_NAME = AppIcon;
				CLANG_ENABLE_MODULES = YES;
				CODE_SIGN_IDENTITY = "3rd Party Mac Developer Application: Shunsuke Furubayashi (BBCHAJ584H)";
				COMBINE_HIDPI_IMAGES = YES;
				FRAMEWORK_SEARCH_PATHS = (
					"$(inherited)",
					"$(PROJECT_DIR)",
				);
				INFOPLIST_FILE = Clipy/Info.plist;
				LD_RUNPATH_SEARCH_PATHS = "$(inherited) @executable_path/../Frameworks";
				MACOSX_DEPLOYMENT_TARGET = 10.9;
				PRODUCT_BUNDLE_IDENTIFIER = "com.clipy-app.Clipy";
				PRODUCT_NAME = "$(TARGET_NAME)";
				PROVISIONING_PROFILE = "e8cf9e56-ff8a-41aa-aa17-bbae931648da";
				SWIFT_OBJC_BRIDGING_HEADER = "";
			};
			name = Release;
		};
		FAC43DE61B35D8B100C06102 /* Debug */ = {
			isa = XCBuildConfiguration;
			baseConfigurationReference = 4914B6862C0454949245C092 /* Pods-ClipyTests.debug.xcconfig */;
			buildSettings = {
				BUNDLE_LOADER = "$(TEST_HOST)";
				COMBINE_HIDPI_IMAGES = YES;
				FRAMEWORK_SEARCH_PATHS = (
					"$(DEVELOPER_FRAMEWORKS_DIR)",
					"$(inherited)",
				);
				GCC_PREPROCESSOR_DEFINITIONS = (
					"DEBUG=1",
					"$(inherited)",
				);
				INFOPLIST_FILE = ClipyTests/Info.plist;
				LD_RUNPATH_SEARCH_PATHS = "$(inherited) @executable_path/../Frameworks @loader_path/../Frameworks";
				PRODUCT_BUNDLE_IDENTIFIER = "com.clipyapp.$(PRODUCT_NAME:rfc1034identifier)";
				PRODUCT_NAME = "$(TARGET_NAME)";
				TEST_HOST = "$(BUILT_PRODUCTS_DIR)/Clipy.app/Contents/MacOS/Clipy";
			};
			name = Debug;
		};
		FAC43DE71B35D8B100C06102 /* Release */ = {
			isa = XCBuildConfiguration;
			baseConfigurationReference = BFE367B4762781067D1CAAE4 /* Pods-ClipyTests.release.xcconfig */;
			buildSettings = {
				BUNDLE_LOADER = "$(TEST_HOST)";
				COMBINE_HIDPI_IMAGES = YES;
				FRAMEWORK_SEARCH_PATHS = (
					"$(DEVELOPER_FRAMEWORKS_DIR)",
					"$(inherited)",
				);
				INFOPLIST_FILE = ClipyTests/Info.plist;
				LD_RUNPATH_SEARCH_PATHS = "$(inherited) @executable_path/../Frameworks @loader_path/../Frameworks";
				PRODUCT_BUNDLE_IDENTIFIER = "com.clipyapp.$(PRODUCT_NAME:rfc1034identifier)";
				PRODUCT_NAME = "$(TARGET_NAME)";
				TEST_HOST = "$(BUILT_PRODUCTS_DIR)/Clipy.app/Contents/MacOS/Clipy";
			};
			name = Release;
		};
/* End XCBuildConfiguration section */

/* Begin XCConfigurationList section */
		FAC43DC11B35D8B100C06102 /* Build configuration list for PBXProject "Clipy" */ = {
			isa = XCConfigurationList;
			buildConfigurations = (
				FAC43DE01B35D8B100C06102 /* Debug */,
				FAC43DE11B35D8B100C06102 /* Release */,
			);
			defaultConfigurationIsVisible = 0;
			defaultConfigurationName = Release;
		};
		FAC43DE21B35D8B100C06102 /* Build configuration list for PBXNativeTarget "Clipy" */ = {
			isa = XCConfigurationList;
			buildConfigurations = (
				FAC43DE31B35D8B100C06102 /* Debug */,
				FAC43DE41B35D8B100C06102 /* Release */,
			);
			defaultConfigurationIsVisible = 0;
			defaultConfigurationName = Release;
		};
		FAC43DE51B35D8B100C06102 /* Build configuration list for PBXNativeTarget "ClipyTests" */ = {
			isa = XCConfigurationList;
			buildConfigurations = (
				FAC43DE61B35D8B100C06102 /* Debug */,
				FAC43DE71B35D8B100C06102 /* Release */,
			);
			defaultConfigurationIsVisible = 0;
			defaultConfigurationName = Release;
		};
/* End XCConfigurationList section */
	};
	rootObject = FAC43DBE1B35D8B100C06102 /* Project object */;
}
