{
  "originHash" : "b9b28b0a64ae9aa62b7e58d213be126b8c4b02b8314fea98742fb63f242ee4e9",
  "pins" : [
    {
      "identity" : "aexml",
      "kind" : "remoteSourceControl",
      "location" : "https://github.com/tadija/AEXML",
      "state" : {
        "revision" : "db806756c989760b35108146381535aec231092b",
        "version" : "4.7.0"
      }
    },
    {
      "identity" : "keyholder",
      "kind" : "remoteSourceControl",
      "location" : "https://github.com/Clipy/KeyHolder",
      "state" : {
        "revision" : "69cfeabc06965bf98d6aa75c5a06c430795e01e4",
        "version" : "4.3.0"
      }
    },
    {
      "identity" : "loginservicekit",
      "kind" : "remoteSourceControl",
      "location" : "https://github.com/Clipy/LoginServiceKit",
      "state" : {
        "revision" : "56dce9dbf4367c1445ef2343a2a912bbe5019a6c",
        "version" : "2.5.0"
      }
    },
    {
      "identity" : "magnet",
      "kind" : "remoteSourceControl",
      "location" : "https://github.com/Clipy/Magnet",
      "state" : {
        "revision" : "c721032f386a6664a234e04b98cb68823865369a",
        "version" : "3.5.0"
      }
    },
    {
      "identity" : "pincache",
      "kind" : "remoteSourceControl",
      "location" : "https://github.com/pinterest/pincache",
      "state" : {
        "revision" : "2fb85948463292c2e824148cf17dc62a4c217a94",
        "version" : "3.0.4"
      }
    },
    {
      "identity" : "pinoperation",
      "kind" : "remoteSourceControl",
      "location" : "https://github.com/pinterest/PINOperation.git",
      "state" : {
        "revision" : "a74f978733bdaf982758bfa23d70a189f4b4c1b6",
        "version" : "1.2.3"
      }
    },
    {
      "identity" : "rxswift",
      "kind" : "remoteSourceControl",
      "location" : "https://github.com/ReactiveX/RxSwift",
      "state" : {
        "revision" : "132aea4f236ccadc51590b38af0357a331d51fa2",
        "version" : "6.10.2"
      }
    },
    {
      "identity" : "sauce",
      "kind" : "remoteSourceControl",
      "location" : "https://github.com/clipy/sauce",
      "state" : {
        "revision" : "c9ebdcfddb4b94da5b9a6ebd113ab385edda88c1",
        "version" : "2.5.0"
      }
    },
    {
      "identity" : "screeen",
      "kind" : "remoteSourceControl",
      "location" : "https://github.com/Clipy/Screeen",
      "state" : {
        "revision" : "357a72be0060765a8e93b9a70b283fc63c75f4a9",
        "version" : "2.1.0"
      }
    },
    {
      "identity" : "sparkle",
      "kind" : "remoteSourceControl",
      "location" : "https://github.com/sparkle-project/Sparkle",
      "state" : {
        "revision" : "6276ba2b404829d139c45ff98427cf90e2efc59b",
        "version" : "2.9.2"
      }
    },
    {
      "identity" : "swifthexcolors",
      "kind" : "remoteSourceControl",
      "location" : "https://github.com/thii/SwiftHEXColors",
      "state" : {
        "revision" : "1f886cb20fedda14a5ac75efd09bc99c95b43a18",
        "version" : "1.4.1"
      }
    },
    {
      "identity" : "swiftlintplugins",
      "kind" : "remoteSourceControl",
      "location" : "https://github.com/SimplyDanny/SwiftLintPlugins",
      "state" : {
        "revision" : "8a4640d14777685ba8f14e832373160498fbab92",
        "version" : "0.63.2"
      }
    }
  ],
  "version" : 3
}
